{
  "version": 4,
  "terraform_version": "1.5.7",
  "serial": 0,
  "lineage": "1a8dfd95-272b-0ef5-9972-a53a7d1769f1",
  "outputs": {},
  "resources": [
    {
      "mode": "managed",
      "type": "genesyscloud_user",
      "name": "Harsha_Belur_Ashok_genesys_com_3377487542",
      "provider": "provider[\"registry.terraform.io/-/genesyscloud\"]",
      "instances": [
        {
          "schema_version": 1,
          "attributes_flat": {
            "acd_auto_answer": "false",
            "addresses.#": "0",
            "certifications.#": "0",
            "department": "",
            "division_id": "b630dc62-a2b4-49b7-a99f-ae1cce5c963a",
            "email": "Harsha.Belur_Ashok@genesys.com",
            "employer_info.#": "0",
            "id": "e3771744-122e-4d3c-be10-4848c2cc4d53",
            "locations.#": "0",
            "manager": "",
            "name": "Harsha Belur Ashok",
            "profile_skills.#": "0",
            "routing_languages.#": "1",
            "routing_languages.3992123225.language_id": "70710774-1e6a-4602-b84c-3da26ccdf14c",
            "routing_languages.3992123225.proficiency": "0",
            "routing_skills.#": "2",
            "routing_skills.3727870693.proficiency": "0",
            "routing_skills.3727870693.skill_id": "b273667a-8cf2-4322-8e06-c8f9930ac150",
            "routing_skills.4224793043.proficiency": "0",
            "routing_skills.4224793043.skill_id": "c37a04f5-32b0-453f-b5b1-721f9a41df27",
            "routing_utilization.#": "0",
            "state": "active",
            "title": ""
          },
          "sensitive_attributes": []
        }
      ]
    },
    {
      "mode": "managed",
      "type": "genesyscloud_user",
      "name": "Jean_Alexis_Dulay_genesys_com_45030378",
      "provider": "provider[\"registry.terraform.io/-/genesyscloud\"]",
      "instances": [
        {
          "schema_version": 1,
          "attributes_flat": {
            "acd_auto_answer": "false",
            "addresses.#": "0",
            "certifications.#": "0",
            "department": "",
            "division_id": "b630dc62-a2b4-49b7-a99f-ae1cce5c963a",
            "email": "Jean_Alexis.Dulay@genesys.com",
            "employer_info.#": "0",
            "id": "1f06fc72-cb20-42cf-9344-00ed9e2f65f1",
            "locations.#": "0",
            "manager": "",
            "name": "Jean Dulay",
            "profile_skills.#": "0",
            "routing_languages.#": "0",
            "routing_skills.#": "0",
            "routing_utilization.#": "0",
            "state": "active",
            "title": ""
          },
          "sensitive_attributes": []
        }
      ]
    },
    {
      "mode": "managed",
      "type": "genesyscloud_user",
      "name": "Laurent_Pret_genesys_com_3224743020",
      "provider": "provider[\"registry.terraform.io/-/genesyscloud\"]",
      "instances": [
        {
          "schema_version": 1,
          "attributes_flat": {
            "acd_auto_answer": "false",
            "addresses.#": "0",
            "certifications.#": "0",
            "department": "",
            "division_id": "1ceb0dcb-d018-434c-bd84-2fa9b820fa13",
            "email": "Laurent.Pret@genesys.com",
            "employer_info.#": "0",
            "id": "2ffe8c48-cea0-4a4a-8a3b-4cc32951aef2",
            "locations.#": "0",
            "manager": "",
            "name": "Laurent Pret",
            "profile_skills.#": "0",
            "routing_languages.#": "0",
            "routing_skills.#": "0",
            "routing_utilization.#": "1",
            "routing_utilization.0.call.#": "1",
            "routing_utilization.0.call.0.include_non_acd": "false",
            "routing_utilization.0.call.0.interruptible_media_types.#": "0",
            "routing_utilization.0.call.0.maximum_capacity": "1",
            "routing_utilization.0.callback.#": "1",
            "routing_utilization.0.callback.0.include_non_acd": "false",
            "routing_utilization.0.callback.0.interruptible_media_types.#": "0",
            "routing_utilization.0.callback.0.maximum_capacity": "1",
            "routing_utilization.0.chat.#": "1",
            "routing_utilization.0.chat.0.include_non_acd": "false",
            "routing_utilization.0.chat.0.interruptible_media_types.#": "0",
            "routing_utilization.0.chat.0.maximum_capacity": "4",
            "routing_utilization.0.email.#": "1",
            "routing_utilization.0.email.0.include_non_acd": "false",
            "routing_utilization.0.email.0.interruptible_media_types.#": "3",
            "routing_utilization.0.email.0.interruptible_media_types.1433391533": "chat",
            "routing_utilization.0.email.0.interruptible_media_types.2728695085": "call",
            "routing_utilization.0.email.0.interruptible_media_types.2977790496": "callback",
            "routing_utilization.0.email.0.maximum_capacity": "1",
            "routing_utilization.0.message.#": "1",
            "routing_utilization.0.message.0.include_non_acd": "false",
            "routing_utilization.0.message.0.interruptible_media_types.#": "0",
            "routing_utilization.0.message.0.maximum_capacity": "4",
            "state": "active",
            "title": ""
          },
          "sensitive_attributes": []
        }
      ]
    },
    {
      "mode": "managed",
      "type": "genesyscloud_user",
      "name": "Maikel_Beerens_genesys_com_228681623",
      "provider": "provider[\"registry.terraform.io/-/genesyscloud\"]",
      "instances": [
        {
          "schema_version": 1,
          "attributes_flat": {
            "acd_auto_answer": "false",
            "addresses.#": "0",
            "certifications.#": "0",
            "department": "",
            "division_id": "b630dc62-a2b4-49b7-a99f-ae1cce5c963a",
            "email": "Maikel.Beerens@genesys.com",
            "employer_info.#": "0",
            "id": "baf14bd5-58c2-4e6d-b195-d0239c14c711",
            "locations.#": "0",
            "manager": "",
            "name": "Maikel Beerens",
            "profile_skills.#": "0",
            "routing_languages.#": "0",
            "routing_skills.#": "0",
            "routing_utilization.#": "0",
            "state": "active",
            "title": ""
          },
          "sensitive_attributes": []
        }
      ]
    },
    {
      "mode": "managed",
      "type": "genesyscloud_user",
      "name": "Pavithra_Girirajanna_genesys_com_2583587785",
      "provider": "provider[\"registry.terraform.io/-/genesyscloud\"]",
      "instances": [
        {
          "schema_version": 1,
          "attributes_flat": {
            "acd_auto_answer": "false",
            "addresses.#": "0",
            "certifications.#": "0",
            "department": "",
            "division_id": "b630dc62-a2b4-49b7-a99f-ae1cce5c963a",
            "email": "Pavithra.Girirajanna@genesys.com",
            "employer_info.#": "0",
            "id": "a86f4758-ccd5-43b0-ace7-5db2750eec02",
            "locations.#": "0",
            "manager": "",
            "name": "Pavithra Girirajanna",
            "profile_skills.#": "0",
            "routing_languages.#": "0",
            "routing_skills.#": "0",
            "routing_utilization.#": "0",
            "state": "inactive",
            "title": ""
          },
          "sensitive_attributes": []
        }
      ]
    },
    {
      "mode": "managed",
      "type": "genesyscloud_user",
      "name": "Raymond_Marchand_genesys_com_3531735066",
      "provider": "provider[\"registry.terraform.io/-/genesyscloud\"]",
      "instances": [
        {
          "schema_version": 1,
          "attributes_flat": {
            "acd_auto_answer": "false",
            "addresses.#": "0",
            "certifications.#": "0",
            "department": "",
            "division_id": "b630dc62-a2b4-49b7-a99f-ae1cce5c963a",
            "email": "Raymond.Marchand@genesys.com",
            "employer_info.#": "0",
            "id": "b08dcf2e-af0b-4bd0-bbde-9fcac72dd36a",
            "locations.#": "0",
            "manager": "",
            "name": "Ray Marchand",
            "profile_skills.#": "0",
            "routing_languages.#": "0",
            "routing_skills.#": "0",
            "routing_utilization.#": "0",
            "state": "inactive",
            "title": ""
          },
          "sensitive_attributes": []
        }
      ]
    },
    {
      "mode": "managed",
      "type": "genesyscloud_user",
      "name": "Tytus_Bunka_genesys_com_312749222",
      "provider": "provider[\"registry.terraform.io/-/genesyscloud\"]",
      "instances": [
        {
          "schema_version": 1,
          "attributes_flat": {
            "acd_auto_answer": "false",
            "addresses.#": "0",
            "certifications.#": "0",
            "department": "",
            "division_id": "b630dc62-a2b4-49b7-a99f-ae1cce5c963a",
            "email": "Tytus.Bunka@genesys.com",
            "employer_info.#": "0",
            "id": "c5d2cba6-945b-44cb-8b57-a19974ec7d91",
            "locations.#": "0",
            "manager": "",
            "name": "Tytus Bunka",
            "profile_skills.#": "0",
            "routing_languages.#": "0",
            "routing_skills.#": "0",
            "routing_utilization.#": "0",
            "state": "active",
            "title": ""
          },
          "sensitive_attributes": []
        }
      ]
    },
    {
      "mode": "managed",
      "type": "genesyscloud_user",
      "name": "Vikashini_Loganathan_genesys_com_51830341",
      "provider": "provider[\"registry.terraform.io/-/genesyscloud\"]",
      "instances": [
        {
          "schema_version": 1,
          "attributes_flat": {
            "acd_auto_answer": "false",
            "addresses.#": "0",
            "certifications.#": "0",
            "department": "",
            "division_id": "b630dc62-a2b4-49b7-a99f-ae1cce5c963a",
            "email": "Vikashini.Loganathan@genesys.com",
            "employer_info.#": "0",
            "id": "a97b2f7e-c982-49c6-a47c-764677160901",
            "locations.#": "0",
            "manager": "",
            "name": "Vikashini Loganathan",
            "profile_skills.#": "0",
            "routing_languages.#": "0",
            "routing_skills.#": "0",
            "routing_utilization.#": "0",
            "state": "active",
            "title": ""
          },
          "sensitive_attributes": []
        }
      ]
    },
    {
      "mode": "managed",
      "type": "genesyscloud_user",
      "name": "alaeddine_jmila_genesys_com_3446166190",
      "provider": "provider[\"registry.terraform.io/-/genesyscloud\"]",
      "instances": [
        {
          "schema_version": 1,
          "attributes_flat": {
            "acd_auto_answer": "false",
            "addresses.#": "0",
            "certifications.#": "0",
            "department": "",
            "division_id": "b630dc62-a2b4-49b7-a99f-ae1cce5c963a",
            "email": "alaeddine.jmila@genesys.com",
            "employer_info.#": "0",
            "id": "c033080c-6a55-4ffb-ba0b-2e754496a0ae",
            "locations.#": "0",
            "manager": "",
            "name": "Alaeddine Jmila",
            "profile_skills.#": "0",
            "routing_languages.#": "0",
            "routing_skills.#": "0",
            "routing_utilization.#": "0",
            "state": "inactive",
            "title": ""
          },
          "sensitive_attributes": []
        }
      ]
    },
    {
      "mode": "managed",
      "type": "genesyscloud_user",
      "name": "amit_kumar16_ingka_com_3872316414",
      "provider": "provider[\"registry.terraform.io/-/genesyscloud\"]",
      "instances": [
        {
          "schema_version": 1,
          "attributes_flat": {
            "acd_auto_answer": "false",
            "addresses.#": "0",
            "certifications.#": "0",
            "department": "",
            "division_id": "b630dc62-a2b4-49b7-a99f-ae1cce5c963a",
            "email": "amit.kumar16@ingka.com",
            "employer_info.#": "0",
            "id": "739d7d7b-424f-4dd9-9982-960f4c6af3ab",
            "locations.#": "0",
            "manager": "",
            "name": "Amit Kumar",
            "profile_skills.#": "0",
            "routing_languages.#": "0",
            "routing_skills.#": "0",
            "routing_utilization.#": "0",
            "state": "inactive",
            "title": ""
          },
          "sensitive_attributes": []
        }
      ]
    },
    {
      "mode": "managed",
      "type": "genesyscloud_user",
      "name": "anna_kack1_ingka_ikea_com_4244439775",
      "provider": "provider[\"registry.terraform.io/-/genesyscloud\"]",
      "instances": [
        {
          "schema_version": 1,
          "attributes_flat": {
            "acd_auto_answer": "false",
            "addresses.#": "0",
            "certifications.#": "0",
            "department": "",
            "division_id": "a25a98d3-2974-4567-a732-8824591730b1",
            "email": "anna.kack1@ingka.ikea.com",
            "employer_info.#": "0",
            "id": "2395e13d-5c43-4110-ac83-40181ac070e5",
            "locations.#": "0",
            "manager": "",
            "name": "Anna Käck",
            "profile_skills.#": "0",
            "routing_languages.#": "2",
            "routing_languages.2866141217.language_id": "b44d0d32-fe5c-447a-aecd-00dab72acdb0",
            "routing_languages.2866141217.proficiency": "0",
            "routing_languages.3992123225.language_id": "70710774-1e6a-4602-b84c-3da26ccdf14c",
            "routing_languages.3992123225.proficiency": "0",
            "routing_skills.#": "0",
            "routing_utilization.#": "0",
            "state": "active",
            "title": ""
          },
          "sensitive_attributes": []
        }
      ]
    },
    {
      "mode": "managed",
      "type": "genesyscloud_user",
      "name": "annatestikea_gmail_com_2778193602",
      "provider": "provider[\"registry.terraform.io/-/genesyscloud\"]",
      "instances": [
        {
          "schema_version": 1,
          "attributes_flat": {
            "acd_auto_answer": "false",
            "addresses.#": "0",
            "certifications.#": "0",
            "department": "",
            "division_id": "b630dc62-a2b4-49b7-a99f-ae1cce5c963a",
            "email": "annatestikea@gmail.com",
            "employer_info.#": "0",
            "id": "2d66021a-f045-42b5-be7e-82d2626f040f",
            "locations.#": "0",
            "manager": "",
            "name": "Anna Test",
            "profile_skills.#": "0",
            "routing_languages.#": "0",
            "routing_skills.#": "0",
            "routing_utilization.#": "0",
            "state": "active",
            "title": ""
          },
          "sensitive_attributes": []
        }
      ]
    },
    {
      "mode": "managed",
      "type": "genesyscloud_user",
      "name": "antonio_arfe1_ingka_com_1026943487",
      "provider": "provider[\"registry.terraform.io/-/genesyscloud\"]",
      "instances": [
        {
          "schema_version": 1,
          "attributes_flat": {
            "acd_auto_answer": "false",
            "addresses.#": "0",
            "certifications.#": "0",
            "department": "",
            "division_id": "b630dc62-a2b4-49b7-a99f-ae1cce5c963a",
            "email": "antonio.arfe1@ingka.com",
            "employer_info.#": "0",
            "id": "cd504519-72d9-4f87-9309-222340700166",
            "locations.#": "0",
            "manager": "",
            "name": "Antonio Arfe",
            "profile_skills.#": "0",
            "routing_languages.#": "0",
            "routing_skills.#": "0",
            "routing_utilization.#": "0",
            "state": "inactive",
            "title": ""
          },
          "sensitive_attributes": []
        }
      ]
    },
    {
      "mode": "managed",
      "type": "genesyscloud_user",
      "name": "arvind_gupta2_ingka_com_610165725",
      "provider": "provider[\"registry.terraform.io/-/genesyscloud\"]",
      "instances": [
        {
          "schema_version": 1,
          "attributes_flat": {
            "acd_auto_answer": "false",
            "addresses.#": "0",
            "certifications.#": "0",
            "department": "",
            "division_id": "b630dc62-a2b4-49b7-a99f-ae1cce5c963a",
            "email": "arvind.gupta2@ingka.com",
            "employer_info.#": "0",
            "id": "0723e437-6300-40a7-a4fd-3ec1f6657945",
            "locations.#": "0",
            "manager": "",
            "name": "Arvind Gupta",
            "profile_skills.#": "0",
            "routing_languages.#": "0",
            "routing_skills.#": "0",
            "routing_utilization.#": "0",
            "state": "active",
            "title": ""
          },
          "sensitive_attributes": []
        }
      ]
    },
    {
      "mode": "managed",
      "type": "genesyscloud_user",
      "name": "axel_goteman_ingka_com_3811824575",
      "provider": "provider[\"registry.terraform.io/-/genesyscloud\"]",
      "instances": [
        {
          "schema_version": 1,
          "attributes_flat": {
            "acd_auto_answer": "true",
            "addresses.#": "0",
            "certifications.#": "0",
            "department": "",
            "division_id": "b630dc62-a2b4-49b7-a99f-ae1cce5c963a",
            "email": "axel.goteman@ingka.com",
            "employer_info.#": "0",
            "id": "15aef3b7-811c-49f9-9d72-a987cf23b06c",
            "locations.#": "0",
            "manager": "",
            "name": "Axel Goteman",
            "profile_skills.#": "0",
            "routing_languages.#": "0",
            "routing_skills.#": "0",
            "routing_utilization.#": "0",
            "state": "inactive",
            "title": ""
          },
          "sensitive_attributes": []
        }
      ]
    },
    {
      "mode": "managed",
      "type": "genesyscloud_user",
      "name": "aziz_surmeli_ingka_ikea_com_4256799695",
      "provider": "provider[\"registry.terraform.io/-/genesyscloud\"]",
      "instances": [
        {
          "schema_version": 1,
          "attributes_flat": {
            "acd_auto_answer": "false",
            "addresses.#": "0",
            "certifications.#": "0",
            "department": "",
            "division_id": "a25a98d3-2974-4567-a732-8824591730b1",
            "email": "aziz.surmeli@ingka.ikea.com",
            "employer_info.#": "0",
            "id": "c90b491e-a6a4-4c82-a79e-d1f8b3ec1245",
            "locations.#": "0",
            "manager": "",
            "name": "Aziz Surmeli",
            "profile_skills.#": "0",
            "routing_languages.#": "0",
            "routing_skills.#": "0",
            "routing_utilization.#": "0",
            "state": "active",
            "title": ""
          },
          "sensitive_attributes": []
        }
      ]
    },
    {
      "mode": "managed",
      "type": "genesyscloud_user",
      "name": "bass_ikea_com_4099585611",
      "provider": "provider[\"registry.terraform.io/-/genesyscloud\"]",
      "instances": [
        {
          "schema_version": 1,
          "attributes_flat": {
            "acd_auto_answer": "false",
            "addresses.#": "0",
            "certifications.#": "0",
            "department": "",
            "division_id": "b630dc62-a2b4-49b7-a99f-ae1cce5c963a",
            "email": "bass@ikea.com",
            "employer_info.#": "0",
            "id": "a564aaec-469b-4e38-bd1e-463933d11c84",
            "locations.#": "0",
            "manager": "",
            "name": "Bass Test",
            "profile_skills.#": "0",
            "routing_languages.#": "0",
            "routing_skills.#": "0",
            "routing_utilization.#": "0",
            "state": "active",
            "title": ""
          },
          "sensitive_attributes": []
        }
      ]
    },
    {
      "mode": "managed",
      "type": "genesyscloud_user",
      "name": "bipin_chacko_ingka_com_3472755621",
      "provider": "provider[\"registry.terraform.io/-/genesyscloud\"]",
      "instances": [
        {
          "schema_version": 1,
          "attributes_flat": {
            "acd_auto_answer": "false",
            "addresses.#": "0",
            "certifications.#": "0",
            "department": "",
            "division_id": "b630dc62-a2b4-49b7-a99f-ae1cce5c963a",
            "email": "bipin.chacko@ingka.com",
            "employer_info.#": "0",
            "id": "f40d952b-0752-4ad2-9c27-24e364bc790d",
            "locations.#": "0",
            "manager": "",
            "name": "Bipin Chacko",
            "profile_skills.#": "0",
            "routing_languages.#": "2",
            "routing_languages.2866141217.language_id": "b44d0d32-fe5c-447a-aecd-00dab72acdb0",
            "routing_languages.2866141217.proficiency": "0",
            "routing_languages.3992123225.language_id": "70710774-1e6a-4602-b84c-3da26ccdf14c",
            "routing_languages.3992123225.proficiency": "0",
            "routing_skills.#": "1",
            "routing_skills.2441922525.proficiency": "0",
            "routing_skills.2441922525.skill_id": "71ef3b6a-7dbf-4ad0-9d4a-593efb1cf1db",
            "routing_utilization.#": "0",
            "state": "active",
            "title": ""
          },
          "sensitive_attributes": []
        }
      ]
    },
    {
      "mode": "managed",
      "type": "genesyscloud_user",
      "name": "borivoj_rolovic_ingka_ikea_com_4042168859",
      "provider": "provider[\"registry.terraform.io/-/genesyscloud\"]",
      "instances": [
        {
          "schema_version": 1,
          "attributes_flat": {
            "acd_auto_answer": "false",
            "addresses.#": "0",
            "certifications.#": "0",
            "department": "",
            "division_id": "b630dc62-a2b4-49b7-a99f-ae1cce5c963a",
            "email": "borivoj.rolovic@ingka.ikea.com",
            "employer_info.#": "0",
            "id": "39ff7a48-87f0-4035-a256-e5f7f3c80cc4",
            "locations.#": "0",
            "manager": "",
            "name": "Borivoj Rolovic",
            "profile_skills.#": "0",
            "routing_languages.#": "0",
            "routing_skills.#": "0",
            "routing_utilization.#": "0",
            "state": "active",
            "title": ""
          },
          "sensitive_attributes": []
        }
      ]
    },
    {
      "mode": "managed",
      "type": "genesyscloud_user",
      "name": "cecilia_agahi_boberg_ingka_ikea_com_3853569845",
      "provider": "provider[\"registry.terraform.io/-/genesyscloud\"]",
      "instances": [
        {
          "schema_version": 1,
          "attributes_flat": {
            "acd_auto_answer": "false",
            "addresses.#": "0",
            "certifications.#": "0",
            "department": "",
            "division_id": "b630dc62-a2b4-49b7-a99f-ae1cce5c963a",
            "email": "cecilia.agahi.boberg@ingka.ikea.com",
            "employer_info.#": "0",
            "id": "ad9fb2ad-60ea-48eb-a28e-31bcef7daea8",
            "locations.#": "0",
            "manager": "",
            "name": "Cecilia Agahi Boberg",
            "profile_skills.#": "0",
            "routing_languages.#": "0",
            "routing_skills.#": "0",
            "routing_utilization.#": "0",
            "state": "active",
            "title": ""
          },
          "sensitive_attributes": []
        }
      ]
    },
    {
      "mode": "managed",
      "type": "genesyscloud_user",
      "name": "charlie_rydholm_ingka_com_2933720677",
      "provider": "provider[\"registry.terraform.io/-/genesyscloud\"]",
      "instances": [
        {
          "schema_version": 1,
          "attributes_flat": {
            "acd_auto_answer": "true",
            "addresses.#": "0",
            "certifications.#": "0",
            "department": "",
            "division_id": "b630dc62-a2b4-49b7-a99f-ae1cce5c963a",
            "email": "charlie.rydholm@ingka.com",
            "employer_info.#": "0",
            "id": "89ceede7-68f0-454e-b475-2b9cfbf7eb46",
            "locations.#": "0",
            "manager": "",
            "name": "Charlie Rydholm",
            "profile_skills.#": "0",
            "routing_languages.#": "3",
            "routing_languages.2866141217.language_id": "b44d0d32-fe5c-447a-aecd-00dab72acdb0",
            "routing_languages.2866141217.proficiency": "0",
            "routing_languages.2985297032.language_id": "25ae9fb5-87a8-4218-9561-9c1926ed0978",
            "routing_languages.2985297032.proficiency": "0",
            "routing_languages.3992123225.language_id": "70710774-1e6a-4602-b84c-3da26ccdf14c",
            "routing_languages.3992123225.proficiency": "0",
            "routing_skills.#": "0",
            "routing_utilization.#": "0",
            "state": "inactive",
            "title": ""
          },
          "sensitive_attributes": []
        }
      ]
    },
    {
      "mode": "managed",
      "type": "genesyscloud_user",
      "name": "chris_thornton_ingka_ikea_com_2388306375",
      "provider": "provider[\"registry.terraform.io/-/genesyscloud\"]",
      "instances": [
        {
          "schema_version": 1,
          "attributes_flat": {
            "acd_auto_answer": "false",
            "addresses.#": "0",
            "certifications.#": "0",
            "department": "",
            "division_id": "1ceb0dcb-d018-434c-bd84-2fa9b820fa13",
            "email": "chris.thornton@ingka.ikea.com",
            "employer_info.#": "0",
            "id": "bf73a337-1c1d-4f60-8fc2-42dfb713a6fe",
            "locations.#": "0",
            "manager": "",
            "name": "Chris Thornton",
            "profile_skills.#": "0",
            "routing_languages.#": "0",
            "routing_skills.#": "0",
            "routing_utilization.#": "0",
            "state": "active",
            "title": ""
          },
          "sensitive_attributes": []
        }
      ]
    },
    {
      "mode": "managed",
      "type": "genesyscloud_user",
      "name": "chris_wild_ingka_ikea_com_1253566165",
      "provider": "provider[\"registry.terraform.io/-/genesyscloud\"]",
      "instances": [
        {
          "schema_version": 1,
          "attributes_flat": {
            "acd_auto_answer": "false",
            "addresses.#": "1",
            "addresses.0.other_emails.#": "1",
            "addresses.0.other_emails.3922461281.address": "chris.wild@ingka.ikea.com",
            "addresses.0.other_emails.3922461281.type": "WORK",
            "addresses.0.phone_numbers.#": "2",
            "addresses.0.phone_numbers.3868209566.extension": "",
            "addresses.0.phone_numbers.3868209566.media_type": "PHONE",
            "addresses.0.phone_numbers.3868209566.number": "+447971336580",
            "addresses.0.phone_numbers.3868209566.type": "WORK",
            "addresses.0.phone_numbers.941816587.extension": "",
            "addresses.0.phone_numbers.941816587.media_type": "SMS",
            "addresses.0.phone_numbers.941816587.number": "+447971336580",
            "addresses.0.phone_numbers.941816587.type": "MOBILE",
            "certifications.#": "0",
            "department": "Dig Eng Contact VFI",
            "division_id": "a25a98d3-2974-4567-a732-8824591730b1",
            "email": "chris.wild@ingka.ikea.com",
            "employer_info.#": "1",
            "employer_info.0.date_hire": "",
            "employer_info.0.employee_id": "11007224",
            "employer_info.0.employee_type": "",
            "employer_info.0.official_name": "",
            "id": "64cb61b9-4a39-44c3-ba1b-93456c401ba2",
            "locations.#": "0",
            "manager": "010c13f0-1ec5-429d-a100-244de5a32d44",
            "name": "Chris Wild",
            "profile_skills.#": "0",
            "routing_languages.#": "5",
            "routing_languages.1265620632.language_id": "56a22181-7a8b-4b32-a721-182dc4d632c2",
            "routing_languages.1265620632.proficiency": "0",
            "routing_languages.2866141217.language_id": "b44d0d32-fe5c-447a-aecd-00dab72acdb0",
            "routing_languages.2866141217.proficiency": "0",
            "routing_languages.2985297032.language_id": "25ae9fb5-87a8-4218-9561-9c1926ed0978",
            "routing_languages.2985297032.proficiency": "0",
            "routing_languages.3992123225.language_id": "70710774-1e6a-4602-b84c-3da26ccdf14c",
            "routing_languages.3992123225.proficiency": "0",
            "routing_languages.4073427827.language_id": "11101d12-17dd-48d5-acd8-bbc235f35960",
            "routing_languages.4073427827.proficiency": "0",
            "routing_skills.#": "6",
            "routing_skills.1055678764.proficiency": "0",
            "routing_skills.1055678764.skill_id": "611cf0fe-714f-42e5-9435-d83ce24abaf4",
            "routing_skills.1672843492.proficiency": "0",
            "routing_skills.1672843492.skill_id": "be714e35-ee53-4043-bed8-b73884d0eb93",
            "routing_skills.2441922525.proficiency": "0",
            "routing_skills.2441922525.skill_id": "71ef3b6a-7dbf-4ad0-9d4a-593efb1cf1db",
            "routing_skills.3360934872.proficiency": "0",
            "routing_skills.3360934872.skill_id": "be3c2719-2db6-4979-bb88-f4d288f1efbf",
            "routing_skills.3727870693.proficiency": "0",
            "routing_skills.3727870693.skill_id": "b273667a-8cf2-4322-8e06-c8f9930ac150",
            "routing_skills.4224793043.proficiency": "0",
            "routing_skills.4224793043.skill_id": "c37a04f5-32b0-453f-b5b1-721f9a41df27",
            "routing_utilization.#": "0",
            "state": "active",
            "title": "Senior Software Engineer"
          },
          "sensitive_attributes": []
        }
      ]
    },
    {
      "mode": "managed",
      "type": "genesyscloud_user",
      "name": "daniel_crespo_ingka_ikea_com_3873443859",
      "provider": "provider[\"registry.terraform.io/-/genesyscloud\"]",
      "instances": [
        {
          "schema_version": 1,
          "attributes_flat": {
            "acd_auto_answer": "false",
            "addresses.#": "0",
            "certifications.#": "0",
            "department": "",
            "division_id": "b630dc62-a2b4-49b7-a99f-ae1cce5c963a",
            "email": "daniel.crespo@ingka.ikea.com",
            "employer_info.#": "0",
            "id": "9d3a3037-dbfb-4a1b-ba64-92203198a4fb",
            "locations.#": "0",
            "manager": "",
            "name": "Daniel Crespo",
            "profile_skills.#": "0",
            "routing_languages.#": "0",
            "routing_skills.#": "0",
            "routing_utilization.#": "0",
            "state": "active",
            "title": ""
          },
          "sensitive_attributes": []
        }
      ]
    },
    {
      "mode": "managed",
      "type": "genesyscloud_user",
      "name": "daniel_evans_ingka_ikea_com_157098862",
      "provider": "provider[\"registry.terraform.io/-/genesyscloud\"]",
      "instances": [
        {
          "schema_version": 1,
          "attributes_flat": {
            "acd_auto_answer": "false",
            "addresses.#": "0",
            "certifications.#": "0",
            "department": "",
            "division_id": "b630dc62-a2b4-49b7-a99f-ae1cce5c963a",
            "email": "daniel.evans@ingka.ikea.com",
            "employer_info.#": "0",
            "id": "d2ba0de3-875f-43e7-8924-caa696ee48f6",
            "locations.#": "0",
            "manager": "",
            "name": "Daniel Evans",
            "profile_skills.#": "0",
            "routing_languages.#": "0",
            "routing_skills.#": "0",
            "routing_utilization.#": "0",
            "state": "inactive",
            "title": ""
          },
          "sensitive_attributes": []
        }
      ]
    },
    {
      "mode": "managed",
      "type": "genesyscloud_user",
      "name": "danny_chorley_ingka_ikea_com_1968271356",
      "provider": "provider[\"registry.terraform.io/-/genesyscloud\"]",
      "instances": [
        {
          "schema_version": 1,
          "attributes_flat": {
            "acd_auto_answer": "false",
            "addresses.#": "1",
            "addresses.0.other_emails.#": "1",
            "addresses.0.other_emails.2532114949.address": "danny.chorley@ingka.ikea.com",
            "addresses.0.other_emails.2532114949.type": "WORK",
            "addresses.0.phone_numbers.#": "2",
            "addresses.0.phone_numbers.1294942721.extension": "",
            "addresses.0.phone_numbers.1294942721.media_type": "PHONE",
            "addresses.0.phone_numbers.1294942721.number": "+447779158122",
            "addresses.0.phone_numbers.1294942721.type": "WORK",
            "addresses.0.phone_numbers.133687015.extension": "",
            "addresses.0.phone_numbers.133687015.media_type": "SMS",
            "addresses.0.phone_numbers.133687015.number": "+447779158122",
            "addresses.0.phone_numbers.133687015.type": "MOBILE",
            "certifications.#": "0",
            "department": "Dig Eng Contact VFI",
            "division_id": "a25a98d3-2974-4567-a732-8824591730b1",
            "email": "danny.chorley@ingka.ikea.com",
            "employer_info.#": "1",
            "employer_info.0.date_hire": "",
            "employer_info.0.employee_id": "08045619",
            "employer_info.0.employee_type": "",
            "employer_info.0.official_name": "",
            "id": "010c13f0-1ec5-429d-a100-244de5a32d44",
            "locations.#": "0",
            "manager": "",
            "name": "Danny Chorley",
            "profile_skills.#": "0",
            "routing_languages.#": "0",
            "routing_skills.#": "0",
            "routing_utilization.#": "0",
            "state": "active",
            "title": "Engineering Manager"
          },
          "sensitive_attributes": []
        }
      ]
    },
    {
      "mode": "managed",
      "type": "genesyscloud_user",
      "name": "david_nilsson2_ingka_ikea_com_56941684",
      "provider": "provider[\"registry.terraform.io/-/genesyscloud\"]",
      "instances": [
        {
          "schema_version": 1,
          "attributes_flat": {
            "acd_auto_answer": "false",
            "addresses.#": "0",
            "certifications.#": "0",
            "department": "",
            "division_id": "b630dc62-a2b4-49b7-a99f-ae1cce5c963a",
            "email": "david.nilsson2@ingka.ikea.com",
            "employer_info.#": "0",
            "id": "35714931-ed51-4c0e-b99e-50217c260dc6",
            "locations.#": "0",
            "manager": "",
            "name": "David Nilsson",
            "profile_skills.#": "0",
            "routing_languages.#": "0",
            "routing_skills.#": "0",
            "routing_utilization.#": "1",
            "routing_utilization.0.call.#": "1",
            "routing_utilization.0.call.0.include_non_acd": "false",
            "routing_utilization.0.call.0.interruptible_media_types.#": "0",
            "routing_utilization.0.call.0.maximum_capacity": "2",
            "routing_utilization.0.callback.#": "1",
            "routing_utilization.0.callback.0.include_non_acd": "false",
            "routing_utilization.0.callback.0.interruptible_media_types.#": "0",
            "routing_utilization.0.callback.0.maximum_capacity": "1",
            "routing_utilization.0.chat.#": "1",
            "routing_utilization.0.chat.0.include_non_acd": "false",
            "routing_utilization.0.chat.0.interruptible_media_types.#": "0",
            "routing_utilization.0.chat.0.maximum_capacity": "4",
            "routing_utilization.0.email.#": "1",
            "routing_utilization.0.email.0.include_non_acd": "false",
            "routing_utilization.0.email.0.interruptible_media_types.#": "3",
            "routing_utilization.0.email.0.interruptible_media_types.2728695085": "call",
            "routing_utilization.0.email.0.interruptible_media_types.2735068980": "message",
            "routing_utilization.0.email.0.interruptible_media_types.2977790496": "callback",
            "routing_utilization.0.email.0.maximum_capacity": "3",
            "routing_utilization.0.message.#": "1",
            "routing_utilization.0.message.0.include_non_acd": "false",
            "routing_utilization.0.message.0.interruptible_media_types.#": "0",
            "routing_utilization.0.message.0.maximum_capacity": "2",
            "state": "active",
            "title": ""
          },
          "sensitive_attributes": []
        }
      ]
    },
    {
      "mode": "managed",
      "type": "genesyscloud_user",
      "name": "deepti_gupta2_ingka_com_3316421112",
      "provider": "provider[\"registry.terraform.io/-/genesyscloud\"]",
      "instances": [
        {
          "schema_version": 1,
          "attributes_flat": {
            "acd_auto_answer": "false",
            "addresses.#": "0",
            "certifications.#": "0",
            "department": "",
            "division_id": "b630dc62-a2b4-49b7-a99f-ae1cce5c963a",
            "email": "deepti.gupta2@ingka.com",
            "employer_info.#": "0",
            "id": "6476d61f-e488-4d75-bd37-ac701d89a3bb",
            "locations.#": "0",
            "manager": "",
            "name": "Deepti Gupta",
            "profile_skills.#": "0",
            "routing_languages.#": "0",
            "routing_skills.#": "0",
            "routing_utilization.#": "0",
            "state": "inactive",
            "title": ""
          },
          "sensitive_attributes": []
        }
      ]
    },
    {
      "mode": "managed",
      "type": "genesyscloud_user",
      "name": "devanshi_genesys_com_3011029244",
      "provider": "provider[\"registry.terraform.io/-/genesyscloud\"]",
      "instances": [
        {
          "schema_version": 1,
          "attributes_flat": {
            "acd_auto_answer": "false",
            "addresses.#": "0",
            "certifications.#": "0",
            "department": "",
            "division_id": "1ceb0dcb-d018-434c-bd84-2fa9b820fa13",
            "email": "devanshi@genesys.com",
            "employer_info.#": "0",
            "id": "5f2724bf-596f-4ccd-8691-c4bf025847bb",
            "locations.#": "0",
            "manager": "",
            "name": "Test Agent",
            "profile_skills.#": "0",
            "routing_languages.#": "0",
            "routing_skills.#": "0",
            "routing_utilization.#": "0",
            "state": "active",
            "title": ""
          },
          "sensitive_attributes": []
        }
      ]
    },
    {
      "mode": "managed",
      "type": "genesyscloud_user",
      "name": "dominika_tavernova-turisanova_ingka_ikea_com_399371637",
      "provider": "provider[\"registry.terraform.io/-/genesyscloud\"]",
      "instances": [
        {
          "schema_version": 1,
          "attributes_flat": {
            "acd_auto_answer": "false",
            "addresses.#": "0",
            "certifications.#": "0",
            "department": "",
            "division_id": "b630dc62-a2b4-49b7-a99f-ae1cce5c963a",
            "email": "dominika.tavernova-turisanova@ingka.ikea.com",
            "employer_info.#": "0",
            "id": "d9096cb6-1ddc-451b-a5d0-86d679201cf8",
            "locations.#": "0",
            "manager": "",
            "name": "Dominika tavernova turisanova",
            "profile_skills.#": "0",
            "routing_languages.#": "0",
            "routing_skills.#": "0",
            "routing_utilization.#": "0",
            "state": "inactive",
            "title": ""
          },
          "sensitive_attributes": []
        }
      ]
    },
    {
      "mode": "managed",
      "type": "genesyscloud_user",
      "name": "ekaterina_kononova_ingka_ikea_com_2036346015",
      "provider": "provider[\"registry.terraform.io/-/genesyscloud\"]",
      "instances": [
        {
          "schema_version": 1,
          "attributes_flat": {
            "acd_auto_answer": "false",
            "addresses.#": "0",
            "certifications.#": "0",
            "department": "",
            "division_id": "b630dc62-a2b4-49b7-a99f-ae1cce5c963a",
            "email": "ekaterina.kononova@ingka.ikea.com",
            "employer_info.#": "0",
            "id": "38ab344b-0568-4915-b066-651f13ff9937",
            "locations.#": "0",
            "manager": "c41285cd-49cd-4e22-af0d-e689e8ff480c",
            "name": "Ekaterina Kononova",
            "profile_skills.#": "0",
            "routing_languages.#": "0",
            "routing_skills.#": "0",
            "routing_utilization.#": "0",
            "state": "active",
            "title": ""
          },
          "sensitive_attributes": []
        }
      ]
    },
    {
      "mode": "managed",
      "type": "genesyscloud_user",
      "name": "elango_sj_genesys_com_4184930861",
      "provider": "provider[\"registry.terraform.io/-/genesyscloud\"]",
      "instances": [
        {
          "schema_version": 1,
          "attributes_flat": {
            "acd_auto_answer": "false",
            "addresses.#": "0",
            "certifications.#": "0",
            "department": "",
            "division_id": "b630dc62-a2b4-49b7-a99f-ae1cce5c963a",
            "email": "elango.sj@genesys.com",
            "employer_info.#": "0",
            "id": "e75b37ce-cdac-4595-9b73-feeeac83a112",
            "locations.#": "0",
            "manager": "",
            "name": "Elango Sj",
            "profile_skills.#": "0",
            "routing_languages.#": "0",
            "routing_skills.#": "0",
            "routing_utilization.#": "0",
            "state": "active",
            "title": ""
          },
          "sensitive_attributes": []
        }
      ]
    },
    {
      "mode": "managed",
      "type": "genesyscloud_user",
      "name": "enes_alisa_ingka_ikea_com_183938531",
      "provider": "provider[\"registry.terraform.io/-/genesyscloud\"]",
      "instances": [
        {
          "schema_version": 1,
          "attributes_flat": {
            "acd_auto_answer": "false",
            "addresses.#": "0",
            "certifications.#": "0",
            "department": "",
            "division_id": "b630dc62-a2b4-49b7-a99f-ae1cce5c963a",
            "email": "enes.alisa@ingka.ikea.com",
            "employer_info.#": "0",
            "id": "5fb2dc6e-f2df-4f08-a687-d67acf8bc592",
            "locations.#": "0",
            "manager": "",
            "name": "Enes Alisa",
            "profile_skills.#": "0",
            "routing_languages.#": "0",
            "routing_skills.#": "0",
            "routing_utilization.#": "0",
            "state": "active",
            "title": ""
          },
          "sensitive_attributes": []
        }
      ]
    },
    {
      "mode": "managed",
      "type": "genesyscloud_user",
      "name": "gdpr2_ikea_com_3041253859",
      "provider": "provider[\"registry.terraform.io/-/genesyscloud\"]",
      "instances": [
        {
          "schema_version": 1,
          "attributes_flat": {
            "acd_auto_answer": "false",
            "addresses.#": "0",
            "certifications.#": "0",
            "department": "",
            "division_id": "b630dc62-a2b4-49b7-a99f-ae1cce5c963a",
            "email": "gdpr2@ikea.com",
            "employer_info.#": "0",
            "id": "809dc802-e045-46a6-bd7a-26a3915892fa",
            "locations.#": "0",
            "manager": "",
            "name": "GDPR2",
            "profile_skills.#": "0",
            "routing_languages.#": "0",
            "routing_skills.#": "0",
            "routing_utilization.#": "0",
            "state": "active",
            "title": ""
          },
          "sensitive_attributes": []
        }
      ]
    },
    {
      "mode": "managed",
      "type": "genesyscloud_user",
      "name": "gdpr_test_ikea_com_262472835",
      "provider": "provider[\"registry.terraform.io/-/genesyscloud\"]",
      "instances": [
        {
          "schema_version": 1,
          "attributes_flat": {
            "acd_auto_answer": "false",
            "addresses.#": "0",
            "certifications.#": "0",
            "department": "",
            "division_id": "a25a98d3-2974-4567-a732-8824591730b1",
            "email": "gdpr.test@ikea.com",
            "employer_info.#": "0",
            "id": "42a2a9f1-f66b-4df0-bd95-e8715daa97f0",
            "locations.#": "0",
            "manager": "",
            "name": "GDPR Test",
            "profile_skills.#": "0",
            "routing_languages.#": "0",
            "routing_skills.#": "0",
            "routing_utilization.#": "0",
            "state": "active",
            "title": ""
          },
          "sensitive_attributes": []
        }
      ]
    },
    {
      "mode": "managed",
      "type": "genesyscloud_user",
      "name": "gdpr_test_ikea_com_4210332496",
      "provider": "provider[\"registry.terraform.io/-/genesyscloud\"]",
      "instances": [
        {
          "schema_version": 1,
          "attributes_flat": {
            "acd_auto_answer": "false",
            "addresses.#": "0",
            "certifications.#": "0",
            "department": "",
            "division_id": "a25a98d3-2974-4567-a732-8824591730b1",
            "email": "gdpr_test@ikea.com",
            "employer_info.#": "0",
            "id": "c565a410-1407-4b91-b9ff-52287b988a89",
            "locations.#": "0",
            "manager": "",
            "name": "GDPR_Varad",
            "profile_skills.#": "0",
            "routing_languages.#": "0",
            "routing_skills.#": "0",
            "routing_utilization.#": "0",
            "state": "active",
            "title": ""
          },
          "sensitive_attributes": []
        }
      ]
    },
    {
      "mode": "managed",
      "type": "genesyscloud_user",
      "name": "gerardandre_breivik_ingka_ikea_com_1347123535",
      "provider": "provider[\"registry.terraform.io/-/genesyscloud\"]",
      "instances": [
        {
          "schema_version": 1,
          "attributes_flat": {
            "acd_auto_answer": "false",
            "addresses.#": "0",
            "certifications.#": "0",
            "department": "",
            "division_id": "b630dc62-a2b4-49b7-a99f-ae1cce5c963a",
            "email": "gerardandre.breivik@ingka.ikea.com",
            "employer_info.#": "0",
            "id": "a68f4e20-7aab-4750-a95f-43a34a61cd20",
            "locations.#": "0",
            "manager": "",
            "name": "Gerard Andre Breivik",
            "profile_skills.#": "0",
            "routing_languages.#": "1",
            "routing_languages.3992123225.language_id": "70710774-1e6a-4602-b84c-3da26ccdf14c",
            "routing_languages.3992123225.proficiency": "0",
            "routing_skills.#": "0",
            "routing_utilization.#": "0",
            "state": "active",
            "title": ""
          },
          "sensitive_attributes": []
        }
      ]
    },
    {
      "mode": "managed",
      "type": "genesyscloud_user",
      "name": "gero_haug_ingka_ikea_com_911041136",
      "provider": "provider[\"registry.terraform.io/-/genesyscloud\"]",
      "instances": [
        {
          "schema_version": 1,
          "attributes_flat": {
            "acd_auto_answer": "false",
            "addresses.#": "0",
            "certifications.#": "0",
            "department": "",
            "division_id": "b630dc62-a2b4-49b7-a99f-ae1cce5c963a",
            "email": "gero.haug@ingka.ikea.com",
            "employer_info.#": "0",
            "id": "de67f225-2c9e-4955-885c-2a29e030f7d8",
            "locations.#": "0",
            "manager": "",
            "name": "Gero Haug",
            "profile_skills.#": "0",
            "routing_languages.#": "0",
            "routing_skills.#": "0",
            "routing_utilization.#": "0",
            "state": "active",
            "title": ""
          },
          "sensitive_attributes": []
        }
      ]
    },
    {
      "mode": "managed",
      "type": "genesyscloud_user",
      "name": "gopalreddy_pulakunta_ingka_com_99441618",
      "provider": "provider[\"registry.terraform.io/-/genesyscloud\"]",
      "instances": [
        {
          "schema_version": 1,
          "attributes_flat": {
            "acd_auto_answer": "false",
            "addresses.#": "0",
            "certifications.#": "0",
            "department": "",
            "division_id": "b630dc62-a2b4-49b7-a99f-ae1cce5c963a",
            "email": "gopalreddy.pulakunta@ingka.com",
            "employer_info.#": "0",
            "id": "4a5a439d-fa10-4ba1-b0c8-37783a43d24c",
            "locations.#": "0",
            "manager": "",
            "name": "Gopal Reddy Pulakunta",
            "profile_skills.#": "0",
            "routing_languages.#": "0",
            "routing_skills.#": "0",
            "routing_utilization.#": "0",
            "state": "active",
            "title": ""
          },
          "sensitive_attributes": []
        }
      ]
    },
    {
      "mode": "managed",
      "type": "genesyscloud_user",
      "name": "harsha_belur_ashok_test_genesys_com_1341600767",
      "provider": "provider[\"registry.terraform.io/-/genesyscloud\"]",
      "instances": [
        {
          "schema_version": 1,
          "attributes_flat": {
            "acd_auto_answer": "true",
            "addresses.#": "0",
            "certifications.#": "0",
            "department": "",
            "division_id": "9d79908b-80a0-461f-b132-49dfb3713ac3",
            "email": "harsha.belur_ashok_test@genesys.com",
            "employer_info.#": "0",
            "id": "db02cfa0-16e0-4368-a6fa-8c881858118a",
            "locations.#": "0",
            "manager": "",
            "name": "Harsha Belur Ashok Test",
            "profile_skills.#": "0",
            "routing_languages.#": "5",
            "routing_languages.1265620632.language_id": "56a22181-7a8b-4b32-a721-182dc4d632c2",
            "routing_languages.1265620632.proficiency": "0",
            "routing_languages.2866141217.language_id": "b44d0d32-fe5c-447a-aecd-00dab72acdb0",
            "routing_languages.2866141217.proficiency": "0",
            "routing_languages.2985297032.language_id": "25ae9fb5-87a8-4218-9561-9c1926ed0978",
            "routing_languages.2985297032.proficiency": "0",
            "routing_languages.3992123225.language_id": "70710774-1e6a-4602-b84c-3da26ccdf14c",
            "routing_languages.3992123225.proficiency": "0",
            "routing_languages.4073427827.language_id": "11101d12-17dd-48d5-acd8-bbc235f35960",
            "routing_languages.4073427827.proficiency": "0",
            "routing_skills.#": "6",
            "routing_skills.1055678764.proficiency": "0",
            "routing_skills.1055678764.skill_id": "611cf0fe-714f-42e5-9435-d83ce24abaf4",
            "routing_skills.1672843492.proficiency": "0",
            "routing_skills.1672843492.skill_id": "be714e35-ee53-4043-bed8-b73884d0eb93",
            "routing_skills.2441922525.proficiency": "0",
            "routing_skills.2441922525.skill_id": "71ef3b6a-7dbf-4ad0-9d4a-593efb1cf1db",
            "routing_skills.3360934872.proficiency": "0",
            "routing_skills.3360934872.skill_id": "be3c2719-2db6-4979-bb88-f4d288f1efbf",
            "routing_skills.3727870693.proficiency": "0",
            "routing_skills.3727870693.skill_id": "b273667a-8cf2-4322-8e06-c8f9930ac150",
            "routing_skills.4224793043.proficiency": "0",
            "routing_skills.4224793043.skill_id": "c37a04f5-32b0-453f-b5b1-721f9a41df27",
            "routing_utilization.#": "0",
            "state": "active",
            "title": ""
          },
          "sensitive_attributes": []
        }
      ]
    },
    {
      "mode": "managed",
      "type": "genesyscloud_user",
      "name": "himanshu_tiwari1_ingka_ikea_com_3369407284",
      "provider": "provider[\"registry.terraform.io/-/genesyscloud\"]",
      "instances": [
        {
          "schema_version": 1,
          "attributes_flat": {
            "acd_auto_answer": "false",
            "addresses.#": "1",
            "addresses.0.other_emails.#": "1",
            "addresses.0.other_emails.3521399492.address": "himanshu.tiwari1@ingka.ikea.com",
            "addresses.0.other_emails.3521399492.type": "WORK",
            "addresses.0.phone_numbers.#": "0",
            "certifications.#": "0",
            "department": "Dig Eng Customer Support India",
            "division_id": "a25a98d3-2974-4567-a732-8824591730b1",
            "email": "himanshu.tiwari1@ingka.ikea.com",
            "employer_info.#": "1",
            "employer_info.0.date_hire": "",
            "employer_info.0.employee_id": "40004925",
            "employer_info.0.employee_type": "",
            "employer_info.0.official_name": "",
            "id": "807e5887-5d37-4029-b326-13747607be78",
            "locations.#": "0",
            "manager": "",
            "name": "Himanshu Tiwari",
            "profile_skills.#": "0",
            "routing_languages.#": "0",
            "routing_skills.#": "0",
            "routing_utilization.#": "0",
            "state": "active",
            "title": "Software Engineer"
          },
          "sensitive_attributes": []
        }
      ]
    },
    {
      "mode": "managed",
      "type": "genesyscloud_user",
      "name": "isabel_clemente_magana_ingka_ikea_com_2361385048",
      "provider": "provider[\"registry.terraform.io/-/genesyscloud\"]",
      "instances": [
        {
          "schema_version": 1,
          "attributes_flat": {
            "acd_auto_answer": "false",
            "addresses.#": "0",
            "certifications.#": "0",
            "department": "Coffee Addicts",
            "division_id": "b630dc62-a2b4-49b7-a99f-ae1cce5c963a",
            "email": "isabel.clemente.magana@ingka.ikea.com",
            "employer_info.#": "0",
            "id": "2a86260e-ab44-41bd-82ba-9bb7fdde56b7",
            "locations.#": "0",
            "manager": "",
            "name": "Isabel Clemente Magana",
            "profile_skills.#": "0",
            "routing_languages.#": "0",
            "routing_skills.#": "0",
            "routing_utilization.#": "0",
            "state": "active",
            "title": "Master of education"
          },
          "sensitive_attributes": []
        }
      ]
    },
    {
      "mode": "managed",
      "type": "genesyscloud_user",
      "name": "isxautomation_gmail_com_2298643025",
      "provider": "provider[\"registry.terraform.io/-/genesyscloud\"]",
      "instances": [
        {
          "schema_version": 1,
          "attributes_flat": {
            "acd_auto_answer": "false",
            "addresses.#": "0",
            "certifications.#": "0",
            "department": "",
            "division_id": "b630dc62-a2b4-49b7-a99f-ae1cce5c963a",
            "email": "isxautomation@gmail.com",
            "employer_info.#": "0",
            "id": "996ca780-7022-4b2f-a2c2-974f7787898b",
            "locations.#": "0",
            "manager": "",
            "name": "Nser Test",
            "profile_skills.#": "0",
            "routing_languages.#": "0",
            "routing_skills.#": "0",
            "routing_utilization.#": "0",
            "state": "active",
            "title": ""
          },
          "sensitive_attributes": []
        }
      ]
    },
    {
      "mode": "managed",
      "type": "genesyscloud_user",
      "name": "jessica_bjermer1_ingka_ikea_com_320537554",
      "provider": "provider[\"registry.terraform.io/-/genesyscloud\"]",
      "instances": [
        {
          "schema_version": 1,
          "attributes_flat": {
            "acd_auto_answer": "false",
            "addresses.#": "0",
            "certifications.#": "0",
            "department": "",
            "division_id": "b630dc62-a2b4-49b7-a99f-ae1cce5c963a",
            "email": "jessica.bjermer1@ingka.ikea.com",
            "employer_info.#": "0",
            "id": "65d58c41-76b0-407e-8c60-bcff56ba73d1",
            "locations.#": "0",
            "manager": "",
            "name": "Jessica Bjermer",
            "profile_skills.#": "0",
            "routing_languages.#": "0",
            "routing_skills.#": "0",
            "routing_utilization.#": "0",
            "state": "active",
            "title": ""
          },
          "sensitive_attributes": []
        }
      ]
    },
    {
      "mode": "managed",
      "type": "genesyscloud_user",
      "name": "joakim_skalberg_genesys_com_3910624908",
      "provider": "provider[\"registry.terraform.io/-/genesyscloud\"]",
      "instances": [
        {
          "schema_version": 1,
          "attributes_flat": {
            "acd_auto_answer": "false",
            "addresses.#": "0",
            "certifications.#": "0",
            "department": "",
            "division_id": "b630dc62-a2b4-49b7-a99f-ae1cce5c963a",
            "email": "joakim.skalberg@genesys.com",
            "employer_info.#": "0",
            "id": "9f7b5e34-80f6-4eaa-bb8d-5362232b6a08",
            "locations.#": "0",
            "manager": "",
            "name": "Joakim Skalberg",
            "profile_skills.#": "0",
            "routing_languages.#": "0",
            "routing_skills.#": "0",
            "routing_utilization.#": "0",
            "state": "active",
            "title": ""
          },
          "sensitive_attributes": []
        }
      ]
    },
    {
      "mode": "managed",
      "type": "genesyscloud_user",
      "name": "john_stapeley_ingka_ikea_com_2504790556",
      "provider": "provider[\"registry.terraform.io/-/genesyscloud\"]",
      "instances": [
        {
          "schema_version": 1,
          "attributes_flat": {
            "acd_auto_answer": "false",
            "addresses.#": "0",
            "certifications.#": "0",
            "department": "",
            "division_id": "b630dc62-a2b4-49b7-a99f-ae1cce5c963a",
            "email": "john.stapeley@ingka.ikea.com",
            "employer_info.#": "0",
            "id": "85d226bd-8c1c-4a56-94fc-26f30421e7e9",
            "locations.#": "0",
            "manager": "",
            "name": "John Stapeley",
            "profile_skills.#": "0",
            "routing_languages.#": "0",
            "routing_skills.#": "0",
            "routing_utilization.#": "0",
            "state": "active",
            "title": ""
          },
          "sensitive_attributes": []
        }
      ]
    },
    {
      "mode": "managed",
      "type": "genesyscloud_user",
      "name": "keith_griffin1_ingka_com_1507431387",
      "provider": "provider[\"registry.terraform.io/-/genesyscloud\"]",
      "instances": [
        {
          "schema_version": 1,
          "attributes_flat": {
            "acd_auto_answer": "false",
            "addresses.#": "0",
            "certifications.#": "0",
            "department": "",
            "division_id": "b630dc62-a2b4-49b7-a99f-ae1cce5c963a",
            "email": "keith.griffin1@ingka.com",
            "employer_info.#": "0",
            "id": "1029cfd6-2e71-4c00-b9c0-be3edc7be532",
            "locations.#": "0",
            "manager": "",
            "name": "Keith Griffin",
            "profile_skills.#": "0",
            "routing_languages.#": "0",
            "routing_skills.#": "0",
            "routing_utilization.#": "0",
            "state": "active",
            "title": ""
          },
          "sensitive_attributes": []
        }
      ]
    },
    {
      "mode": "managed",
      "type": "genesyscloud_user",
      "name": "lokeshwari_jayaraman_ingka_ikea_com_2820515905",
      "provider": "provider[\"registry.terraform.io/-/genesyscloud\"]",
      "instances": [
        {
          "schema_version": 1,
          "attributes_flat": {
            "acd_auto_answer": "true",
            "addresses.#": "1",
            "addresses.0.other_emails.#": "1",
            "addresses.0.other_emails.912390185.address": "lokeshwari.jayaraman@ingka.ikea.com",
            "addresses.0.other_emails.912390185.type": "WORK",
            "addresses.0.phone_numbers.#": "1",
            "addresses.0.phone_numbers.2607013391.extension": "",
            "addresses.0.phone_numbers.2607013391.media_type": "SMS",
            "addresses.0.phone_numbers.2607013391.number": "+46707898644",
            "addresses.0.phone_numbers.2607013391.type": "MOBILE",
            "certifications.#": "0",
            "department": "Dig Eng Contact VFI",
            "division_id": "1ceb0dcb-d018-434c-bd84-2fa9b820fa13",
            "email": "lokeshwari.jayaraman@ingka.ikea.com",
            "employer_info.#": "1",
            "employer_info.0.date_hire": "",
            "employer_info.0.employee_id": "23539719",
            "employer_info.0.employee_type": "",
            "employer_info.0.official_name": "",
            "id": "bcb1cb42-c731-4c74-ade2-276efc2b55d0",
            "locations.#": "0",
            "manager": "010c13f0-1ec5-429d-a100-244de5a32d44",
            "name": "Lokeshwari Jayaraman",
            "profile_skills.#": "0",
            "routing_languages.#": "5",
            "routing_languages.1265620632.language_id": "56a22181-7a8b-4b32-a721-182dc4d632c2",
            "routing_languages.1265620632.proficiency": "0",
            "routing_languages.2866141217.language_id": "b44d0d32-fe5c-447a-aecd-00dab72acdb0",
            "routing_languages.2866141217.proficiency": "0",
            "routing_languages.2985297032.language_id": "25ae9fb5-87a8-4218-9561-9c1926ed0978",
            "routing_languages.2985297032.proficiency": "0",
            "routing_languages.3992123225.language_id": "70710774-1e6a-4602-b84c-3da26ccdf14c",
            "routing_languages.3992123225.proficiency": "0",
            "routing_languages.4073427827.language_id": "11101d12-17dd-48d5-acd8-bbc235f35960",
            "routing_languages.4073427827.proficiency": "0",
            "routing_skills.#": "5",
            "routing_skills.1055678764.proficiency": "0",
            "routing_skills.1055678764.skill_id": "611cf0fe-714f-42e5-9435-d83ce24abaf4",
            "routing_skills.1672843492.proficiency": "0",
            "routing_skills.1672843492.skill_id": "be714e35-ee53-4043-bed8-b73884d0eb93",
            "routing_skills.2441922525.proficiency": "0",
            "routing_skills.2441922525.skill_id": "71ef3b6a-7dbf-4ad0-9d4a-593efb1cf1db",
            "routing_skills.3727870693.proficiency": "0",
            "routing_skills.3727870693.skill_id": "b273667a-8cf2-4322-8e06-c8f9930ac150",
            "routing_skills.4224793043.proficiency": "0",
            "routing_skills.4224793043.skill_id": "c37a04f5-32b0-453f-b5b1-721f9a41df27",
            "routing_utilization.#": "0",
            "state": "active",
            "title": "Junior Software Engineer"
          },
          "sensitive_attributes": []
        }
      ]
    },
    {
      "mode": "managed",
      "type": "genesyscloud_user",
      "name": "magnus_angser1_ingka_ikea_com_1391179694",
      "provider": "provider[\"registry.terraform.io/-/genesyscloud\"]",
      "instances": [
        {
          "schema_version": 1,
          "attributes_flat": {
            "acd_auto_answer": "false",
            "addresses.#": "0",
            "certifications.#": "0",
            "department": "",
            "division_id": "b630dc62-a2b4-49b7-a99f-ae1cce5c963a",
            "email": "magnus.angser1@ingka.ikea.com",
            "employer_info.#": "0",
            "id": "c22db83d-3e05-476a-95cb-1a2a30d234e1",
            "locations.#": "0",
            "manager": "",
            "name": "Magnus Angser",
            "profile_skills.#": "0",
            "routing_languages.#": "0",
            "routing_skills.#": "0",
            "routing_utilization.#": "0",
            "state": "active",
            "title": ""
          },
          "sensitive_attributes": []
        }
      ]
    },
    {
      "mode": "managed",
      "type": "genesyscloud_user",
      "name": "marcel_urrutia_nilsson_ingka_com_3687014012",
      "provider": "provider[\"registry.terraform.io/-/genesyscloud\"]",
      "instances": [
        {
          "schema_version": 1,
          "attributes_flat": {
            "acd_auto_answer": "false",
            "addresses.#": "0",
            "certifications.#": "0",
            "department": "",
            "division_id": "b630dc62-a2b4-49b7-a99f-ae1cce5c963a",
            "email": "marcel.urrutia.nilsson@ingka.com",
            "employer_info.#": "0",
            "id": "bca52ba1-05b7-4e07-8547-5fedbead869b",
            "locations.#": "0",
            "manager": "",
            "name": "Marcel Urrutia Nilsson",
            "profile_skills.#": "0",
            "routing_languages.#": "0",
            "routing_skills.#": "0",
            "routing_utilization.#": "0",
            "state": "active",
            "title": ""
          },
          "sensitive_attributes": []
        }
      ]
    },
    {
      "mode": "managed",
      "type": "genesyscloud_user",
      "name": "martin_hultman_ingka_ikea_com_1979478014",
      "provider": "provider[\"registry.terraform.io/-/genesyscloud\"]",
      "instances": [
        {
          "schema_version": 1,
          "attributes_flat": {
            "acd_auto_answer": "false",
            "addresses.#": "0",
            "certifications.#": "0",
            "department": "",
            "division_id": "b630dc62-a2b4-49b7-a99f-ae1cce5c963a",
            "email": "martin.hultman@ingka.ikea.com",
            "employer_info.#": "0",
            "id": "b9ef0b99-9c34-44cc-b2f1-96b5338b5d6f",
            "locations.#": "0",
            "manager": "",
            "name": "Martin Hultman",
            "profile_skills.#": "0",
            "routing_languages.#": "0",
            "routing_skills.#": "0",
            "routing_utilization.#": "0",
            "state": "inactive",
            "title": ""
          },
          "sensitive_attributes": []
        }
      ]
    },
    {
      "mode": "managed",
      "type": "genesyscloud_user",
      "name": "martin_notodden_ingka_ikea_com_2964734638",
      "provider": "provider[\"registry.terraform.io/-/genesyscloud\"]",
      "instances": [
        {
          "schema_version": 1,
          "attributes_flat": {
            "acd_auto_answer": "false",
            "addresses.#": "0",
            "certifications.#": "0",
            "department": "",
            "division_id": "b630dc62-a2b4-49b7-a99f-ae1cce5c963a",
            "email": "martin.notodden@ingka.ikea.com",
            "employer_info.#": "0",
            "id": "52ae6227-3691-4c56-aed9-4b2e3f7ecdbe",
            "locations.#": "0",
            "manager": "",
            "name": "Martin Notodden",
            "profile_skills.#": "0",
            "routing_languages.#": "0",
            "routing_skills.#": "0",
            "routing_utilization.#": "0",
            "state": "active",
            "title": ""
          },
          "sensitive_attributes": []
        }
      ]
    },
    {
      "mode": "managed",
      "type": "genesyscloud_user",
      "name": "mazen_saeed1_ingka_ikea_com_882845012",
      "provider": "provider[\"registry.terraform.io/-/genesyscloud\"]",
      "instances": [
        {
          "schema_version": 1,
          "attributes_flat": {
            "acd_auto_answer": "false",
            "addresses.#": "0",
            "certifications.#": "0",
            "department": "",
            "division_id": "b630dc62-a2b4-49b7-a99f-ae1cce5c963a",
            "email": "mazen.saeed1@ingka.ikea.com",
            "employer_info.#": "0",
            "id": "52d89480-d984-44d1-b0ee-8d2139e8e12d",
            "locations.#": "0",
            "manager": "",
            "name": "Mazen Saeed",
            "profile_skills.#": "0",
            "routing_languages.#": "1",
            "routing_languages.3992123225.language_id": "70710774-1e6a-4602-b84c-3da26ccdf14c",
            "routing_languages.3992123225.proficiency": "0",
            "routing_skills.#": "0",
            "routing_utilization.#": "1",
            "routing_utilization.0.call.#": "1",
            "routing_utilization.0.call.0.include_non_acd": "false",
            "routing_utilization.0.call.0.interruptible_media_types.#": "0",
            "routing_utilization.0.call.0.maximum_capacity": "2",
            "routing_utilization.0.callback.#": "1",
            "routing_utilization.0.callback.0.include_non_acd": "false",
            "routing_utilization.0.callback.0.interruptible_media_types.#": "0",
            "routing_utilization.0.callback.0.maximum_capacity": "1",
            "routing_utilization.0.chat.#": "1",
            "routing_utilization.0.chat.0.include_non_acd": "false",
            "routing_utilization.0.chat.0.interruptible_media_types.#": "0",
            "routing_utilization.0.chat.0.maximum_capacity": "4",
            "routing_utilization.0.email.#": "1",
            "routing_utilization.0.email.0.include_non_acd": "false",
            "routing_utilization.0.email.0.interruptible_media_types.#": "3",
            "routing_utilization.0.email.0.interruptible_media_types.2728695085": "call",
            "routing_utilization.0.email.0.interruptible_media_types.2735068980": "message",
            "routing_utilization.0.email.0.interruptible_media_types.2977790496": "callback",
            "routing_utilization.0.email.0.maximum_capacity": "2",
            "routing_utilization.0.message.#": "1",
            "routing_utilization.0.message.0.include_non_acd": "false",
            "routing_utilization.0.message.0.interruptible_media_types.#": "0",
            "routing_utilization.0.message.0.maximum_capacity": "2",
            "state": "active",
            "title": ""
          },
          "sensitive_attributes": []
        }
      ]
    },
    {
      "mode": "managed",
      "type": "genesyscloud_user",
      "name": "michael_daly_ingka_com_134670787",
      "provider": "provider[\"registry.terraform.io/-/genesyscloud\"]",
      "instances": [
        {
          "schema_version": 1,
          "attributes_flat": {
            "acd_auto_answer": "false",
            "addresses.#": "0",
            "certifications.#": "0",
            "department": "",
            "division_id": "b630dc62-a2b4-49b7-a99f-ae1cce5c963a",
            "email": "michael.daly@ingka.com",
            "employer_info.#": "0",
            "id": "2ff54e1d-bacd-4cf2-bf2e-100c9c7a35a1",
            "locations.#": "0",
            "manager": "",
            "name": "Michael Daly",
            "profile_skills.#": "0",
            "routing_languages.#": "0",
            "routing_skills.#": "0",
            "routing_utilization.#": "0",
            "state": "active",
            "title": ""
          },
          "sensitive_attributes": []
        }
      ]
    },
    {
      "mode": "managed",
      "type": "genesyscloud_user",
      "name": "minli_xu_andersson_ingka_ikea_com_835250505",
      "provider": "provider[\"registry.terraform.io/-/genesyscloud\"]",
      "instances": [
        {
          "schema_version": 1,
          "attributes_flat": {
            "acd_auto_answer": "false",
            "addresses.#": "0",
            "certifications.#": "0",
            "department": "",
            "division_id": "b630dc62-a2b4-49b7-a99f-ae1cce5c963a",
            "email": "minli.xu.andersson@ingka.ikea.com",
            "employer_info.#": "0",
            "id": "f2c02b4a-0a4e-4fef-9cac-4557795fad56",
            "locations.#": "0",
            "manager": "",
            "name": "Minli Xu Andersson",
            "profile_skills.#": "0",
            "routing_languages.#": "0",
            "routing_skills.#": "0",
            "routing_utilization.#": "0",
            "state": "active",
            "title": ""
          },
          "sensitive_attributes": []
        }
      ]
    },
    {
      "mode": "managed",
      "type": "genesyscloud_user",
      "name": "mohamed_nabil_hafez_ingka_ikea_com_2154619583",
      "provider": "provider[\"registry.terraform.io/-/genesyscloud\"]",
      "instances": [
        {
          "schema_version": 1,
          "attributes_flat": {
            "acd_auto_answer": "false",
            "addresses.#": "0",
            "certifications.#": "0",
            "department": "",
            "division_id": "b630dc62-a2b4-49b7-a99f-ae1cce5c963a",
            "email": "mohamed.nabil.hafez@ingka.ikea.com",
            "employer_info.#": "0",
            "id": "e1929fca-ebf4-468f-a61a-0f7c83e8d928",
            "locations.#": "0",
            "manager": "",
            "name": "Mohamed Nabil Hafez",
            "profile_skills.#": "0",
            "routing_languages.#": "0",
            "routing_skills.#": "0",
            "routing_utilization.#": "0",
            "state": "active",
            "title": ""
          },
          "sensitive_attributes": []
        }
      ]
    },
    {
      "mode": "managed",
      "type": "genesyscloud_user",
      "name": "mohammad_kashif1_ingka_ikea_com_3518056687",
      "provider": "provider[\"registry.terraform.io/-/genesyscloud\"]",
      "instances": [
        {
          "schema_version": 1,
          "attributes_flat": {
            "acd_auto_answer": "false",
            "addresses.#": "0",
            "certifications.#": "0",
            "department": "",
            "division_id": "b630dc62-a2b4-49b7-a99f-ae1cce5c963a",
            "email": "mohammad.kashif1@ingka.ikea.com",
            "employer_info.#": "0",
            "id": "c64b3ed0-9ee5-469e-9aaa-99703a00fb3d",
            "locations.#": "0",
            "manager": "",
            "name": "Mohammad Kashif",
            "profile_skills.#": "0",
            "routing_languages.#": "1",
            "routing_languages.2866141217.language_id": "b44d0d32-fe5c-447a-aecd-00dab72acdb0",
            "routing_languages.2866141217.proficiency": "0",
            "routing_skills.#": "0",
            "routing_utilization.#": "0",
            "state": "active",
            "title": ""
          },
          "sensitive_attributes": []
        }
      ]
    },
    {
      "mode": "managed",
      "type": "genesyscloud_user",
      "name": "mrtest_ikea_com_3389180835",
      "provider": "provider[\"registry.terraform.io/-/genesyscloud\"]",
      "instances": [
        {
          "schema_version": 1,
          "attributes_flat": {
            "acd_auto_answer": "false",
            "addresses.#": "0",
            "certifications.#": "0",
            "department": "",
            "division_id": "a25a98d3-2974-4567-a732-8824591730b1",
            "email": "mrtest@ikea.com",
            "employer_info.#": "0",
            "id": "a4f6979f-af50-48fd-b71a-916f7519c310",
            "locations.#": "0",
            "manager": "",
            "name": "Mr Test",
            "profile_skills.#": "0",
            "routing_languages.#": "0",
            "routing_skills.#": "0",
            "routing_utilization.#": "0",
            "state": "active",
            "title": ""
          },
          "sensitive_attributes": []
        }
      ]
    },
    {
      "mode": "managed",
      "type": "genesyscloud_user",
      "name": "natalia_shumakova1_ingka_com_3772982904",
      "provider": "provider[\"registry.terraform.io/-/genesyscloud\"]",
      "instances": [
        {
          "schema_version": 1,
          "attributes_flat": {
            "acd_auto_answer": "false",
            "addresses.#": "0",
            "certifications.#": "0",
            "department": "",
            "division_id": "b630dc62-a2b4-49b7-a99f-ae1cce5c963a",
            "email": "natalia.shumakova1@ingka.com",
            "employer_info.#": "0",
            "id": "2d632882-a11c-4db7-97bc-22502366e4f5",
            "locations.#": "0",
            "manager": "",
            "name": "Natalia Shumakova",
            "profile_skills.#": "0",
            "routing_languages.#": "0",
            "routing_skills.#": "0",
            "routing_utilization.#": "0",
            "state": "active",
            "title": ""
          },
          "sensitive_attributes": []
        }
      ]
    },
    {
      "mode": "managed",
      "type": "genesyscloud_user",
      "name": "neil_syndeo_cx_2051929816",
      "provider": "provider[\"registry.terraform.io/-/genesyscloud\"]",
      "instances": [
        {
          "schema_version": 1,
          "attributes_flat": {
            "acd_auto_answer": "false",
            "addresses.#": "0",
            "certifications.#": "0",
            "department": "",
            "division_id": "b630dc62-a2b4-49b7-a99f-ae1cce5c963a",
            "email": "neil@syndeo.cx",
            "employer_info.#": "0",
            "id": "6ac74ca0-e5f0-4965-b4ff-5a537f22546b",
            "locations.#": "0",
            "manager": "",
            "name": "Neil Mulholland",
            "profile_skills.#": "0",
            "routing_languages.#": "0",
            "routing_skills.#": "0",
            "routing_utilization.#": "0",
            "state": "active",
            "title": ""
          },
          "sensitive_attributes": []
        }
      ]
    },
    {
      "mode": "managed",
      "type": "genesyscloud_user",
      "name": "niklas_leidzen_ingka_ikea_com_2053285601",
      "provider": "provider[\"registry.terraform.io/-/genesyscloud\"]",
      "instances": [
        {
          "schema_version": 1,
          "attributes_flat": {
            "acd_auto_answer": "false",
            "addresses.#": "0",
            "certifications.#": "0",
            "department": "",
            "division_id": "b630dc62-a2b4-49b7-a99f-ae1cce5c963a",
            "email": "niklas.leidzen@ingka.ikea.com",
            "employer_info.#": "0",
            "id": "4e575f88-8a54-4cd2-8fdb-c0fb812bffd4",
            "locations.#": "0",
            "manager": "",
            "name": "Niklas Leidzen",
            "profile_skills.#": "0",
            "routing_languages.#": "0",
            "routing_skills.#": "0",
            "routing_utilization.#": "0",
            "state": "active",
            "title": ""
          },
          "sensitive_attributes": []
        }
      ]
    },
    {
      "mode": "managed",
      "type": "genesyscloud_user",
      "name": "nser_katerji_ingka_ikea_com_3274852138",
      "provider": "provider[\"registry.terraform.io/-/genesyscloud\"]",
      "instances": [
        {
          "schema_version": 1,
          "attributes_flat": {
            "acd_auto_answer": "true",
            "addresses.#": "1",
            "addresses.0.other_emails.#": "1",
            "addresses.0.other_emails.596051756.address": "nser.katerji@ingka.ikea.com",
            "addresses.0.other_emails.596051756.type": "WORK",
            "addresses.0.phone_numbers.#": "0",
            "certifications.#": "0",
            "department": "Dig Eng Contact VFI",
            "division_id": "b630dc62-a2b4-49b7-a99f-ae1cce5c963a",
            "email": "nser.katerji@ingka.ikea.com",
            "employer_info.#": "1",
            "employer_info.0.date_hire": "",
            "employer_info.0.employee_id": "23532041",
            "employer_info.0.employee_type": "",
            "employer_info.0.official_name": "",
            "id": "ce84a668-6b7e-4914-a8ea-d400831ba095",
            "locations.#": "0",
            "manager": "010c13f0-1ec5-429d-a100-244de5a32d44",
            "name": "Nser Katerji",
            "profile_skills.#": "0",
            "routing_languages.#": "2",
            "routing_languages.3617729636.language_id": "b44d0d32-fe5c-447a-aecd-00dab72acdb0",
            "routing_languages.3617729636.proficiency": "5",
            "routing_languages.3992123225.language_id": "70710774-1e6a-4602-b84c-3da26ccdf14c",
            "routing_languages.3992123225.proficiency": "0",
            "routing_skills.#": "1",
            "routing_skills.1526372465.proficiency": "5",
            "routing_skills.1526372465.skill_id": "71ef3b6a-7dbf-4ad0-9d4a-593efb1cf1db",
            "routing_utilization.#": "0",
            "state": "active",
            "title": "Software Engineer"
          },
          "sensitive_attributes": []
        }
      ]
    },
    {
      "mode": "managed",
      "type": "genesyscloud_user",
      "name": "nuno_rodrigues2_ingka_com_741182740",
      "provider": "provider[\"registry.terraform.io/-/genesyscloud\"]",
      "instances": [
        {
          "schema_version": 1,
          "attributes_flat": {
            "acd_auto_answer": "false",
            "addresses.#": "0",
            "certifications.#": "0",
            "department": "",
            "division_id": "b630dc62-a2b4-49b7-a99f-ae1cce5c963a",
            "email": "nuno.rodrigues2@ingka.com",
            "employer_info.#": "0",
            "id": "83be7da1-f269-424f-b9c8-fc6e0e25578f",
            "locations.#": "0",
            "manager": "",
            "name": "Nuno Rodrigues",
            "profile_skills.#": "0",
            "routing_languages.#": "0",
            "routing_skills.#": "0",
            "routing_utilization.#": "0",
            "state": "active",
            "title": ""
          },
          "sensitive_attributes": []
        }
      ]
    },
    {
      "mode": "managed",
      "type": "genesyscloud_user",
      "name": "ozlem_yakar_ingka_ikea_com_489125379",
      "provider": "provider[\"registry.terraform.io/-/genesyscloud\"]",
      "instances": [
        {
          "schema_version": 1,
          "attributes_flat": {
            "acd_auto_answer": "false",
            "addresses.#": "0",
            "certifications.#": "0",
            "department": "",
            "division_id": "b630dc62-a2b4-49b7-a99f-ae1cce5c963a",
            "email": "ozlem.yakar@ingka.ikea.com",
            "employer_info.#": "0",
            "id": "c7a47ad2-01f5-4f4a-8b9c-76beae0f310b",
            "locations.#": "0",
            "manager": "",
            "name": "Özlem Yakar",
            "profile_skills.#": "0",
            "routing_languages.#": "0",
            "routing_skills.#": "0",
            "routing_utilization.#": "0",
            "state": "active",
            "title": ""
          },
          "sensitive_attributes": []
        }
      ]
    },
    {
      "mode": "managed",
      "type": "genesyscloud_user",
      "name": "pete_hoyle1_gmail_com_1745268380",
      "provider": "provider[\"registry.terraform.io/-/genesyscloud\"]",
      "instances": [
        {
          "schema_version": 1,
          "attributes_flat": {
            "acd_auto_answer": "false",
            "addresses.#": "0",
            "certifications.#": "0",
            "department": "",
            "division_id": "b630dc62-a2b4-49b7-a99f-ae1cce5c963a",
            "email": "pete.hoyle1@gmail.com",
            "employer_info.#": "0",
            "id": "fcb48a61-6a2a-4dcd-b396-35098a94a9f3",
            "locations.#": "0",
            "manager": "",
            "name": "Pete Test",
            "profile_skills.#": "0",
            "routing_languages.#": "0",
            "routing_skills.#": "0",
            "routing_utilization.#": "0",
            "state": "active",
            "title": ""
          },
          "sensitive_attributes": []
        }
      ]
    },
    {
      "mode": "managed",
      "type": "genesyscloud_user",
      "name": "pete_hoyle_genesys_com_1089448153",
      "provider": "provider[\"registry.terraform.io/-/genesyscloud\"]",
      "instances": [
        {
          "schema_version": 1,
          "attributes_flat": {
            "acd_auto_answer": "false",
            "addresses.#": "0",
            "certifications.#": "0",
            "department": "",
            "division_id": "b630dc62-a2b4-49b7-a99f-ae1cce5c963a",
            "email": "pete.hoyle@genesys.com",
            "employer_info.#": "0",
            "id": "88688fa3-760a-4777-bbd4-6ae2177a86bc",
            "locations.#": "0",
            "manager": "",
            "name": "Pete Hoyle",
            "profile_skills.#": "0",
            "routing_languages.#": "0",
            "routing_skills.#": "0",
            "routing_utilization.#": "0",
            "state": "active",
            "title": ""
          },
          "sensitive_attributes": []
        }
      ]
    },
    {
      "mode": "managed",
      "type": "genesyscloud_user",
      "name": "phelim_lennon_ingka_com_702027585",
      "provider": "provider[\"registry.terraform.io/-/genesyscloud\"]",
      "instances": [
        {
          "schema_version": 1,
          "attributes_flat": {
            "acd_auto_answer": "false",
            "addresses.#": "0",
            "certifications.#": "0",
            "department": "",
            "division_id": "b630dc62-a2b4-49b7-a99f-ae1cce5c963a",
            "email": "phelim.lennon@ingka.com",
            "employer_info.#": "0",
            "id": "14e1cbf0-0667-457e-8079-9ca44f02200c",
            "locations.#": "0",
            "manager": "",
            "name": "Phelim Lennon",
            "profile_skills.#": "0",
            "routing_languages.#": "0",
            "routing_skills.#": "0",
            "routing_utilization.#": "0",
            "state": "active",
            "title": ""
          },
          "sensitive_attributes": []
        }
      ]
    },
    {
      "mode": "managed",
      "type": "genesyscloud_user",
      "name": "prasad_sawant1_ingka_com_2304854140",
      "provider": "provider[\"registry.terraform.io/-/genesyscloud\"]",
      "instances": [
        {
          "schema_version": 1,
          "attributes_flat": {
            "acd_auto_answer": "false",
            "addresses.#": "0",
            "certifications.#": "0",
            "department": "",
            "division_id": "b630dc62-a2b4-49b7-a99f-ae1cce5c963a",
            "email": "prasad.sawant1@ingka.com",
            "employer_info.#": "0",
            "id": "396ed46e-ff16-4a8f-ad40-ec77b631c3cd",
            "locations.#": "0",
            "manager": "",
            "name": "Prasad Sawant",
            "profile_skills.#": "0",
            "routing_languages.#": "1",
            "routing_languages.3992123225.language_id": "70710774-1e6a-4602-b84c-3da26ccdf14c",
            "routing_languages.3992123225.proficiency": "0",
            "routing_skills.#": "1",
            "routing_skills.2441922525.proficiency": "0",
            "routing_skills.2441922525.skill_id": "71ef3b6a-7dbf-4ad0-9d4a-593efb1cf1db",
            "routing_utilization.#": "0",
            "state": "active",
            "title": ""
          },
          "sensitive_attributes": []
        }
      ]
    },
    {
      "mode": "managed",
      "type": "genesyscloud_user",
      "name": "pratibha_bevinamatti_ingka_ikea_com_1904776481",
      "provider": "provider[\"registry.terraform.io/-/genesyscloud\"]",
      "instances": [
        {
          "schema_version": 1,
          "attributes_flat": {
            "acd_auto_answer": "false",
            "addresses.#": "1",
            "addresses.0.other_emails.#": "1",
            "addresses.0.other_emails.2432583815.address": "pratibha.bevinamatti@ingka.ikea.com",
            "addresses.0.other_emails.2432583815.type": "WORK",
            "addresses.0.phone_numbers.#": "0",
            "certifications.#": "0",
            "department": "Dig Eng Customer Support India",
            "division_id": "a25a98d3-2974-4567-a732-8824591730b1",
            "email": "pratibha.bevinamatti@ingka.ikea.com",
            "employer_info.#": "1",
            "employer_info.0.date_hire": "",
            "employer_info.0.employee_id": "40004773",
            "employer_info.0.employee_type": "",
            "employer_info.0.official_name": "",
            "id": "add25066-91e9-49ac-9f39-b45cfb115d85",
            "locations.#": "0",
            "manager": "",
            "name": "Pratibha Bevinamatti",
            "profile_skills.#": "0",
            "routing_languages.#": "0",
            "routing_skills.#": "0",
            "routing_utilization.#": "0",
            "state": "active",
            "title": "Software Engineer"
          },
          "sensitive_attributes": []
        }
      ]
    },
    {
      "mode": "managed",
      "type": "genesyscloud_user",
      "name": "radhika_saravgi_ingka_ikea_com_189342971",
      "provider": "provider[\"registry.terraform.io/-/genesyscloud\"]",
      "instances": [
        {
          "schema_version": 1,
          "attributes_flat": {
            "acd_auto_answer": "false",
            "addresses.#": "1",
            "addresses.0.other_emails.#": "1",
            "addresses.0.other_emails.921126852.address": "radhika.saravgi@ingka.ikea.com",
            "addresses.0.other_emails.921126852.type": "WORK",
            "addresses.0.phone_numbers.#": "0",
            "certifications.#": "0",
            "department": "Dig Eng Customer Support India",
            "division_id": "a25a98d3-2974-4567-a732-8824591730b1",
            "email": "radhika.saravgi@ingka.ikea.com",
            "employer_info.#": "1",
            "employer_info.0.date_hire": "",
            "employer_info.0.employee_id": "40004893",
            "employer_info.0.employee_type": "",
            "employer_info.0.official_name": "",
            "id": "90f35274-941b-456a-b706-ddb3bf9756ed",
            "locations.#": "0",
            "manager": "",
            "name": "Radhika Saravgi",
            "profile_skills.#": "0",
            "routing_languages.#": "0",
            "routing_skills.#": "0",
            "routing_utilization.#": "0",
            "state": "active",
            "title": "Software Engineer"
          },
          "sensitive_attributes": []
        }
      ]
    },
    {
      "mode": "managed",
      "type": "genesyscloud_user",
      "name": "rene_guillot_genesys_com_1258304352",
      "provider": "provider[\"registry.terraform.io/-/genesyscloud\"]",
      "instances": [
        {
          "schema_version": 1,
          "attributes_flat": {
            "acd_auto_answer": "false",
            "addresses.#": "0",
            "certifications.#": "0",
            "department": "",
            "division_id": "b630dc62-a2b4-49b7-a99f-ae1cce5c963a",
            "email": "rene.guillot@genesys.com",
            "employer_info.#": "0",
            "id": "46a5c69d-b8ee-4d09-a630-c03d93a941bc",
            "locations.#": "0",
            "manager": "",
            "name": "Rene Guillot",
            "profile_skills.#": "0",
            "routing_languages.#": "0",
            "routing_skills.#": "0",
            "routing_utilization.#": "0",
            "state": "active",
            "title": ""
          },
          "sensitive_attributes": []
        }
      ]
    },
    {
      "mode": "managed",
      "type": "genesyscloud_user",
      "name": "richa_gupta3_ingka_ikea_com_785115919",
      "provider": "provider[\"registry.terraform.io/-/genesyscloud\"]",
      "instances": [
        {
          "schema_version": 1,
          "attributes_flat": {
            "acd_auto_answer": "false",
            "addresses.#": "0",
            "certifications.#": "0",
            "department": "",
            "division_id": "b630dc62-a2b4-49b7-a99f-ae1cce5c963a",
            "email": "richa.gupta3@ingka.ikea.com",
            "employer_info.#": "0",
            "id": "3ef886b0-4c5c-4ebb-88f7-47785803ac94",
            "locations.#": "0",
            "manager": "",
            "name": "Richa Gupta",
            "profile_skills.#": "0",
            "routing_languages.#": "0",
            "routing_skills.#": "0",
            "routing_utilization.#": "0",
            "state": "active",
            "title": ""
          },
          "sensitive_attributes": []
        }
      ]
    },
    {
      "mode": "managed",
      "type": "genesyscloud_user",
      "name": "rjv_genesys_com_1416001142",
      "provider": "provider[\"registry.terraform.io/-/genesyscloud\"]",
      "instances": [
        {
          "schema_version": 1,
          "attributes_flat": {
            "acd_auto_answer": "false",
            "addresses.#": "0",
            "certifications.#": "0",
            "department": "",
            "division_id": "b630dc62-a2b4-49b7-a99f-ae1cce5c963a",
            "email": "rjv@genesys.com",
            "employer_info.#": "0",
            "id": "237e3ca4-9c2a-4c74-a6cc-108609640ac0",
            "locations.#": "0",
            "manager": "c41285cd-49cd-4e22-af0d-e689e8ff480c",
            "name": "RJV",
            "profile_skills.#": "0",
            "routing_languages.#": "4",
            "routing_languages.1265620632.language_id": "56a22181-7a8b-4b32-a721-182dc4d632c2",
            "routing_languages.1265620632.proficiency": "0",
            "routing_languages.2866141217.language_id": "b44d0d32-fe5c-447a-aecd-00dab72acdb0",
            "routing_languages.2866141217.proficiency": "0",
            "routing_languages.3992123225.language_id": "70710774-1e6a-4602-b84c-3da26ccdf14c",
            "routing_languages.3992123225.proficiency": "0",
            "routing_languages.4073427827.language_id": "11101d12-17dd-48d5-acd8-bbc235f35960",
            "routing_languages.4073427827.proficiency": "0",
            "routing_skills.#": "6",
            "routing_skills.1055678764.proficiency": "0",
            "routing_skills.1055678764.skill_id": "611cf0fe-714f-42e5-9435-d83ce24abaf4",
            "routing_skills.1672843492.proficiency": "0",
            "routing_skills.1672843492.skill_id": "be714e35-ee53-4043-bed8-b73884d0eb93",
            "routing_skills.2441922525.proficiency": "0",
            "routing_skills.2441922525.skill_id": "71ef3b6a-7dbf-4ad0-9d4a-593efb1cf1db",
            "routing_skills.3360934872.proficiency": "0",
            "routing_skills.3360934872.skill_id": "be3c2719-2db6-4979-bb88-f4d288f1efbf",
            "routing_skills.3727870693.proficiency": "0",
            "routing_skills.3727870693.skill_id": "b273667a-8cf2-4322-8e06-c8f9930ac150",
            "routing_skills.4224793043.proficiency": "0",
            "routing_skills.4224793043.skill_id": "c37a04f5-32b0-453f-b5b1-721f9a41df27",
            "routing_utilization.#": "0",
            "state": "active",
            "title": ""
          },
          "sensitive_attributes": []
        }
      ]
    },
    {
      "mode": "managed",
      "type": "genesyscloud_user",
      "name": "robert_tonyka_genesys_com_1739414718",
      "provider": "provider[\"registry.terraform.io/-/genesyscloud\"]",
      "instances": [
        {
          "schema_version": 1,
          "attributes_flat": {
            "acd_auto_answer": "false",
            "addresses.#": "0",
            "certifications.#": "0",
            "department": "",
            "division_id": "b630dc62-a2b4-49b7-a99f-ae1cce5c963a",
            "email": "robert.tonyka@genesys.com",
            "employer_info.#": "0",
            "id": "bfb4d0db-2c68-40f1-aaa6-f409326f1db3",
            "locations.#": "0",
            "manager": "",
            "name": "Robert Tonyka",
            "profile_skills.#": "0",
            "routing_languages.#": "0",
            "routing_skills.#": "0",
            "routing_utilization.#": "0",
            "state": "active",
            "title": ""
          },
          "sensitive_attributes": []
        }
      ]
    },
    {
      "mode": "managed",
      "type": "genesyscloud_user",
      "name": "robert_veenendaal_genesys_com_2660596675",
      "provider": "provider[\"registry.terraform.io/-/genesyscloud\"]",
      "instances": [
        {
          "schema_version": 1,
          "attributes_flat": {
            "acd_auto_answer": "false",
            "addresses.#": "0",
            "certifications.#": "0",
            "department": "",
            "division_id": "b630dc62-a2b4-49b7-a99f-ae1cce5c963a",
            "email": "robert.veenendaal@genesys.com",
            "employer_info.#": "0",
            "id": "c41285cd-49cd-4e22-af0d-e689e8ff480c",
            "locations.#": "0",
            "manager": "",
            "name": "Robert Veenendaal",
            "profile_skills.#": "0",
            "routing_languages.#": "3",
            "routing_languages.1265620632.language_id": "56a22181-7a8b-4b32-a721-182dc4d632c2",
            "routing_languages.1265620632.proficiency": "0",
            "routing_languages.3992123225.language_id": "70710774-1e6a-4602-b84c-3da26ccdf14c",
            "routing_languages.3992123225.proficiency": "0",
            "routing_languages.4073427827.language_id": "11101d12-17dd-48d5-acd8-bbc235f35960",
            "routing_languages.4073427827.proficiency": "0",
            "routing_skills.#": "6",
            "routing_skills.1055678764.proficiency": "0",
            "routing_skills.1055678764.skill_id": "611cf0fe-714f-42e5-9435-d83ce24abaf4",
            "routing_skills.1672843492.proficiency": "0",
            "routing_skills.1672843492.skill_id": "be714e35-ee53-4043-bed8-b73884d0eb93",
            "routing_skills.2441922525.proficiency": "0",
            "routing_skills.2441922525.skill_id": "71ef3b6a-7dbf-4ad0-9d4a-593efb1cf1db",
            "routing_skills.3360934872.proficiency": "0",
            "routing_skills.3360934872.skill_id": "be3c2719-2db6-4979-bb88-f4d288f1efbf",
            "routing_skills.3727870693.proficiency": "0",
            "routing_skills.3727870693.skill_id": "b273667a-8cf2-4322-8e06-c8f9930ac150",
            "routing_skills.4224793043.proficiency": "0",
            "routing_skills.4224793043.skill_id": "c37a04f5-32b0-453f-b5b1-721f9a41df27",
            "routing_utilization.#": "1",
            "routing_utilization.0.call.#": "1",
            "routing_utilization.0.call.0.include_non_acd": "false",
            "routing_utilization.0.call.0.interruptible_media_types.#": "0",
            "routing_utilization.0.call.0.maximum_capacity": "2",
            "routing_utilization.0.callback.#": "1",
            "routing_utilization.0.callback.0.include_non_acd": "false",
            "routing_utilization.0.callback.0.interruptible_media_types.#": "0",
            "routing_utilization.0.callback.0.maximum_capacity": "1",
            "routing_utilization.0.chat.#": "1",
            "routing_utilization.0.chat.0.include_non_acd": "false",
            "routing_utilization.0.chat.0.interruptible_media_types.#": "0",
            "routing_utilization.0.chat.0.maximum_capacity": "4",
            "routing_utilization.0.email.#": "1",
            "routing_utilization.0.email.0.include_non_acd": "false",
            "routing_utilization.0.email.0.interruptible_media_types.#": "3",
            "routing_utilization.0.email.0.interruptible_media_types.1433391533": "chat",
            "routing_utilization.0.email.0.interruptible_media_types.2728695085": "call",
            "routing_utilization.0.email.0.interruptible_media_types.2977790496": "callback",
            "routing_utilization.0.email.0.maximum_capacity": "1",
            "routing_utilization.0.message.#": "1",
            "routing_utilization.0.message.0.include_non_acd": "false",
            "routing_utilization.0.message.0.interruptible_media_types.#": "0",
            "routing_utilization.0.message.0.maximum_capacity": "2",
            "state": "active",
            "title": ""
          },
          "sensitive_attributes": []
        }
      ]
    },
    {
      "mode": "managed",
      "type": "genesyscloud_user",
      "name": "robin_sachdeva1_ingka_com_974881552",
      "provider": "provider[\"registry.terraform.io/-/genesyscloud\"]",
      "instances": [
        {
          "schema_version": 1,
          "attributes_flat": {
            "acd_auto_answer": "false",
            "addresses.#": "0",
            "certifications.#": "0",
            "department": "",
            "division_id": "b630dc62-a2b4-49b7-a99f-ae1cce5c963a",
            "email": "robin.sachdeva1@ingka.com",
            "employer_info.#": "0",
            "id": "3a4cee59-5fcf-490a-8b60-dd483bb822ce",
            "locations.#": "0",
            "manager": "",
            "name": "Robin Sachdeva",
            "profile_skills.#": "0",
            "routing_languages.#": "1",
            "routing_languages.3468238117.language_id": "b44d0d32-fe5c-447a-aecd-00dab72acdb0",
            "routing_languages.3468238117.proficiency": "4",
            "routing_skills.#": "1",
            "routing_skills.1732998317.proficiency": "4",
            "routing_skills.1732998317.skill_id": "71ef3b6a-7dbf-4ad0-9d4a-593efb1cf1db",
            "routing_utilization.#": "0",
            "state": "active",
            "title": ""
          },
          "sensitive_attributes": []
        }
      ]
    },
    {
      "mode": "managed",
      "type": "genesyscloud_user",
      "name": "sandbox-user_ikea_ocm_692101565",
      "provider": "provider[\"registry.terraform.io/-/genesyscloud\"]",
      "instances": [
        {
          "schema_version": 1,
          "attributes_flat": {
            "acd_auto_answer": "false",
            "addresses.#": "0",
            "certifications.#": "0",
            "department": "",
            "division_id": "b630dc62-a2b4-49b7-a99f-ae1cce5c963a",
            "email": "sandbox-user@ikea.ocm",
            "employer_info.#": "0",
            "id": "b1de32ca-caa0-4508-8786-7de6e8091690",
            "locations.#": "0",
            "manager": "",
            "name": "sandbox",
            "profile_skills.#": "0",
            "routing_languages.#": "0",
            "routing_skills.#": "0",
            "routing_utilization.#": "0",
            "state": "active",
            "title": ""
          },
          "sensitive_attributes": []
        }
      ]
    },
    {
      "mode": "managed",
      "type": "genesyscloud_user",
      "name": "sean_davids_ingka_ikea_com_705728052",
      "provider": "provider[\"registry.terraform.io/-/genesyscloud\"]",
      "instances": [
        {
          "schema_version": 1,
          "attributes_flat": {
            "acd_auto_answer": "false",
            "addresses.#": "0",
            "certifications.#": "0",
            "department": "",
            "division_id": "b630dc62-a2b4-49b7-a99f-ae1cce5c963a",
            "email": "sean.davids@ingka.ikea.com",
            "employer_info.#": "0",
            "id": "4c75f81e-2641-4e6a-ac03-c39268cf676b",
            "locations.#": "0",
            "manager": "",
            "name": "Sean Davids",
            "profile_skills.#": "0",
            "routing_languages.#": "0",
            "routing_skills.#": "0",
            "routing_utilization.#": "0",
            "state": "active",
            "title": ""
          },
          "sensitive_attributes": []
        }
      ]
    },
    {
      "mode": "managed",
      "type": "genesyscloud_user",
      "name": "seif_tabaja_ingka_ikea_com_1060838408",
      "provider": "provider[\"registry.terraform.io/-/genesyscloud\"]",
      "instances": [
        {
          "schema_version": 1,
          "attributes_flat": {
            "acd_auto_answer": "false",
            "addresses.#": "0",
            "certifications.#": "0",
            "department": "",
            "division_id": "b630dc62-a2b4-49b7-a99f-ae1cce5c963a",
            "email": "seif.tabaja@ingka.ikea.com",
            "employer_info.#": "0",
            "id": "d9101e8c-70df-40fe-9fce-230be42d0946",
            "locations.#": "0",
            "manager": "",
            "name": "Seif Tabaja",
            "profile_skills.#": "0",
            "routing_languages.#": "0",
            "routing_skills.#": "0",
            "routing_utilization.#": "0",
            "state": "inactive",
            "title": ""
          },
          "sensitive_attributes": []
        }
      ]
    },
    {
      "mode": "managed",
      "type": "genesyscloud_user",
      "name": "shazia_shafique_genesys_com_1153840280",
      "provider": "provider[\"registry.terraform.io/-/genesyscloud\"]",
      "instances": [
        {
          "schema_version": 1,
          "attributes_flat": {
            "acd_auto_answer": "false",
            "addresses.#": "0",
            "certifications.#": "0",
            "department": "",
            "division_id": "b630dc62-a2b4-49b7-a99f-ae1cce5c963a",
            "email": "shazia.shafique@genesys.com",
            "employer_info.#": "0",
            "id": "e92d2f99-3945-472d-96ae-493dc52fa53d",
            "locations.#": "0",
            "manager": "",
            "name": "Shazia Shafique",
            "profile_skills.#": "0",
            "routing_languages.#": "0",
            "routing_skills.#": "0",
            "routing_utilization.#": "0",
            "state": "active",
            "title": ""
          },
          "sensitive_attributes": []
        }
      ]
    },
    {
      "mode": "managed",
      "type": "genesyscloud_user",
      "name": "srboljub_stojadinovic_ingka_ikea_com_4047216642",
      "provider": "provider[\"registry.terraform.io/-/genesyscloud\"]",
      "instances": [
        {
          "schema_version": 1,
          "attributes_flat": {
            "acd_auto_answer": "true",
            "addresses.#": "0",
            "certifications.#": "0",
            "department": "",
            "division_id": "1ceb0dcb-d018-434c-bd84-2fa9b820fa13",
            "email": "srboljub.stojadinovic@ingka.ikea.com",
            "employer_info.#": "0",
            "id": "8bb0a1f5-410b-43d3-8556-d0b533651dee",
            "locations.#": "0",
            "manager": "",
            "name": "srboljub stojadinovic",
            "profile_skills.#": "0",
            "routing_languages.#": "3",
            "routing_languages.2866141217.language_id": "b44d0d32-fe5c-447a-aecd-00dab72acdb0",
            "routing_languages.2866141217.proficiency": "0",
            "routing_languages.2985297032.language_id": "25ae9fb5-87a8-4218-9561-9c1926ed0978",
            "routing_languages.2985297032.proficiency": "0",
            "routing_languages.3992123225.language_id": "70710774-1e6a-4602-b84c-3da26ccdf14c",
            "routing_languages.3992123225.proficiency": "0",
            "routing_skills.#": "0",
            "routing_utilization.#": "0",
            "state": "active",
            "title": ""
          },
          "sensitive_attributes": []
        }
      ]
    },
    {
      "mode": "managed",
      "type": "genesyscloud_user",
      "name": "t_t_com_874548262",
      "provider": "provider[\"registry.terraform.io/-/genesyscloud\"]",
      "instances": [
        {
          "schema_version": 1,
          "attributes_flat": {
            "acd_auto_answer": "false",
            "addresses.#": "0",
            "certifications.#": "0",
            "department": "",
            "division_id": "b630dc62-a2b4-49b7-a99f-ae1cce5c963a",
            "email": "t@t.com",
            "employer_info.#": "0",
            "id": "8f122e54-7cd1-4bec-8b93-38713d51df65",
            "locations.#": "0",
            "manager": "",
            "name": "TBTest",
            "profile_skills.#": "0",
            "routing_languages.#": "0",
            "routing_skills.#": "0",
            "routing_utilization.#": "0",
            "state": "active",
            "title": ""
          },
          "sensitive_attributes": []
        }
      ]
    },
    {
      "mode": "managed",
      "type": "genesyscloud_user",
      "name": "temp_admin_com_787148651",
      "provider": "provider[\"registry.terraform.io/-/genesyscloud\"]",
      "instances": [
        {
          "schema_version": 1,
          "attributes_flat": {
            "acd_auto_answer": "false",
            "addresses.#": "0",
            "certifications.#": "0",
            "department": "",
            "division_id": "b630dc62-a2b4-49b7-a99f-ae1cce5c963a",
            "email": "temp@admin.com",
            "employer_info.#": "0",
            "id": "f4215742-fe8b-48f0-ba8b-62588c3eaac2",
            "locations.#": "0",
            "manager": "",
            "name": "Temp Admin",
            "profile_skills.#": "0",
            "routing_languages.#": "0",
            "routing_skills.#": "0",
            "routing_utilization.#": "0",
            "state": "inactive",
            "title": ""
          },
          "sensitive_attributes": []
        }
      ]
    },
    {
      "mode": "managed",
      "type": "genesyscloud_user",
      "name": "test_test_com_4019464682",
      "provider": "provider[\"registry.terraform.io/-/genesyscloud\"]",
      "instances": [
        {
          "schema_version": 1,
          "attributes_flat": {
            "acd_auto_answer": "false",
            "addresses.#": "0",
            "certifications.#": "0",
            "department": "",
            "division_id": "b630dc62-a2b4-49b7-a99f-ae1cce5c963a",
            "email": "test@test.com",
            "employer_info.#": "0",
            "id": "88b50998-c662-4534-b6de-904a88f586c7",
            "locations.#": "0",
            "manager": "",
            "name": "Test LAR",
            "profile_skills.#": "0",
            "routing_languages.#": "0",
            "routing_skills.#": "0",
            "routing_utilization.#": "0",
            "state": "active",
            "title": ""
          },
          "sensitive_attributes": []
        }
      ]
    },
    {
      "mode": "managed",
      "type": "genesyscloud_user",
      "name": "vardhraj_savalgi_ingka_ikea_com_1404368425",
      "provider": "provider[\"registry.terraform.io/-/genesyscloud\"]",
      "instances": [
        {
          "schema_version": 1,
          "attributes_flat": {
            "acd_auto_answer": "false",
            "addresses.#": "1",
            "addresses.0.other_emails.#": "1",
            "addresses.0.other_emails.3609768828.address": "vardhraj.savalgi@ingka.ikea.com",
            "addresses.0.other_emails.3609768828.type": "WORK",
            "addresses.0.phone_numbers.#": "1",
            "addresses.0.phone_numbers.3074408093.extension": "",
            "addresses.0.phone_numbers.3074408093.media_type": "PHONE",
            "addresses.0.phone_numbers.3074408093.number": "+46730965998",
            "addresses.0.phone_numbers.3074408093.type": "WORK",
            "certifications.#": "0",
            "department": "Dig Eng Contact VFI",
            "division_id": "a25a98d3-2974-4567-a732-8824591730b1",
            "email": "vardhraj.savalgi@ingka.ikea.com",
            "employer_info.#": "1",
            "employer_info.0.date_hire": "",
            "employer_info.0.employee_id": "23535678",
            "employer_info.0.employee_type": "",
            "employer_info.0.official_name": "",
            "id": "473779e6-0e63-4ab2-bdd6-b213a80416b4",
            "locations.#": "0",
            "manager": "010c13f0-1ec5-429d-a100-244de5a32d44",
            "name": "Vardhraj Savalgi",
            "profile_skills.#": "0",
            "routing_languages.#": "0",
            "routing_skills.#": "0",
            "routing_utilization.#": "0",
            "state": "active",
            "title": "Systems Engineer"
          },
          "sensitive_attributes": []
        }
      ]
    },
    {
      "mode": "managed",
      "type": "genesyscloud_user",
      "name": "viktor_palmkvist2_ingka_ikea_com_2308160288",
      "provider": "provider[\"registry.terraform.io/-/genesyscloud\"]",
      "instances": [
        {
          "schema_version": 1,
          "attributes_flat": {
            "acd_auto_answer": "false",
            "addresses.#": "0",
            "certifications.#": "0",
            "department": "",
            "division_id": "b630dc62-a2b4-49b7-a99f-ae1cce5c963a",
            "email": "viktor.palmkvist2@ingka.ikea.com",
            "employer_info.#": "0",
            "id": "58422a52-2161-47fc-980c-f4e2b4928af9",
            "locations.#": "0",
            "manager": "",
            "name": "Viktor Palmqvist",
            "profile_skills.#": "0",
            "routing_languages.#": "0",
            "routing_skills.#": "0",
            "routing_utilization.#": "0",
            "state": "inactive",
            "title": ""
          },
          "sensitive_attributes": []
        }
      ]
    },
    {
      "mode": "managed",
      "type": "genesyscloud_user",
      "name": "webrtc_ingka_com_245341667",
      "provider": "provider[\"registry.terraform.io/-/genesyscloud\"]",
      "instances": [
        {
          "schema_version": 1,
          "attributes_flat": {
            "acd_auto_answer": "false",
            "addresses.#": "0",
            "certifications.#": "0",
            "department": "",
            "division_id": "b630dc62-a2b4-49b7-a99f-ae1cce5c963a",
            "email": "webrtc@ingka.com",
            "employer_info.#": "0",
            "id": "f2e5025f-567d-47b6-bbbf-8b9a80e28282",
            "locations.#": "0",
            "manager": "",
            "name": "Jone Dohe",
            "profile_skills.#": "0",
            "routing_languages.#": "0",
            "routing_skills.#": "0",
            "routing_utilization.#": "0",
            "state": "inactive",
            "title": ""
          },
          "sensitive_attributes": []
        }
      ]
    },
    {
      "mode": "managed",
      "type": "genesyscloud_user",
      "name": "wildtest_ikea_com_3247757380",
      "provider": "provider[\"registry.terraform.io/-/genesyscloud\"]",
      "instances": [
        {
          "schema_version": 1,
          "attributes_flat": {
            "acd_auto_answer": "false",
            "addresses.#": "0",
            "certifications.#": "0",
            "department": "",
            "division_id": "b630dc62-a2b4-49b7-a99f-ae1cce5c963a",
            "email": "wildtest@ikea.com",
            "employer_info.#": "0",
            "id": "75fe5f1f-871e-452a-a958-5b034dcdb5c4",
            "locations.#": "0",
            "manager": "",
            "name": "Chris Wild Test",
            "profile_skills.#": "0",
            "routing_languages.#": "0",
            "routing_skills.#": "0",
            "routing_utilization.#": "0",
            "state": "active",
            "title": ""
          },
          "sensitive_attributes": []
        }
      ]
    },
    {
      "mode": "managed",
      "type": "genesyscloud_user",
      "name": "yasir_saddiq_ingka_com_3041214908",
      "provider": "provider[\"registry.terraform.io/-/genesyscloud\"]",
      "instances": [
        {
          "schema_version": 1,
          "attributes_flat": {
            "acd_auto_answer": "false",
            "addresses.#": "0",
            "certifications.#": "0",
            "department": "",
            "division_id": "b630dc62-a2b4-49b7-a99f-ae1cce5c963a",
            "email": "yasir.saddiq@ingka.com",
            "employer_info.#": "0",
            "id": "844f81f4-0f69-4b73-8344-039efde515ce",
            "locations.#": "0",
            "manager": "",
            "name": "Yasir Saddiq",
            "profile_skills.#": "0",
            "routing_languages.#": "0",
            "routing_skills.#": "0",
            "routing_utilization.#": "0",
            "state": "active",
            "title": ""
          },
          "sensitive_attributes": []
        }
      ]
    },
    {
      "mode": "managed",
      "type": "genesyscloud_user",
      "name": "zoltan_czifra_ingka_ikea_com_1738269257",
      "provider": "provider[\"registry.terraform.io/-/genesyscloud\"]",
      "instances": [
        {
          "schema_version": 1,
          "attributes_flat": {
            "acd_auto_answer": "false",
            "addresses.#": "0",
            "certifications.#": "0",
            "department": "",
            "division_id": "b630dc62-a2b4-49b7-a99f-ae1cce5c963a",
            "email": "zoltan.czifra@ingka.ikea.com",
            "employer_info.#": "0",
            "id": "b94c1098-211b-469f-a80e-4ce45988f131",
            "locations.#": "0",
            "manager": "",
            "name": "Zoltan Czifra",
            "profile_skills.#": "0",
            "routing_languages.#": "0",
            "routing_skills.#": "0",
            "routing_utilization.#": "0",
            "state": "active",
            "title": ""
          },
          "sensitive_attributes": []
        }
      ]
    },
    {
      "mode": "managed",
      "type": "genesyscloud_user_roles",
      "name": "Harsha_Belur_Ashok_genesys_com_3377487542",
      "provider": "provider[\"registry.terraform.io/-/genesyscloud\"]",
      "instances": [
        {
          "schema_version": 1,
          "attributes_flat": {
            "id": "e3771744-122e-4d3c-be10-4848c2cc4d53",
            "roles.#": "27",
            "roles.1000279987.division_ids.#": "1",
            "roles.1000279987.division_ids.2679715827": "*",
            "roles.1000279987.role_id": "c5cbbfcf-5a8d-4a37-a5d6-ffe8bef77fc2",
            "roles.1570778998.division_ids.#": "1",
            "roles.1570778998.division_ids.2679715827": "*",
            "roles.1570778998.role_id": "ad8543d7-915b-4d94-aae6-56c67c5684f7",
            "roles.1577793818.division_ids.#": "1",
            "roles.1577793818.division_ids.2679715827": "*",
            "roles.1577793818.role_id": "0d56e7f7-4703-4d91-9265-28bd9a0bc24c",
            "roles.1607137255.division_ids.#": "1",
            "roles.1607137255.division_ids.2679715827": "*",
            "roles.1607137255.role_id": "bbb9c3e2-f563-4117-ac6c-e574fcb8dfe8",
            "roles.1695700693.division_ids.#": "1",
            "roles.1695700693.division_ids.2679715827": "*",
            "roles.1695700693.role_id": "8d6c7020-252c-415a-979f-441d6b6b1029",
            "roles.176440615.division_ids.#": "1",
            "roles.176440615.division_ids.2679715827": "*",
            "roles.176440615.role_id": "db86928a-59e9-4219-abab-7d7eeed412c4",
            "roles.1800086936.division_ids.#": "1",
            "roles.1800086936.division_ids.2679715827": "*",
            "roles.1800086936.role_id": "47ac5324-86bc-4dfc-b240-2a3f93e08969",
            "roles.1846790089.division_ids.#": "1",
            "roles.1846790089.division_ids.2679715827": "*",
            "roles.1846790089.role_id": "ce756ab6-5a32-4161-ad27-b536ab341b29",
            "roles.2273285854.division_ids.#": "1",
            "roles.2273285854.division_ids.2679715827": "*",
            "roles.2273285854.role_id": "a6da46a2-1bfd-442a-b2c0-8d778c6d5872",
            "roles.232496287.division_ids.#": "1",
            "roles.232496287.division_ids.2679715827": "*",
            "roles.232496287.role_id": "3a034733-cf8f-4904-8475-c5d4c00fedce",
            "roles.2471269730.division_ids.#": "1",
            "roles.2471269730.division_ids.2679715827": "*",
            "roles.2471269730.role_id": "3a60b116-56f4-42ec-b60a-1ce4574762fd",
            "roles.2529242751.division_ids.#": "1",
            "roles.2529242751.division_ids.2679715827": "*",
            "roles.2529242751.role_id": "561a4d1b-ebde-4591-a453-2e16541b4f6d",
            "roles.2540872602.division_ids.#": "1",
            "roles.2540872602.division_ids.2679715827": "*",
            "roles.2540872602.role_id": "f78f3ba8-ea81-4570-a8bd-6db26c29de58",
            "roles.2734346817.division_ids.#": "1",
            "roles.2734346817.division_ids.2679715827": "*",
            "roles.2734346817.role_id": "2b254576-401a-433a-bcff-78b746bc23a3",
            "roles.3001481789.division_ids.#": "1",
            "roles.3001481789.division_ids.2679715827": "*",
            "roles.3001481789.role_id": "8b93e754-cc8f-43ef-9c11-739962163f11",
            "roles.3394753612.division_ids.#": "1",
            "roles.3394753612.division_ids.2679715827": "*",
            "roles.3394753612.role_id": "227e3de8-8d2a-4d2e-bdc2-8adc8f594c39",
            "roles.3397597804.division_ids.#": "1",
            "roles.3397597804.division_ids.2679715827": "*",
            "roles.3397597804.role_id": "1b01d7dd-cad6-469c-bcac-cd0e30037d65",
            "roles.3603539335.division_ids.#": "1",
            "roles.3603539335.division_ids.2679715827": "*",
            "roles.3603539335.role_id": "fd369073-424e-41fa-9d3b-50109732d415",
            "roles.3654566581.division_ids.#": "1",
            "roles.3654566581.division_ids.2679715827": "*",
            "roles.3654566581.role_id": "b070d6ed-0c3b-4b49-90d2-e46f11812798",
            "roles.3799229526.division_ids.#": "1",
            "roles.3799229526.division_ids.2679715827": "*",
            "roles.3799229526.role_id": "fbbe1cb5-93d6-4c89-a565-3ee0d6a8dd54",
            "roles.3846480189.division_ids.#": "1",
            "roles.3846480189.division_ids.2679715827": "*",
            "roles.3846480189.role_id": "6ac21293-c4fc-4d45-a1d6-2c3e29a48536",
            "roles.3915934626.division_ids.#": "1",
            "roles.3915934626.division_ids.2679715827": "*",
            "roles.3915934626.role_id": "7dd2421b-fed9-4965-959f-36ac44b18d20",
            "roles.4035901778.division_ids.#": "1",
            "roles.4035901778.division_ids.2679715827": "*",
            "roles.4035901778.role_id": "5905d49c-0d6f-4ab3-810f-b18fc41b50e9",
            "roles.4181391225.division_ids.#": "1",
            "roles.4181391225.division_ids.2679715827": "*",
            "roles.4181391225.role_id": "fc8b784a-fa6e-4b9d-854b-cba26d9f3642",
            "roles.4292108871.division_ids.#": "1",
            "roles.4292108871.division_ids.2679715827": "*",
            "roles.4292108871.role_id": "e33cd79a-1880-4e49-b5fd-987b57ec9a1a",
            "roles.666735136.division_ids.#": "1",
            "roles.666735136.division_ids.2679715827": "*",
            "roles.666735136.role_id": "e45ae909-9347-4182-a8c1-d221a9806ba6",
            "roles.782358384.division_ids.#": "1",
            "roles.782358384.division_ids.2679715827": "*",
            "roles.782358384.role_id": "13811ca6-e5df-45ee-8690-7f0982c6a179",
            "user_id": "e3771744-122e-4d3c-be10-4848c2cc4d53"
          },
          "sensitive_attributes": []
        }
      ]
    },
    {
      "mode": "managed",
      "type": "genesyscloud_user_roles",
      "name": "Jean_Alexis_Dulay_genesys_com_45030378",
      "provider": "provider[\"registry.terraform.io/-/genesyscloud\"]",
      "instances": [
        {
          "schema_version": 1,
          "attributes_flat": {
            "id": "1f06fc72-cb20-42cf-9344-00ed9e2f65f1",
            "roles.#": "24",
            "roles.1000279987.division_ids.#": "1",
            "roles.1000279987.division_ids.2679715827": "*",
            "roles.1000279987.role_id": "c5cbbfcf-5a8d-4a37-a5d6-ffe8bef77fc2",
            "roles.1570778998.division_ids.#": "1",
            "roles.1570778998.division_ids.2679715827": "*",
            "roles.1570778998.role_id": "ad8543d7-915b-4d94-aae6-56c67c5684f7",
            "roles.1577793818.division_ids.#": "1",
            "roles.1577793818.division_ids.2679715827": "*",
            "roles.1577793818.role_id": "0d56e7f7-4703-4d91-9265-28bd9a0bc24c",
            "roles.1607137255.division_ids.#": "1",
            "roles.1607137255.division_ids.2679715827": "*",
            "roles.1607137255.role_id": "bbb9c3e2-f563-4117-ac6c-e574fcb8dfe8",
            "roles.1695700693.division_ids.#": "1",
            "roles.1695700693.division_ids.2679715827": "*",
            "roles.1695700693.role_id": "8d6c7020-252c-415a-979f-441d6b6b1029",
            "roles.176440615.division_ids.#": "1",
            "roles.176440615.division_ids.2679715827": "*",
            "roles.176440615.role_id": "db86928a-59e9-4219-abab-7d7eeed412c4",
            "roles.1800086936.division_ids.#": "1",
            "roles.1800086936.division_ids.2679715827": "*",
            "roles.1800086936.role_id": "47ac5324-86bc-4dfc-b240-2a3f93e08969",
            "roles.1846790089.division_ids.#": "1",
            "roles.1846790089.division_ids.2679715827": "*",
            "roles.1846790089.role_id": "ce756ab6-5a32-4161-ad27-b536ab341b29",
            "roles.2273285854.division_ids.#": "1",
            "roles.2273285854.division_ids.2679715827": "*",
            "roles.2273285854.role_id": "a6da46a2-1bfd-442a-b2c0-8d778c6d5872",
            "roles.232496287.division_ids.#": "1",
            "roles.232496287.division_ids.2679715827": "*",
            "roles.232496287.role_id": "3a034733-cf8f-4904-8475-c5d4c00fedce",
            "roles.2471269730.division_ids.#": "1",
            "roles.2471269730.division_ids.2679715827": "*",
            "roles.2471269730.role_id": "3a60b116-56f4-42ec-b60a-1ce4574762fd",
            "roles.2529242751.division_ids.#": "1",
            "roles.2529242751.division_ids.2679715827": "*",
            "roles.2529242751.role_id": "561a4d1b-ebde-4591-a453-2e16541b4f6d",
            "roles.2540872602.division_ids.#": "1",
            "roles.2540872602.division_ids.2679715827": "*",
            "roles.2540872602.role_id": "f78f3ba8-ea81-4570-a8bd-6db26c29de58",
            "roles.2734346817.division_ids.#": "1",
            "roles.2734346817.division_ids.2679715827": "*",
            "roles.2734346817.role_id": "2b254576-401a-433a-bcff-78b746bc23a3",
            "roles.3001481789.division_ids.#": "1",
            "roles.3001481789.division_ids.2679715827": "*",
            "roles.3001481789.role_id": "8b93e754-cc8f-43ef-9c11-739962163f11",
            "roles.3394753612.division_ids.#": "1",
            "roles.3394753612.division_ids.2679715827": "*",
            "roles.3394753612.role_id": "227e3de8-8d2a-4d2e-bdc2-8adc8f594c39",
            "roles.3397597804.division_ids.#": "1",
            "roles.3397597804.division_ids.2679715827": "*",
            "roles.3397597804.role_id": "1b01d7dd-cad6-469c-bcac-cd0e30037d65",
            "roles.3654566581.division_ids.#": "1",
            "roles.3654566581.division_ids.2679715827": "*",
            "roles.3654566581.role_id": "b070d6ed-0c3b-4b49-90d2-e46f11812798",
            "roles.3799229526.division_ids.#": "1",
            "roles.3799229526.division_ids.2679715827": "*",
            "roles.3799229526.role_id": "fbbe1cb5-93d6-4c89-a565-3ee0d6a8dd54",
            "roles.3915934626.division_ids.#": "1",
            "roles.3915934626.division_ids.2679715827": "*",
            "roles.3915934626.role_id": "7dd2421b-fed9-4965-959f-36ac44b18d20",
            "roles.4181391225.division_ids.#": "1",
            "roles.4181391225.division_ids.2679715827": "*",
            "roles.4181391225.role_id": "fc8b784a-fa6e-4b9d-854b-cba26d9f3642",
            "roles.4292108871.division_ids.#": "1",
            "roles.4292108871.division_ids.2679715827": "*",
            "roles.4292108871.role_id": "e33cd79a-1880-4e49-b5fd-987b57ec9a1a",
            "roles.666735136.division_ids.#": "1",
            "roles.666735136.division_ids.2679715827": "*",
            "roles.666735136.role_id": "e45ae909-9347-4182-a8c1-d221a9806ba6",
            "roles.782358384.division_ids.#": "1",
            "roles.782358384.division_ids.2679715827": "*",
            "roles.782358384.role_id": "13811ca6-e5df-45ee-8690-7f0982c6a179",
            "user_id": "1f06fc72-cb20-42cf-9344-00ed9e2f65f1"
          },
          "sensitive_attributes": []
        }
      ]
    },
    {
      "mode": "managed",
      "type": "genesyscloud_user_roles",
      "name": "Laurent_Pret_genesys_com_3224743020",
      "provider": "provider[\"registry.terraform.io/-/genesyscloud\"]",
      "instances": [
        {
          "schema_version": 1,
          "attributes_flat": {
            "id": "2ffe8c48-cea0-4a4a-8a3b-4cc32951aef2",
            "roles.#": "26",
            "roles.1000279987.division_ids.#": "1",
            "roles.1000279987.division_ids.2679715827": "*",
            "roles.1000279987.role_id": "c5cbbfcf-5a8d-4a37-a5d6-ffe8bef77fc2",
            "roles.1567176663.division_ids.#": "1",
            "roles.1567176663.division_ids.3287469570": "b630dc62-a2b4-49b7-a99f-ae1cce5c963a",
            "roles.1567176663.role_id": "fd369073-424e-41fa-9d3b-50109732d415",
            "roles.1570778998.division_ids.#": "1",
            "roles.1570778998.division_ids.2679715827": "*",
            "roles.1570778998.role_id": "ad8543d7-915b-4d94-aae6-56c67c5684f7",
            "roles.1577793818.division_ids.#": "1",
            "roles.1577793818.division_ids.2679715827": "*",
            "roles.1577793818.role_id": "0d56e7f7-4703-4d91-9265-28bd9a0bc24c",
            "roles.1695700693.division_ids.#": "1",
            "roles.1695700693.division_ids.2679715827": "*",
            "roles.1695700693.role_id": "8d6c7020-252c-415a-979f-441d6b6b1029",
            "roles.176440615.division_ids.#": "1",
            "roles.176440615.division_ids.2679715827": "*",
            "roles.176440615.role_id": "db86928a-59e9-4219-abab-7d7eeed412c4",
            "roles.1800086936.division_ids.#": "1",
            "roles.1800086936.division_ids.2679715827": "*",
            "roles.1800086936.role_id": "47ac5324-86bc-4dfc-b240-2a3f93e08969",
            "roles.1846790089.division_ids.#": "1",
            "roles.1846790089.division_ids.2679715827": "*",
            "roles.1846790089.role_id": "ce756ab6-5a32-4161-ad27-b536ab341b29",
            "roles.2273285854.division_ids.#": "1",
            "roles.2273285854.division_ids.2679715827": "*",
            "roles.2273285854.role_id": "a6da46a2-1bfd-442a-b2c0-8d778c6d5872",
            "roles.232496287.division_ids.#": "1",
            "roles.232496287.division_ids.2679715827": "*",
            "roles.232496287.role_id": "3a034733-cf8f-4904-8475-c5d4c00fedce",
            "roles.2471269730.division_ids.#": "1",
            "roles.2471269730.division_ids.2679715827": "*",
            "roles.2471269730.role_id": "3a60b116-56f4-42ec-b60a-1ce4574762fd",
            "roles.2529242751.division_ids.#": "1",
            "roles.2529242751.division_ids.2679715827": "*",
            "roles.2529242751.role_id": "561a4d1b-ebde-4591-a453-2e16541b4f6d",
            "roles.2540872602.division_ids.#": "1",
            "roles.2540872602.division_ids.2679715827": "*",
            "roles.2540872602.role_id": "f78f3ba8-ea81-4570-a8bd-6db26c29de58",
            "roles.2734346817.division_ids.#": "1",
            "roles.2734346817.division_ids.2679715827": "*",
            "roles.2734346817.role_id": "2b254576-401a-433a-bcff-78b746bc23a3",
            "roles.3001481789.division_ids.#": "1",
            "roles.3001481789.division_ids.2679715827": "*",
            "roles.3001481789.role_id": "8b93e754-cc8f-43ef-9c11-739962163f11",
            "roles.314195557.division_ids.#": "1",
            "roles.314195557.division_ids.3287469570": "b630dc62-a2b4-49b7-a99f-ae1cce5c963a",
            "roles.314195557.role_id": "e27c15c2-4193-42e8-9e3f-cc659997ede4",
            "roles.3394753612.division_ids.#": "1",
            "roles.3394753612.division_ids.2679715827": "*",
            "roles.3394753612.role_id": "227e3de8-8d2a-4d2e-bdc2-8adc8f594c39",
            "roles.3397597804.division_ids.#": "1",
            "roles.3397597804.division_ids.2679715827": "*",
            "roles.3397597804.role_id": "1b01d7dd-cad6-469c-bcac-cd0e30037d65",
            "roles.3654566581.division_ids.#": "1",
            "roles.3654566581.division_ids.2679715827": "*",
            "roles.3654566581.role_id": "b070d6ed-0c3b-4b49-90d2-e46f11812798",
            "roles.3799229526.division_ids.#": "1",
            "roles.3799229526.division_ids.2679715827": "*",
            "roles.3799229526.role_id": "fbbe1cb5-93d6-4c89-a565-3ee0d6a8dd54",
            "roles.3915934626.division_ids.#": "1",
            "roles.3915934626.division_ids.2679715827": "*",
            "roles.3915934626.role_id": "7dd2421b-fed9-4965-959f-36ac44b18d20",
            "roles.4181391225.division_ids.#": "1",
            "roles.4181391225.division_ids.2679715827": "*",
            "roles.4181391225.role_id": "fc8b784a-fa6e-4b9d-854b-cba26d9f3642",
            "roles.4280496186.division_ids.#": "1",
            "roles.4280496186.division_ids.3287469570": "b630dc62-a2b4-49b7-a99f-ae1cce5c963a",
            "roles.4280496186.role_id": "ed004f43-d7f9-4556-9b5a-ee16df4afc5e",
            "roles.4292108871.division_ids.#": "1",
            "roles.4292108871.division_ids.2679715827": "*",
            "roles.4292108871.role_id": "e33cd79a-1880-4e49-b5fd-987b57ec9a1a",
            "roles.666735136.division_ids.#": "1",
            "roles.666735136.division_ids.2679715827": "*",
            "roles.666735136.role_id": "e45ae909-9347-4182-a8c1-d221a9806ba6",
            "roles.782358384.division_ids.#": "1",
            "roles.782358384.division_ids.2679715827": "*",
            "roles.782358384.role_id": "13811ca6-e5df-45ee-8690-7f0982c6a179",
            "user_id": "2ffe8c48-cea0-4a4a-8a3b-4cc32951aef2"
          },
          "sensitive_attributes": []
        }
      ]
    },
    {
      "mode": "managed",
      "type": "genesyscloud_user_roles",
      "name": "Maikel_Beerens_genesys_com_228681623",
      "provider": "provider[\"registry.terraform.io/-/genesyscloud\"]",
      "instances": [
        {
          "schema_version": 1,
          "attributes_flat": {
            "id": "baf14bd5-58c2-4e6d-b195-d0239c14c711",
            "roles.#": "26",
            "roles.1000279987.division_ids.#": "1",
            "roles.1000279987.division_ids.2679715827": "*",
            "roles.1000279987.role_id": "c5cbbfcf-5a8d-4a37-a5d6-ffe8bef77fc2",
            "roles.1570778998.division_ids.#": "1",
            "roles.1570778998.division_ids.2679715827": "*",
            "roles.1570778998.role_id": "ad8543d7-915b-4d94-aae6-56c67c5684f7",
            "roles.1577793818.division_ids.#": "1",
            "roles.1577793818.division_ids.2679715827": "*",
            "roles.1577793818.role_id": "0d56e7f7-4703-4d91-9265-28bd9a0bc24c",
            "roles.1607137255.division_ids.#": "1",
            "roles.1607137255.division_ids.2679715827": "*",
            "roles.1607137255.role_id": "bbb9c3e2-f563-4117-ac6c-e574fcb8dfe8",
            "roles.1695700693.division_ids.#": "1",
            "roles.1695700693.division_ids.2679715827": "*",
            "roles.1695700693.role_id": "8d6c7020-252c-415a-979f-441d6b6b1029",
            "roles.176440615.division_ids.#": "1",
            "roles.176440615.division_ids.2679715827": "*",
            "roles.176440615.role_id": "db86928a-59e9-4219-abab-7d7eeed412c4",
            "roles.1800086936.division_ids.#": "1",
            "roles.1800086936.division_ids.2679715827": "*",
            "roles.1800086936.role_id": "47ac5324-86bc-4dfc-b240-2a3f93e08969",
            "roles.1846790089.division_ids.#": "1",
            "roles.1846790089.division_ids.2679715827": "*",
            "roles.1846790089.role_id": "ce756ab6-5a32-4161-ad27-b536ab341b29",
            "roles.2206934942.division_ids.#": "1",
            "roles.2206934942.division_ids.2679715827": "*",
            "roles.2206934942.role_id": "5ea2715b-b50f-429e-8394-1a3579457f1f",
            "roles.2273285854.division_ids.#": "1",
            "roles.2273285854.division_ids.2679715827": "*",
            "roles.2273285854.role_id": "a6da46a2-1bfd-442a-b2c0-8d778c6d5872",
            "roles.232496287.division_ids.#": "1",
            "roles.232496287.division_ids.2679715827": "*",
            "roles.232496287.role_id": "3a034733-cf8f-4904-8475-c5d4c00fedce",
            "roles.2471269730.division_ids.#": "1",
            "roles.2471269730.division_ids.2679715827": "*",
            "roles.2471269730.role_id": "3a60b116-56f4-42ec-b60a-1ce4574762fd",
            "roles.2529242751.division_ids.#": "1",
            "roles.2529242751.division_ids.2679715827": "*",
            "roles.2529242751.role_id": "561a4d1b-ebde-4591-a453-2e16541b4f6d",
            "roles.2540872602.division_ids.#": "1",
            "roles.2540872602.division_ids.2679715827": "*",
            "roles.2540872602.role_id": "f78f3ba8-ea81-4570-a8bd-6db26c29de58",
            "roles.2581905080.division_ids.#": "1",
            "roles.2581905080.division_ids.2679715827": "*",
            "roles.2581905080.role_id": "8f0168c8-f8b7-42ba-b771-1d4649115a0c",
            "roles.2734346817.division_ids.#": "1",
            "roles.2734346817.division_ids.2679715827": "*",
            "roles.2734346817.role_id": "2b254576-401a-433a-bcff-78b746bc23a3",
            "roles.3001481789.division_ids.#": "1",
            "roles.3001481789.division_ids.2679715827": "*",
            "roles.3001481789.role_id": "8b93e754-cc8f-43ef-9c11-739962163f11",
            "roles.3394753612.division_ids.#": "1",
            "roles.3394753612.division_ids.2679715827": "*",
            "roles.3394753612.role_id": "227e3de8-8d2a-4d2e-bdc2-8adc8f594c39",
            "roles.3397597804.division_ids.#": "1",
            "roles.3397597804.division_ids.2679715827": "*",
            "roles.3397597804.role_id": "1b01d7dd-cad6-469c-bcac-cd0e30037d65",
            "roles.3654566581.division_ids.#": "1",
            "roles.3654566581.division_ids.2679715827": "*",
            "roles.3654566581.role_id": "b070d6ed-0c3b-4b49-90d2-e46f11812798",
            "roles.3799229526.division_ids.#": "1",
            "roles.3799229526.division_ids.2679715827": "*",
            "roles.3799229526.role_id": "fbbe1cb5-93d6-4c89-a565-3ee0d6a8dd54",
            "roles.3915934626.division_ids.#": "1",
            "roles.3915934626.division_ids.2679715827": "*",
            "roles.3915934626.role_id": "7dd2421b-fed9-4965-959f-36ac44b18d20",
            "roles.4181391225.division_ids.#": "1",
            "roles.4181391225.division_ids.2679715827": "*",
            "roles.4181391225.role_id": "fc8b784a-fa6e-4b9d-854b-cba26d9f3642",
            "roles.4292108871.division_ids.#": "1",
            "roles.4292108871.division_ids.2679715827": "*",
            "roles.4292108871.role_id": "e33cd79a-1880-4e49-b5fd-987b57ec9a1a",
            "roles.666735136.division_ids.#": "1",
            "roles.666735136.division_ids.2679715827": "*",
            "roles.666735136.role_id": "e45ae909-9347-4182-a8c1-d221a9806ba6",
            "roles.782358384.division_ids.#": "1",
            "roles.782358384.division_ids.2679715827": "*",
            "roles.782358384.role_id": "13811ca6-e5df-45ee-8690-7f0982c6a179",
            "user_id": "baf14bd5-58c2-4e6d-b195-d0239c14c711"
          },
          "sensitive_attributes": []
        }
      ]
    },
    {
      "mode": "managed",
      "type": "genesyscloud_user_roles",
      "name": "Pavithra_Girirajanna_genesys_com_2583587785",
      "provider": "provider[\"registry.terraform.io/-/genesyscloud\"]",
      "instances": [
        {
          "schema_version": 1,
          "attributes_flat": {
            "id": "a86f4758-ccd5-43b0-ace7-5db2750eec02",
            "roles.#": "0",
            "user_id": "a86f4758-ccd5-43b0-ace7-5db2750eec02"
          },
          "sensitive_attributes": []
        }
      ]
    },
    {
      "mode": "managed",
      "type": "genesyscloud_user_roles",
      "name": "Raymond_Marchand_genesys_com_3531735066",
      "provider": "provider[\"registry.terraform.io/-/genesyscloud\"]",
      "instances": [
        {
          "schema_version": 1,
          "attributes_flat": {
            "id": "b08dcf2e-af0b-4bd0-bbde-9fcac72dd36a",
            "roles.#": "0",
            "user_id": "b08dcf2e-af0b-4bd0-bbde-9fcac72dd36a"
          },
          "sensitive_attributes": []
        }
      ]
    },
    {
      "mode": "managed",
      "type": "genesyscloud_user_roles",
      "name": "Tytus_Bunka_genesys_com_312749222",
      "provider": "provider[\"registry.terraform.io/-/genesyscloud\"]",
      "instances": [
        {
          "schema_version": 1,
          "attributes_flat": {
            "id": "c5d2cba6-945b-44cb-8b57-a19974ec7d91",
            "roles.#": "32",
            "roles.1000279987.division_ids.#": "1",
            "roles.1000279987.division_ids.2679715827": "*",
            "roles.1000279987.role_id": "c5cbbfcf-5a8d-4a37-a5d6-ffe8bef77fc2",
            "roles.1045281194.division_ids.#": "1",
            "roles.1045281194.division_ids.3287469570": "b630dc62-a2b4-49b7-a99f-ae1cce5c963a",
            "roles.1045281194.role_id": "0884364c-b6e1-4c3e-94e6-d6b24abc6faf",
            "roles.1097212160.division_ids.#": "1",
            "roles.1097212160.division_ids.3287469570": "b630dc62-a2b4-49b7-a99f-ae1cce5c963a",
            "roles.1097212160.role_id": "b64397f1-6f84-49ba-a9b7-d46dc2349f53",
            "roles.1570778998.division_ids.#": "1",
            "roles.1570778998.division_ids.2679715827": "*",
            "roles.1570778998.role_id": "ad8543d7-915b-4d94-aae6-56c67c5684f7",
            "roles.1577793818.division_ids.#": "1",
            "roles.1577793818.division_ids.2679715827": "*",
            "roles.1577793818.role_id": "0d56e7f7-4703-4d91-9265-28bd9a0bc24c",
            "roles.1607137255.division_ids.#": "1",
            "roles.1607137255.division_ids.2679715827": "*",
            "roles.1607137255.role_id": "bbb9c3e2-f563-4117-ac6c-e574fcb8dfe8",
            "roles.1695700693.division_ids.#": "1",
            "roles.1695700693.division_ids.2679715827": "*",
            "roles.1695700693.role_id": "8d6c7020-252c-415a-979f-441d6b6b1029",
            "roles.176440615.division_ids.#": "1",
            "roles.176440615.division_ids.2679715827": "*",
            "roles.176440615.role_id": "db86928a-59e9-4219-abab-7d7eeed412c4",
            "roles.1800086936.division_ids.#": "1",
            "roles.1800086936.division_ids.2679715827": "*",
            "roles.1800086936.role_id": "47ac5324-86bc-4dfc-b240-2a3f93e08969",
            "roles.1846790089.division_ids.#": "1",
            "roles.1846790089.division_ids.2679715827": "*",
            "roles.1846790089.role_id": "ce756ab6-5a32-4161-ad27-b536ab341b29",
            "roles.1860449133.division_ids.#": "1",
            "roles.1860449133.division_ids.3287469570": "b630dc62-a2b4-49b7-a99f-ae1cce5c963a",
            "roles.1860449133.role_id": "6ac21293-c4fc-4d45-a1d6-2c3e29a48536",
            "roles.2273285854.division_ids.#": "1",
            "roles.2273285854.division_ids.2679715827": "*",
            "roles.2273285854.role_id": "a6da46a2-1bfd-442a-b2c0-8d778c6d5872",
            "roles.232496287.division_ids.#": "1",
            "roles.232496287.division_ids.2679715827": "*",
            "roles.232496287.role_id": "3a034733-cf8f-4904-8475-c5d4c00fedce",
            "roles.2471269730.division_ids.#": "1",
            "roles.2471269730.division_ids.2679715827": "*",
            "roles.2471269730.role_id": "3a60b116-56f4-42ec-b60a-1ce4574762fd",
            "roles.2529242751.division_ids.#": "1",
            "roles.2529242751.division_ids.2679715827": "*",
            "roles.2529242751.role_id": "561a4d1b-ebde-4591-a453-2e16541b4f6d",
            "roles.2540872602.division_ids.#": "1",
            "roles.2540872602.division_ids.2679715827": "*",
            "roles.2540872602.role_id": "f78f3ba8-ea81-4570-a8bd-6db26c29de58",
            "roles.2734346817.division_ids.#": "1",
            "roles.2734346817.division_ids.2679715827": "*",
            "roles.2734346817.role_id": "2b254576-401a-433a-bcff-78b746bc23a3",
            "roles.2830775472.division_ids.#": "1",
            "roles.2830775472.division_ids.3287469570": "b630dc62-a2b4-49b7-a99f-ae1cce5c963a",
            "roles.2830775472.role_id": "140b6d97-2ae9-4015-b4d9-3b2fffd65a6a",
            "roles.3001481789.division_ids.#": "1",
            "roles.3001481789.division_ids.2679715827": "*",
            "roles.3001481789.role_id": "8b93e754-cc8f-43ef-9c11-739962163f11",
            "roles.3065112393.division_ids.#": "1",
            "roles.3065112393.division_ids.3287469570": "b630dc62-a2b4-49b7-a99f-ae1cce5c963a",
            "roles.3065112393.role_id": "949a0e41-d92d-410e-842a-09d38546eafe",
            "roles.314195557.division_ids.#": "1",
            "roles.314195557.division_ids.3287469570": "b630dc62-a2b4-49b7-a99f-ae1cce5c963a",
            "roles.314195557.role_id": "e27c15c2-4193-42e8-9e3f-cc659997ede4",
            "roles.3394753612.division_ids.#": "1",
            "roles.3394753612.division_ids.2679715827": "*",
            "roles.3394753612.role_id": "227e3de8-8d2a-4d2e-bdc2-8adc8f594c39",
            "roles.3397597804.division_ids.#": "1",
            "roles.3397597804.division_ids.2679715827": "*",
            "roles.3397597804.role_id": "1b01d7dd-cad6-469c-bcac-cd0e30037d65",
            "roles.3654566581.division_ids.#": "1",
            "roles.3654566581.division_ids.2679715827": "*",
            "roles.3654566581.role_id": "b070d6ed-0c3b-4b49-90d2-e46f11812798",
            "roles.3799229526.division_ids.#": "1",
            "roles.3799229526.division_ids.2679715827": "*",
            "roles.3799229526.role_id": "fbbe1cb5-93d6-4c89-a565-3ee0d6a8dd54",
            "roles.3915934626.division_ids.#": "1",
            "roles.3915934626.division_ids.2679715827": "*",
            "roles.3915934626.role_id": "7dd2421b-fed9-4965-959f-36ac44b18d20",
            "roles.4181391225.division_ids.#": "1",
            "roles.4181391225.division_ids.2679715827": "*",
            "roles.4181391225.role_id": "fc8b784a-fa6e-4b9d-854b-cba26d9f3642",
            "roles.4280496186.division_ids.#": "1",
            "roles.4280496186.division_ids.3287469570": "b630dc62-a2b4-49b7-a99f-ae1cce5c963a",
            "roles.4280496186.role_id": "ed004f43-d7f9-4556-9b5a-ee16df4afc5e",
            "roles.4292108871.division_ids.#": "1",
            "roles.4292108871.division_ids.2679715827": "*",
            "roles.4292108871.role_id": "e33cd79a-1880-4e49-b5fd-987b57ec9a1a",
            "roles.666735136.division_ids.#": "1",
            "roles.666735136.division_ids.2679715827": "*",
            "roles.666735136.role_id": "e45ae909-9347-4182-a8c1-d221a9806ba6",
            "roles.782358384.division_ids.#": "1",
            "roles.782358384.division_ids.2679715827": "*",
            "roles.782358384.role_id": "13811ca6-e5df-45ee-8690-7f0982c6a179",
            "roles.930104986.division_ids.#": "1",
            "roles.930104986.division_ids.3287469570": "b630dc62-a2b4-49b7-a99f-ae1cce5c963a",
            "roles.930104986.role_id": "4f984014-ca87-4f06-b309-b963140c3e6c",
            "user_id": "c5d2cba6-945b-44cb-8b57-a19974ec7d91"
          },
          "sensitive_attributes": []
        }
      ]
    },
    {
      "mode": "managed",
      "type": "genesyscloud_user_roles",
      "name": "Vikashini_Loganathan_genesys_com_51830341",
      "provider": "provider[\"registry.terraform.io/-/genesyscloud\"]",
      "instances": [
        {
          "schema_version": 1,
          "attributes_flat": {
            "id": "a97b2f7e-c982-49c6-a47c-764677160901",
            "roles.#": "24",
            "roles.1000279987.division_ids.#": "1",
            "roles.1000279987.division_ids.2679715827": "*",
            "roles.1000279987.role_id": "c5cbbfcf-5a8d-4a37-a5d6-ffe8bef77fc2",
            "roles.1570778998.division_ids.#": "1",
            "roles.1570778998.division_ids.2679715827": "*",
            "roles.1570778998.role_id": "ad8543d7-915b-4d94-aae6-56c67c5684f7",
            "roles.1577793818.division_ids.#": "1",
            "roles.1577793818.division_ids.2679715827": "*",
            "roles.1577793818.role_id": "0d56e7f7-4703-4d91-9265-28bd9a0bc24c",
            "roles.1607137255.division_ids.#": "1",
            "roles.1607137255.division_ids.2679715827": "*",
            "roles.1607137255.role_id": "bbb9c3e2-f563-4117-ac6c-e574fcb8dfe8",
            "roles.1695700693.division_ids.#": "1",
            "roles.1695700693.division_ids.2679715827": "*",
            "roles.1695700693.role_id": "8d6c7020-252c-415a-979f-441d6b6b1029",
            "roles.176440615.division_ids.#": "1",
            "roles.176440615.division_ids.2679715827": "*",
            "roles.176440615.role_id": "db86928a-59e9-4219-abab-7d7eeed412c4",
            "roles.1800086936.division_ids.#": "1",
            "roles.1800086936.division_ids.2679715827": "*",
            "roles.1800086936.role_id": "47ac5324-86bc-4dfc-b240-2a3f93e08969",
            "roles.1846790089.division_ids.#": "1",
            "roles.1846790089.division_ids.2679715827": "*",
            "roles.1846790089.role_id": "ce756ab6-5a32-4161-ad27-b536ab341b29",
            "roles.2273285854.division_ids.#": "1",
            "roles.2273285854.division_ids.2679715827": "*",
            "roles.2273285854.role_id": "a6da46a2-1bfd-442a-b2c0-8d778c6d5872",
            "roles.232496287.division_ids.#": "1",
            "roles.232496287.division_ids.2679715827": "*",
            "roles.232496287.role_id": "3a034733-cf8f-4904-8475-c5d4c00fedce",
            "roles.2471269730.division_ids.#": "1",
            "roles.2471269730.division_ids.2679715827": "*",
            "roles.2471269730.role_id": "3a60b116-56f4-42ec-b60a-1ce4574762fd",
            "roles.2529242751.division_ids.#": "1",
            "roles.2529242751.division_ids.2679715827": "*",
            "roles.2529242751.role_id": "561a4d1b-ebde-4591-a453-2e16541b4f6d",
            "roles.2540872602.division_ids.#": "1",
            "roles.2540872602.division_ids.2679715827": "*",
            "roles.2540872602.role_id": "f78f3ba8-ea81-4570-a8bd-6db26c29de58",
            "roles.2734346817.division_ids.#": "1",
            "roles.2734346817.division_ids.2679715827": "*",
            "roles.2734346817.role_id": "2b254576-401a-433a-bcff-78b746bc23a3",
            "roles.3001481789.division_ids.#": "1",
            "roles.3001481789.division_ids.2679715827": "*",
            "roles.3001481789.role_id": "8b93e754-cc8f-43ef-9c11-739962163f11",
            "roles.3394753612.division_ids.#": "1",
            "roles.3394753612.division_ids.2679715827": "*",
            "roles.3394753612.role_id": "227e3de8-8d2a-4d2e-bdc2-8adc8f594c39",
            "roles.3397597804.division_ids.#": "1",
            "roles.3397597804.division_ids.2679715827": "*",
            "roles.3397597804.role_id": "1b01d7dd-cad6-469c-bcac-cd0e30037d65",
            "roles.3654566581.division_ids.#": "1",
            "roles.3654566581.division_ids.2679715827": "*",
            "roles.3654566581.role_id": "b070d6ed-0c3b-4b49-90d2-e46f11812798",
            "roles.3799229526.division_ids.#": "1",
            "roles.3799229526.division_ids.2679715827": "*",
            "roles.3799229526.role_id": "fbbe1cb5-93d6-4c89-a565-3ee0d6a8dd54",
            "roles.3915934626.division_ids.#": "1",
            "roles.3915934626.division_ids.2679715827": "*",
            "roles.3915934626.role_id": "7dd2421b-fed9-4965-959f-36ac44b18d20",
            "roles.4181391225.division_ids.#": "1",
            "roles.4181391225.division_ids.2679715827": "*",
            "roles.4181391225.role_id": "fc8b784a-fa6e-4b9d-854b-cba26d9f3642",
            "roles.4292108871.division_ids.#": "1",
            "roles.4292108871.division_ids.2679715827": "*",
            "roles.4292108871.role_id": "e33cd79a-1880-4e49-b5fd-987b57ec9a1a",
            "roles.666735136.division_ids.#": "1",
            "roles.666735136.division_ids.2679715827": "*",
            "roles.666735136.role_id": "e45ae909-9347-4182-a8c1-d221a9806ba6",
            "roles.782358384.division_ids.#": "1",
            "roles.782358384.division_ids.2679715827": "*",
            "roles.782358384.role_id": "13811ca6-e5df-45ee-8690-7f0982c6a179",
            "user_id": "a97b2f7e-c982-49c6-a47c-764677160901"
          },
          "sensitive_attributes": []
        }
      ]
    },
    {
      "mode": "managed",
      "type": "genesyscloud_user_roles",
      "name": "alaeddine_jmila_genesys_com_3446166190",
      "provider": "provider[\"registry.terraform.io/-/genesyscloud\"]",
      "instances": [
        {
          "schema_version": 1,
          "attributes_flat": {
            "id": "c033080c-6a55-4ffb-ba0b-2e754496a0ae",
            "roles.#": "0",
            "user_id": "c033080c-6a55-4ffb-ba0b-2e754496a0ae"
          },
          "sensitive_attributes": []
        }
      ]
    },
    {
      "mode": "managed",
      "type": "genesyscloud_user_roles",
      "name": "amit_kumar16_ingka_com_3872316414",
      "provider": "provider[\"registry.terraform.io/-/genesyscloud\"]",
      "instances": [
        {
          "schema_version": 1,
          "attributes_flat": {
            "id": "739d7d7b-424f-4dd9-9982-960f4c6af3ab",
            "roles.#": "0",
            "user_id": "739d7d7b-424f-4dd9-9982-960f4c6af3ab"
          },
          "sensitive_attributes": []
        }
      ]
    },
    {
      "mode": "managed",
      "type": "genesyscloud_user_roles",
      "name": "anna_kack1_ingka_ikea_com_4244439775",
      "provider": "provider[\"registry.terraform.io/-/genesyscloud\"]",
      "instances": [
        {
          "schema_version": 1,
          "attributes_flat": {
            "id": "2395e13d-5c43-4110-ac83-40181ac070e5",
            "roles.#": "19",
            "roles.1024554265.division_ids.#": "1",
            "roles.1024554265.division_ids.2679715827": "*",
            "roles.1024554265.role_id": "949a0e41-d92d-410e-842a-09d38546eafe",
            "roles.1229068114.division_ids.#": "1",
            "roles.1229068114.division_ids.2679715827": "*",
            "roles.1229068114.role_id": "549d0161-3d4c-493c-bc67-013b48018183",
            "roles.1369789018.division_ids.#": "1",
            "roles.1369789018.division_ids.2679715827": "*",
            "roles.1369789018.role_id": "49ff5bb5-7416-46f3-87c1-1c4d7a668e29",
            "roles.138622080.division_ids.#": "1",
            "roles.138622080.division_ids.2679715827": "*",
            "roles.138622080.role_id": "20117e15-a509-4ad6-8fef-9248f9533e6f",
            "roles.1917761333.division_ids.#": "1",
            "roles.1917761333.division_ids.2679715827": "*",
            "roles.1917761333.role_id": "2920a86a-2465-4b10-a09e-31942b5205e8",
            "roles.1954783850.division_ids.#": "1",
            "roles.1954783850.division_ids.2679715827": "*",
            "roles.1954783850.role_id": "ed004f43-d7f9-4556-9b5a-ee16df4afc5e",
            "roles.2070264168.division_ids.#": "1",
            "roles.2070264168.division_ids.2679715827": "*",
            "roles.2070264168.role_id": "ab5f50e6-578b-4833-a9fa-05846b662554",
            "roles.2096523547.division_ids.#": "1",
            "roles.2096523547.division_ids.2679715827": "*",
            "roles.2096523547.role_id": "1ae0edc4-13a1-4949-a4f3-132cbf6244d3",
            "roles.2418038759.division_ids.#": "1",
            "roles.2418038759.division_ids.2679715827": "*",
            "roles.2418038759.role_id": "5d777ba6-825a-44ef-b71e-c807ab01d4c6",
            "roles.2568662069.division_ids.#": "1",
            "roles.2568662069.division_ids.2679715827": "*",
            "roles.2568662069.role_id": "e27c15c2-4193-42e8-9e3f-cc659997ede4",
            "roles.3052219386.division_ids.#": "1",
            "roles.3052219386.division_ids.2679715827": "*",
            "roles.3052219386.role_id": "0884364c-b6e1-4c3e-94e6-d6b24abc6faf",
            "roles.3167802570.division_ids.#": "1",
            "roles.3167802570.division_ids.2679715827": "*",
            "roles.3167802570.role_id": "4f984014-ca87-4f06-b309-b963140c3e6c",
            "roles.3310813643.division_ids.#": "1",
            "roles.3310813643.division_ids.2679715827": "*",
            "roles.3310813643.role_id": "94170e9f-8c34-48d9-be22-cc31a05f475e",
            "roles.3402019664.division_ids.#": "1",
            "roles.3402019664.division_ids.2679715827": "*",
            "roles.3402019664.role_id": "b64397f1-6f84-49ba-a9b7-d46dc2349f53",
            "roles.3520244314.division_ids.#": "1",
            "roles.3520244314.division_ids.3287469570": "b630dc62-a2b4-49b7-a99f-ae1cce5c963a",
            "roles.3520244314.role_id": "4c05c376-f323-403d-ba48-8dded517e061",
            "roles.3846480189.division_ids.#": "1",
            "roles.3846480189.division_ids.2679715827": "*",
            "roles.3846480189.role_id": "6ac21293-c4fc-4d45-a1d6-2c3e29a48536",
            "roles.3915934626.division_ids.#": "1",
            "roles.3915934626.division_ids.2679715827": "*",
            "roles.3915934626.role_id": "7dd2421b-fed9-4965-959f-36ac44b18d20",
            "roles.4133909323.division_ids.#": "1",
            "roles.4133909323.division_ids.2679715827": "*",
            "roles.4133909323.role_id": "322cd789-11c7-4768-9da3-866c58a15294",
            "roles.588949216.division_ids.#": "1",
            "roles.588949216.division_ids.2679715827": "*",
            "roles.588949216.role_id": "140b6d97-2ae9-4015-b4d9-3b2fffd65a6a",
            "user_id": "2395e13d-5c43-4110-ac83-40181ac070e5"
          },
          "sensitive_attributes": []
        }
      ]
    },
    {
      "mode": "managed",
      "type": "genesyscloud_user_roles",
      "name": "annatestikea_gmail_com_2778193602",
      "provider": "provider[\"registry.terraform.io/-/genesyscloud\"]",
      "instances": [
        {
          "schema_version": 1,
          "attributes_flat": {
            "id": "2d66021a-f045-42b5-be7e-82d2626f040f",
            "roles.#": "5",
            "roles.1657338354.division_ids.#": "1",
            "roles.1657338354.division_ids.3287469570": "b630dc62-a2b4-49b7-a99f-ae1cce5c963a",
            "roles.1657338354.role_id": "7dd2421b-fed9-4965-959f-36ac44b18d20",
            "roles.2830775472.division_ids.#": "1",
            "roles.2830775472.division_ids.3287469570": "b630dc62-a2b4-49b7-a99f-ae1cce5c963a",
            "roles.2830775472.role_id": "140b6d97-2ae9-4015-b4d9-3b2fffd65a6a",
            "roles.314195557.division_ids.#": "1",
            "roles.314195557.division_ids.3287469570": "b630dc62-a2b4-49b7-a99f-ae1cce5c963a",
            "roles.314195557.role_id": "e27c15c2-4193-42e8-9e3f-cc659997ede4",
            "roles.3347190858.division_ids.#": "1",
            "roles.3347190858.division_ids.3287469570": "b630dc62-a2b4-49b7-a99f-ae1cce5c963a",
            "roles.3347190858.role_id": "797aedd1-ad0e-419e-a143-e5849ccc76eb",
            "roles.4193133925.division_ids.#": "1",
            "roles.4193133925.division_ids.3287469570": "b630dc62-a2b4-49b7-a99f-ae1cce5c963a",
            "roles.4193133925.role_id": "2920a86a-2465-4b10-a09e-31942b5205e8",
            "user_id": "2d66021a-f045-42b5-be7e-82d2626f040f"
          },
          "sensitive_attributes": []
        }
      ]
    },
    {
      "mode": "managed",
      "type": "genesyscloud_user_roles",
      "name": "antonio_arfe1_ingka_com_1026943487",
      "provider": "provider[\"registry.terraform.io/-/genesyscloud\"]",
      "instances": [
        {
          "schema_version": 1,
          "attributes_flat": {
            "id": "cd504519-72d9-4f87-9309-222340700166",
            "roles.#": "0",
            "user_id": "cd504519-72d9-4f87-9309-222340700166"
          },
          "sensitive_attributes": []
        }
      ]
    },
    {
      "mode": "managed",
      "type": "genesyscloud_user_roles",
      "name": "arvind_gupta2_ingka_com_610165725",
      "provider": "provider[\"registry.terraform.io/-/genesyscloud\"]",
      "instances": [
        {
          "schema_version": 1,
          "attributes_flat": {
            "id": "0723e437-6300-40a7-a4fd-3ec1f6657945",
            "roles.#": "5",
            "roles.1567176663.division_ids.#": "1",
            "roles.1567176663.division_ids.3287469570": "b630dc62-a2b4-49b7-a99f-ae1cce5c963a",
            "roles.1567176663.role_id": "fd369073-424e-41fa-9d3b-50109732d415",
            "roles.1657338354.division_ids.#": "1",
            "roles.1657338354.division_ids.3287469570": "b630dc62-a2b4-49b7-a99f-ae1cce5c963a",
            "roles.1657338354.role_id": "7dd2421b-fed9-4965-959f-36ac44b18d20",
            "roles.1775449606.division_ids.#": "1",
            "roles.1775449606.division_ids.3287469570": "b630dc62-a2b4-49b7-a99f-ae1cce5c963a",
            "roles.1775449606.role_id": "fbbe1cb5-93d6-4c89-a565-3ee0d6a8dd54",
            "roles.1922721065.division_ids.#": "1",
            "roles.1922721065.division_ids.3287469570": "b630dc62-a2b4-49b7-a99f-ae1cce5c963a",
            "roles.1922721065.role_id": "fc8b784a-fa6e-4b9d-854b-cba26d9f3642",
            "roles.2884639711.division_ids.#": "1",
            "roles.2884639711.division_ids.2679715827": "*",
            "roles.2884639711.role_id": "5decf065-e6d2-495b-b6d8-237af142bc60",
            "user_id": "0723e437-6300-40a7-a4fd-3ec1f6657945"
          },
          "sensitive_attributes": []
        }
      ]
    },
    {
      "mode": "managed",
      "type": "genesyscloud_user_roles",
      "name": "axel_goteman_ingka_com_3811824575",
      "provider": "provider[\"registry.terraform.io/-/genesyscloud\"]",
      "instances": [
        {
          "schema_version": 1,
          "attributes_flat": {
            "id": "15aef3b7-811c-49f9-9d72-a987cf23b06c",
            "roles.#": "0",
            "user_id": "15aef3b7-811c-49f9-9d72-a987cf23b06c"
          },
          "sensitive_attributes": []
        }
      ]
    },
    {
      "mode": "managed",
      "type": "genesyscloud_user_roles",
      "name": "aziz_surmeli_ingka_ikea_com_4256799695",
      "provider": "provider[\"registry.terraform.io/-/genesyscloud\"]",
      "instances": [
        {
          "schema_version": 1,
          "attributes_flat": {
            "id": "c90b491e-a6a4-4c82-a79e-d1f8b3ec1245",
            "roles.#": "2",
            "roles.2212734672.division_ids.#": "1",
            "roles.2212734672.division_ids.3287469570": "b630dc62-a2b4-49b7-a99f-ae1cce5c963a",
            "roles.2212734672.role_id": "20117e15-a509-4ad6-8fef-9248f9533e6f",
            "roles.4193133925.division_ids.#": "1",
            "roles.4193133925.division_ids.3287469570": "b630dc62-a2b4-49b7-a99f-ae1cce5c963a",
            "roles.4193133925.role_id": "2920a86a-2465-4b10-a09e-31942b5205e8",
            "user_id": "c90b491e-a6a4-4c82-a79e-d1f8b3ec1245"
          },
          "sensitive_attributes": []
        }
      ]
    },
    {
      "mode": "managed",
      "type": "genesyscloud_user_roles",
      "name": "bass_ikea_com_4099585611",
      "provider": "provider[\"registry.terraform.io/-/genesyscloud\"]",
      "instances": [
        {
          "schema_version": 1,
          "attributes_flat": {
            "id": "a564aaec-469b-4e38-bd1e-463933d11c84",
            "roles.#": "5",
            "roles.1657338354.division_ids.#": "1",
            "roles.1657338354.division_ids.3287469570": "b630dc62-a2b4-49b7-a99f-ae1cce5c963a",
            "roles.1657338354.role_id": "7dd2421b-fed9-4965-959f-36ac44b18d20",
            "roles.314195557.division_ids.#": "1",
            "roles.314195557.division_ids.3287469570": "b630dc62-a2b4-49b7-a99f-ae1cce5c963a",
            "roles.314195557.role_id": "e27c15c2-4193-42e8-9e3f-cc659997ede4",
            "roles.4193133925.division_ids.#": "1",
            "roles.4193133925.division_ids.3287469570": "b630dc62-a2b4-49b7-a99f-ae1cce5c963a",
            "roles.4193133925.role_id": "2920a86a-2465-4b10-a09e-31942b5205e8",
            "roles.4280496186.division_ids.#": "1",
            "roles.4280496186.division_ids.3287469570": "b630dc62-a2b4-49b7-a99f-ae1cce5c963a",
            "roles.4280496186.role_id": "ed004f43-d7f9-4556-9b5a-ee16df4afc5e",
            "roles.930104986.division_ids.#": "1",
            "roles.930104986.division_ids.3287469570": "b630dc62-a2b4-49b7-a99f-ae1cce5c963a",
            "roles.930104986.role_id": "4f984014-ca87-4f06-b309-b963140c3e6c",
            "user_id": "a564aaec-469b-4e38-bd1e-463933d11c84"
          },
          "sensitive_attributes": []
        }
      ]
    },
    {
      "mode": "managed",
      "type": "genesyscloud_user_roles",
      "name": "bipin_chacko_ingka_com_3472755621",
      "provider": "provider[\"registry.terraform.io/-/genesyscloud\"]",
      "instances": [
        {
          "schema_version": 1,
          "attributes_flat": {
            "id": "f40d952b-0752-4ad2-9c27-24e364bc790d",
            "roles.#": "12",
            "roles.1352623067.division_ids.#": "1",
            "roles.1352623067.division_ids.2679715827": "*",
            "roles.1352623067.role_id": "e734316b-3a8f-4d02-9474-44f799fe190e",
            "roles.1657338354.division_ids.#": "1",
            "roles.1657338354.division_ids.3287469570": "b630dc62-a2b4-49b7-a99f-ae1cce5c963a",
            "roles.1657338354.role_id": "7dd2421b-fed9-4965-959f-36ac44b18d20",
            "roles.176440615.division_ids.#": "1",
            "roles.176440615.division_ids.2679715827": "*",
            "roles.176440615.role_id": "db86928a-59e9-4219-abab-7d7eeed412c4",
            "roles.1775449606.division_ids.#": "1",
            "roles.1775449606.division_ids.3287469570": "b630dc62-a2b4-49b7-a99f-ae1cce5c963a",
            "roles.1775449606.role_id": "fbbe1cb5-93d6-4c89-a565-3ee0d6a8dd54",
            "roles.2070264168.division_ids.#": "1",
            "roles.2070264168.division_ids.2679715827": "*",
            "roles.2070264168.role_id": "ab5f50e6-578b-4833-a9fa-05846b662554",
            "roles.2212734672.division_ids.#": "1",
            "roles.2212734672.division_ids.3287469570": "b630dc62-a2b4-49b7-a99f-ae1cce5c963a",
            "roles.2212734672.role_id": "20117e15-a509-4ad6-8fef-9248f9533e6f",
            "roles.2418038759.division_ids.#": "1",
            "roles.2418038759.division_ids.2679715827": "*",
            "roles.2418038759.role_id": "5d777ba6-825a-44ef-b71e-c807ab01d4c6",
            "roles.2568662069.division_ids.#": "1",
            "roles.2568662069.division_ids.2679715827": "*",
            "roles.2568662069.role_id": "e27c15c2-4193-42e8-9e3f-cc659997ede4",
            "roles.2830775472.division_ids.#": "1",
            "roles.2830775472.division_ids.3287469570": "b630dc62-a2b4-49b7-a99f-ae1cce5c963a",
            "roles.2830775472.role_id": "140b6d97-2ae9-4015-b4d9-3b2fffd65a6a",
            "roles.3590372646.division_ids.#": "1",
            "roles.3590372646.division_ids.3287469570": "b630dc62-a2b4-49b7-a99f-ae1cce5c963a",
            "roles.3590372646.role_id": "ad8543d7-915b-4d94-aae6-56c67c5684f7",
            "roles.3603539335.division_ids.#": "1",
            "roles.3603539335.division_ids.2679715827": "*",
            "roles.3603539335.role_id": "fd369073-424e-41fa-9d3b-50109732d415",
            "roles.4193133925.division_ids.#": "1",
            "roles.4193133925.division_ids.3287469570": "b630dc62-a2b4-49b7-a99f-ae1cce5c963a",
            "roles.4193133925.role_id": "2920a86a-2465-4b10-a09e-31942b5205e8",
            "user_id": "f40d952b-0752-4ad2-9c27-24e364bc790d"
          },
          "sensitive_attributes": []
        }
      ]
    },
    {
      "mode": "managed",
      "type": "genesyscloud_user_roles",
      "name": "borivoj_rolovic_ingka_ikea_com_4042168859",
      "provider": "provider[\"registry.terraform.io/-/genesyscloud\"]",
      "instances": [
        {
          "schema_version": 1,
          "attributes_flat": {
            "id": "39ff7a48-87f0-4035-a256-e5f7f3c80cc4",
            "roles.#": "2",
            "roles.2212734672.division_ids.#": "1",
            "roles.2212734672.division_ids.3287469570": "b630dc62-a2b4-49b7-a99f-ae1cce5c963a",
            "roles.2212734672.role_id": "20117e15-a509-4ad6-8fef-9248f9533e6f",
            "roles.4193133925.division_ids.#": "1",
            "roles.4193133925.division_ids.3287469570": "b630dc62-a2b4-49b7-a99f-ae1cce5c963a",
            "roles.4193133925.role_id": "2920a86a-2465-4b10-a09e-31942b5205e8",
            "user_id": "39ff7a48-87f0-4035-a256-e5f7f3c80cc4"
          },
          "sensitive_attributes": []
        }
      ]
    },
    {
      "mode": "managed",
      "type": "genesyscloud_user_roles",
      "name": "cecilia_agahi_boberg_ingka_ikea_com_3853569845",
      "provider": "provider[\"registry.terraform.io/-/genesyscloud\"]",
      "instances": [
        {
          "schema_version": 1,
          "attributes_flat": {
            "id": "ad9fb2ad-60ea-48eb-a28e-31bcef7daea8",
            "roles.#": "6",
            "roles.1570778998.division_ids.#": "1",
            "roles.1570778998.division_ids.2679715827": "*",
            "roles.1570778998.role_id": "ad8543d7-915b-4d94-aae6-56c67c5684f7",
            "roles.2471269730.division_ids.#": "1",
            "roles.2471269730.division_ids.2679715827": "*",
            "roles.2471269730.role_id": "3a60b116-56f4-42ec-b60a-1ce4574762fd",
            "roles.2533181018.division_ids.#": "1",
            "roles.2533181018.division_ids.1534144880": "f023b698-ce82-46db-904e-7898c96ba1c8",
            "roles.2533181018.role_id": "ed004f43-d7f9-4556-9b5a-ee16df4afc5e",
            "roles.2540872602.division_ids.#": "1",
            "roles.2540872602.division_ids.2679715827": "*",
            "roles.2540872602.role_id": "f78f3ba8-ea81-4570-a8bd-6db26c29de58",
            "roles.3603539335.division_ids.#": "1",
            "roles.3603539335.division_ids.2679715827": "*",
            "roles.3603539335.role_id": "fd369073-424e-41fa-9d3b-50109732d415",
            "roles.3915934626.division_ids.#": "1",
            "roles.3915934626.division_ids.2679715827": "*",
            "roles.3915934626.role_id": "7dd2421b-fed9-4965-959f-36ac44b18d20",
            "user_id": "ad9fb2ad-60ea-48eb-a28e-31bcef7daea8"
          },
          "sensitive_attributes": []
        }
      ]
    },
    {
      "mode": "managed",
      "type": "genesyscloud_user_roles",
      "name": "charlie_rydholm_ingka_com_2933720677",
      "provider": "provider[\"registry.terraform.io/-/genesyscloud\"]",
      "instances": [
        {
          "schema_version": 1,
          "attributes_flat": {
            "id": "89ceede7-68f0-454e-b475-2b9cfbf7eb46",
            "roles.#": "0",
            "user_id": "89ceede7-68f0-454e-b475-2b9cfbf7eb46"
          },
          "sensitive_attributes": []
        }
      ]
    },
    {
      "mode": "managed",
      "type": "genesyscloud_user_roles",
      "name": "chris_thornton_ingka_ikea_com_2388306375",
      "provider": "provider[\"registry.terraform.io/-/genesyscloud\"]",
      "instances": [
        {
          "schema_version": 1,
          "attributes_flat": {
            "id": "bf73a337-1c1d-4f60-8fc2-42dfb713a6fe",
            "roles.#": "8",
            "roles.1905950256.division_ids.#": "1",
            "roles.1905950256.division_ids.2553673884": "a25a98d3-2974-4567-a732-8824591730b1",
            "roles.1905950256.role_id": "ed004f43-d7f9-4556-9b5a-ee16df4afc5e",
            "roles.1922721065.division_ids.#": "1",
            "roles.1922721065.division_ids.3287469570": "b630dc62-a2b4-49b7-a99f-ae1cce5c963a",
            "roles.1922721065.role_id": "fc8b784a-fa6e-4b9d-854b-cba26d9f3642",
            "roles.2471269730.division_ids.#": "1",
            "roles.2471269730.division_ids.2679715827": "*",
            "roles.2471269730.role_id": "3a60b116-56f4-42ec-b60a-1ce4574762fd",
            "roles.2540872602.division_ids.#": "1",
            "roles.2540872602.division_ids.2679715827": "*",
            "roles.2540872602.role_id": "f78f3ba8-ea81-4570-a8bd-6db26c29de58",
            "roles.3065940989.division_ids.#": "1",
            "roles.3065940989.division_ids.3287469570": "b630dc62-a2b4-49b7-a99f-ae1cce5c963a",
            "roles.3065940989.role_id": "6a7cd1c2-9c1b-47e0-a589-c46029b4e460",
            "roles.3915934626.division_ids.#": "1",
            "roles.3915934626.division_ids.2679715827": "*",
            "roles.3915934626.role_id": "7dd2421b-fed9-4965-959f-36ac44b18d20",
            "roles.4193133925.division_ids.#": "1",
            "roles.4193133925.division_ids.3287469570": "b630dc62-a2b4-49b7-a99f-ae1cce5c963a",
            "roles.4193133925.role_id": "2920a86a-2465-4b10-a09e-31942b5205e8",
            "roles.875437339.division_ids.#": "2",
            "roles.875437339.division_ids.2553673884": "a25a98d3-2974-4567-a732-8824591730b1",
            "roles.875437339.division_ids.4243745340": "2eeb239b-a48c-4e03-9f80-93a976078ceb",
            "roles.875437339.role_id": "3a034733-cf8f-4904-8475-c5d4c00fedce",
            "user_id": "bf73a337-1c1d-4f60-8fc2-42dfb713a6fe"
          },
          "sensitive_attributes": []
        }
      ]
    },
    {
      "mode": "managed",
      "type": "genesyscloud_user_roles",
      "name": "chris_wild_ingka_ikea_com_1253566165",
      "provider": "provider[\"registry.terraform.io/-/genesyscloud\"]",
      "instances": [
        {
          "schema_version": 1,
          "attributes_flat": {
            "id": "64cb61b9-4a39-44c3-ba1b-93456c401ba2",
            "roles.#": "15",
            "roles.1229068114.division_ids.#": "1",
            "roles.1229068114.division_ids.2679715827": "*",
            "roles.1229068114.role_id": "549d0161-3d4c-493c-bc67-013b48018183",
            "roles.1324848027.division_ids.#": "1",
            "roles.1324848027.division_ids.3287469570": "b630dc62-a2b4-49b7-a99f-ae1cce5c963a",
            "roles.1324848027.role_id": "94170e9f-8c34-48d9-be22-cc31a05f475e",
            "roles.1369789018.division_ids.#": "1",
            "roles.1369789018.division_ids.2679715827": "*",
            "roles.1369789018.role_id": "49ff5bb5-7416-46f3-87c1-1c4d7a668e29",
            "roles.138622080.division_ids.#": "1",
            "roles.138622080.division_ids.2679715827": "*",
            "roles.138622080.role_id": "20117e15-a509-4ad6-8fef-9248f9533e6f",
            "roles.1570778998.division_ids.#": "1",
            "roles.1570778998.division_ids.2679715827": "*",
            "roles.1570778998.role_id": "ad8543d7-915b-4d94-aae6-56c67c5684f7",
            "roles.1917761333.division_ids.#": "1",
            "roles.1917761333.division_ids.2679715827": "*",
            "roles.1917761333.role_id": "2920a86a-2465-4b10-a09e-31942b5205e8",
            "roles.2418038759.division_ids.#": "1",
            "roles.2418038759.division_ids.2679715827": "*",
            "roles.2418038759.role_id": "5d777ba6-825a-44ef-b71e-c807ab01d4c6",
            "roles.2768323872.division_ids.#": "1",
            "roles.2768323872.division_ids.3287469570": "b630dc62-a2b4-49b7-a99f-ae1cce5c963a",
            "roles.2768323872.role_id": "13811ca6-e5df-45ee-8690-7f0982c6a179",
            "roles.3603539335.division_ids.#": "1",
            "roles.3603539335.division_ids.2679715827": "*",
            "roles.3603539335.role_id": "fd369073-424e-41fa-9d3b-50109732d415",
            "roles.3905362434.division_ids.#": "1",
            "roles.3905362434.division_ids.2679715827": "*",
            "roles.3905362434.role_id": "f2196c12-8e06-458c-873d-843f3632bf1a",
            "roles.3915934626.division_ids.#": "1",
            "roles.3915934626.division_ids.2679715827": "*",
            "roles.3915934626.role_id": "7dd2421b-fed9-4965-959f-36ac44b18d20",
            "roles.4039453496.division_ids.#": "1",
            "roles.4039453496.division_ids.3287469570": "b630dc62-a2b4-49b7-a99f-ae1cce5c963a",
            "roles.4039453496.role_id": "ab5f50e6-578b-4833-a9fa-05846b662554",
            "roles.4133909323.division_ids.#": "1",
            "roles.4133909323.division_ids.2679715827": "*",
            "roles.4133909323.role_id": "322cd789-11c7-4768-9da3-866c58a15294",
            "roles.4280496186.division_ids.#": "1",
            "roles.4280496186.division_ids.3287469570": "b630dc62-a2b4-49b7-a99f-ae1cce5c963a",
            "roles.4280496186.role_id": "ed004f43-d7f9-4556-9b5a-ee16df4afc5e",
            "roles.483537354.division_ids.#": "1",
            "roles.483537354.division_ids.3287469570": "b630dc62-a2b4-49b7-a99f-ae1cce5c963a",
            "roles.483537354.role_id": "f78f3ba8-ea81-4570-a8bd-6db26c29de58",
            "user_id": "64cb61b9-4a39-44c3-ba1b-93456c401ba2"
          },
          "sensitive_attributes": []
        }
      ]
    },
    {
      "mode": "managed",
      "type": "genesyscloud_user_roles",
      "name": "daniel_crespo_ingka_ikea_com_3873443859",
      "provider": "provider[\"registry.terraform.io/-/genesyscloud\"]",
      "instances": [
        {
          "schema_version": 1,
          "attributes_flat": {
            "id": "9d3a3037-dbfb-4a1b-ba64-92203198a4fb",
            "roles.#": "3",
            "roles.215942286.division_ids.#": "1",
            "roles.215942286.division_ids.3287469570": "b630dc62-a2b4-49b7-a99f-ae1cce5c963a",
            "roles.215942286.role_id": "a6da46a2-1bfd-442a-b2c0-8d778c6d5872",
            "roles.3590372646.division_ids.#": "1",
            "roles.3590372646.division_ids.3287469570": "b630dc62-a2b4-49b7-a99f-ae1cce5c963a",
            "roles.3590372646.role_id": "ad8543d7-915b-4d94-aae6-56c67c5684f7",
            "roles.693780497.division_ids.#": "1",
            "roles.693780497.division_ids.3287469570": "b630dc62-a2b4-49b7-a99f-ae1cce5c963a",
            "roles.693780497.role_id": "2b254576-401a-433a-bcff-78b746bc23a3",
            "user_id": "9d3a3037-dbfb-4a1b-ba64-92203198a4fb"
          },
          "sensitive_attributes": []
        }
      ]
    },
    {
      "mode": "managed",
      "type": "genesyscloud_user_roles",
      "name": "daniel_evans_ingka_ikea_com_157098862",
      "provider": "provider[\"registry.terraform.io/-/genesyscloud\"]",
      "instances": [
        {
          "schema_version": 1,
          "attributes_flat": {
            "id": "d2ba0de3-875f-43e7-8924-caa696ee48f6",
            "roles.#": "0",
            "user_id": "d2ba0de3-875f-43e7-8924-caa696ee48f6"
          },
          "sensitive_attributes": []
        }
      ]
    },
    {
      "mode": "managed",
      "type": "genesyscloud_user_roles",
      "name": "danny_chorley_ingka_ikea_com_1968271356",
      "provider": "provider[\"registry.terraform.io/-/genesyscloud\"]",
      "instances": [
        {
          "schema_version": 1,
          "attributes_flat": {
            "id": "010c13f0-1ec5-429d-a100-244de5a32d44",
            "roles.#": "5",
            "roles.1567176663.division_ids.#": "1",
            "roles.1567176663.division_ids.3287469570": "b630dc62-a2b4-49b7-a99f-ae1cce5c963a",
            "roles.1567176663.role_id": "fd369073-424e-41fa-9d3b-50109732d415",
            "roles.1657338354.division_ids.#": "1",
            "roles.1657338354.division_ids.3287469570": "b630dc62-a2b4-49b7-a99f-ae1cce5c963a",
            "roles.1657338354.role_id": "7dd2421b-fed9-4965-959f-36ac44b18d20",
            "roles.2768323872.division_ids.#": "1",
            "roles.2768323872.division_ids.3287469570": "b630dc62-a2b4-49b7-a99f-ae1cce5c963a",
            "roles.2768323872.role_id": "13811ca6-e5df-45ee-8690-7f0982c6a179",
            "roles.3590372646.division_ids.#": "1",
            "roles.3590372646.division_ids.3287469570": "b630dc62-a2b4-49b7-a99f-ae1cce5c963a",
            "roles.3590372646.role_id": "ad8543d7-915b-4d94-aae6-56c67c5684f7",
            "roles.483537354.division_ids.#": "1",
            "roles.483537354.division_ids.3287469570": "b630dc62-a2b4-49b7-a99f-ae1cce5c963a",
            "roles.483537354.role_id": "f78f3ba8-ea81-4570-a8bd-6db26c29de58",
            "user_id": "010c13f0-1ec5-429d-a100-244de5a32d44"
          },
          "sensitive_attributes": []
        }
      ]
    },
    {
      "mode": "managed",
      "type": "genesyscloud_user_roles",
      "name": "david_nilsson2_ingka_ikea_com_56941684",
      "provider": "provider[\"registry.terraform.io/-/genesyscloud\"]",
      "instances": [
        {
          "schema_version": 1,
          "attributes_flat": {
            "id": "35714931-ed51-4c0e-b99e-50217c260dc6",
            "roles.#": "6",
            "roles.1657338354.division_ids.#": "1",
            "roles.1657338354.division_ids.3287469570": "b630dc62-a2b4-49b7-a99f-ae1cce5c963a",
            "roles.1657338354.role_id": "7dd2421b-fed9-4965-959f-36ac44b18d20",
            "roles.1922721065.division_ids.#": "1",
            "roles.1922721065.division_ids.3287469570": "b630dc62-a2b4-49b7-a99f-ae1cce5c963a",
            "roles.1922721065.role_id": "fc8b784a-fa6e-4b9d-854b-cba26d9f3642",
            "roles.2830775472.division_ids.#": "1",
            "roles.2830775472.division_ids.3287469570": "b630dc62-a2b4-49b7-a99f-ae1cce5c963a",
            "roles.2830775472.role_id": "140b6d97-2ae9-4015-b4d9-3b2fffd65a6a",
            "roles.3065940989.division_ids.#": "1",
            "roles.3065940989.division_ids.3287469570": "b630dc62-a2b4-49b7-a99f-ae1cce5c963a",
            "roles.3065940989.role_id": "6a7cd1c2-9c1b-47e0-a589-c46029b4e460",
            "roles.418121522.division_ids.#": "1",
            "roles.418121522.division_ids.3287469570": "b630dc62-a2b4-49b7-a99f-ae1cce5c963a",
            "roles.418121522.role_id": "3a60b116-56f4-42ec-b60a-1ce4574762fd",
            "roles.483537354.division_ids.#": "1",
            "roles.483537354.division_ids.3287469570": "b630dc62-a2b4-49b7-a99f-ae1cce5c963a",
            "roles.483537354.role_id": "f78f3ba8-ea81-4570-a8bd-6db26c29de58",
            "user_id": "35714931-ed51-4c0e-b99e-50217c260dc6"
          },
          "sensitive_attributes": []
        }
      ]
    },
    {
      "mode": "managed",
      "type": "genesyscloud_user_roles",
      "name": "deepti_gupta2_ingka_com_3316421112",
      "provider": "provider[\"registry.terraform.io/-/genesyscloud\"]",
      "instances": [
        {
          "schema_version": 1,
          "attributes_flat": {
            "id": "6476d61f-e488-4d75-bd37-ac701d89a3bb",
            "roles.#": "0",
            "user_id": "6476d61f-e488-4d75-bd37-ac701d89a3bb"
          },
          "sensitive_attributes": []
        }
      ]
    },
    {
      "mode": "managed",
      "type": "genesyscloud_user_roles",
      "name": "devanshi_genesys_com_3011029244",
      "provider": "provider[\"registry.terraform.io/-/genesyscloud\"]",
      "instances": [
        {
          "schema_version": 1,
          "attributes_flat": {
            "id": "5f2724bf-596f-4ccd-8691-c4bf025847bb",
            "roles.#": "4",
            "roles.2419086085.division_ids.#": "1",
            "roles.2419086085.division_ids.1534144880": "f023b698-ce82-46db-904e-7898c96ba1c8",
            "roles.2419086085.role_id": "2920a86a-2465-4b10-a09e-31942b5205e8",
            "roles.3703846820.division_ids.#": "2",
            "roles.3703846820.division_ids.1534144880": "f023b698-ce82-46db-904e-7898c96ba1c8",
            "roles.3703846820.division_ids.2542761555": "1ceb0dcb-d018-434c-bd84-2fa9b820fa13",
            "roles.3703846820.role_id": "e27c15c2-4193-42e8-9e3f-cc659997ede4",
            "roles.3929919664.division_ids.#": "1",
            "roles.3929919664.division_ids.1534144880": "f023b698-ce82-46db-904e-7898c96ba1c8",
            "roles.3929919664.role_id": "20117e15-a509-4ad6-8fef-9248f9533e6f",
            "roles.502578725.division_ids.#": "1",
            "roles.502578725.division_ids.2542761555": "1ceb0dcb-d018-434c-bd84-2fa9b820fa13",
            "roles.502578725.role_id": "e590e86e-287e-4236-a7a9-4426eccba14f",
            "user_id": "5f2724bf-596f-4ccd-8691-c4bf025847bb"
          },
          "sensitive_attributes": []
        }
      ]
    },
    {
      "mode": "managed",
      "type": "genesyscloud_user_roles",
      "name": "dominika_tavernova-turisanova_ingka_ikea_com_399371637",
      "provider": "provider[\"registry.terraform.io/-/genesyscloud\"]",
      "instances": [
        {
          "schema_version": 1,
          "attributes_flat": {
            "id": "d9096cb6-1ddc-451b-a5d0-86d679201cf8",
            "roles.#": "0",
            "user_id": "d9096cb6-1ddc-451b-a5d0-86d679201cf8"
          },
          "sensitive_attributes": []
        }
      ]
    },
    {
      "mode": "managed",
      "type": "genesyscloud_user_roles",
      "name": "ekaterina_kononova_ingka_ikea_com_2036346015",
      "provider": "provider[\"registry.terraform.io/-/genesyscloud\"]",
      "instances": [
        {
          "schema_version": 1,
          "attributes_flat": {
            "id": "38ab344b-0568-4915-b066-651f13ff9937",
            "roles.#": "10",
            "roles.1324848027.division_ids.#": "1",
            "roles.1324848027.division_ids.3287469570": "b630dc62-a2b4-49b7-a99f-ae1cce5c963a",
            "roles.1324848027.role_id": "94170e9f-8c34-48d9-be22-cc31a05f475e",
            "roles.1567176663.division_ids.#": "1",
            "roles.1567176663.division_ids.3287469570": "b630dc62-a2b4-49b7-a99f-ae1cce5c963a",
            "roles.1567176663.role_id": "fd369073-424e-41fa-9d3b-50109732d415",
            "roles.1657338354.division_ids.#": "1",
            "roles.1657338354.division_ids.3287469570": "b630dc62-a2b4-49b7-a99f-ae1cce5c963a",
            "roles.1657338354.role_id": "7dd2421b-fed9-4965-959f-36ac44b18d20",
            "roles.2540872602.division_ids.#": "1",
            "roles.2540872602.division_ids.2679715827": "*",
            "roles.2540872602.role_id": "f78f3ba8-ea81-4570-a8bd-6db26c29de58",
            "roles.2568662069.division_ids.#": "1",
            "roles.2568662069.division_ids.2679715827": "*",
            "roles.2568662069.role_id": "e27c15c2-4193-42e8-9e3f-cc659997ede4",
            "roles.3347190858.division_ids.#": "1",
            "roles.3347190858.division_ids.3287469570": "b630dc62-a2b4-49b7-a99f-ae1cce5c963a",
            "roles.3347190858.role_id": "797aedd1-ad0e-419e-a143-e5849ccc76eb",
            "roles.418121522.division_ids.#": "1",
            "roles.418121522.division_ids.3287469570": "b630dc62-a2b4-49b7-a99f-ae1cce5c963a",
            "roles.418121522.role_id": "3a60b116-56f4-42ec-b60a-1ce4574762fd",
            "roles.4193133925.division_ids.#": "1",
            "roles.4193133925.division_ids.3287469570": "b630dc62-a2b4-49b7-a99f-ae1cce5c963a",
            "roles.4193133925.role_id": "2920a86a-2465-4b10-a09e-31942b5205e8",
            "roles.461424055.division_ids.#": "1",
            "roles.461424055.division_ids.3287469570": "b630dc62-a2b4-49b7-a99f-ae1cce5c963a",
            "roles.461424055.role_id": "5d777ba6-825a-44ef-b71e-c807ab01d4c6",
            "roles.542149007.division_ids.#": "1",
            "roles.542149007.division_ids.3287469570": "b630dc62-a2b4-49b7-a99f-ae1cce5c963a",
            "roles.542149007.role_id": "5decf065-e6d2-495b-b6d8-237af142bc60",
            "user_id": "38ab344b-0568-4915-b066-651f13ff9937"
          },
          "sensitive_attributes": []
        }
      ]
    },
    {
      "mode": "managed",
      "type": "genesyscloud_user_roles",
      "name": "elango_sj_genesys_com_4184930861",
      "provider": "provider[\"registry.terraform.io/-/genesyscloud\"]",
      "instances": [
        {
          "schema_version": 1,
          "attributes_flat": {
            "id": "e75b37ce-cdac-4595-9b73-feeeac83a112",
            "roles.#": "71",
            "roles.1045281194.division_ids.#": "1",
            "roles.1045281194.division_ids.3287469570": "b630dc62-a2b4-49b7-a99f-ae1cce5c963a",
            "roles.1045281194.role_id": "0884364c-b6e1-4c3e-94e6-d6b24abc6faf",
            "roles.107606725.division_ids.#": "1",
            "roles.107606725.division_ids.3287469570": "b630dc62-a2b4-49b7-a99f-ae1cce5c963a",
            "roles.107606725.role_id": "808d7454-46c7-4cb3-959f-1982aab51c92",
            "roles.1092855868.division_ids.#": "1",
            "roles.1092855868.division_ids.3287469570": "b630dc62-a2b4-49b7-a99f-ae1cce5c963a",
            "roles.1092855868.role_id": "1b01d7dd-cad6-469c-bcac-cd0e30037d65",
            "roles.1097212160.division_ids.#": "1",
            "roles.1097212160.division_ids.3287469570": "b630dc62-a2b4-49b7-a99f-ae1cce5c963a",
            "roles.1097212160.role_id": "b64397f1-6f84-49ba-a9b7-d46dc2349f53",
            "roles.1106724380.division_ids.#": "1",
            "roles.1106724380.division_ids.3287469570": "b630dc62-a2b4-49b7-a99f-ae1cce5c963a",
            "roles.1106724380.role_id": "227e3de8-8d2a-4d2e-bdc2-8adc8f594c39",
            "roles.1324848027.division_ids.#": "1",
            "roles.1324848027.division_ids.3287469570": "b630dc62-a2b4-49b7-a99f-ae1cce5c963a",
            "roles.1324848027.role_id": "94170e9f-8c34-48d9-be22-cc31a05f475e",
            "roles.137082318.division_ids.#": "1",
            "roles.137082318.division_ids.3287469570": "b630dc62-a2b4-49b7-a99f-ae1cce5c963a",
            "roles.137082318.role_id": "5ea2715b-b50f-429e-8394-1a3579457f1f",
            "roles.1383387365.division_ids.#": "1",
            "roles.1383387365.division_ids.3287469570": "b630dc62-a2b4-49b7-a99f-ae1cce5c963a",
            "roles.1383387365.role_id": "b070d6ed-0c3b-4b49-90d2-e46f11812798",
            "roles.1466647786.division_ids.#": "1",
            "roles.1466647786.division_ids.3287469570": "b630dc62-a2b4-49b7-a99f-ae1cce5c963a",
            "roles.1466647786.role_id": "2ce0ca03-2f75-4dcb-a3c7-b954e373e2a4",
            "roles.1567176663.division_ids.#": "1",
            "roles.1567176663.division_ids.3287469570": "b630dc62-a2b4-49b7-a99f-ae1cce5c963a",
            "roles.1567176663.role_id": "fd369073-424e-41fa-9d3b-50109732d415",
            "roles.1580666322.division_ids.#": "1",
            "roles.1580666322.division_ids.3287469570": "b630dc62-a2b4-49b7-a99f-ae1cce5c963a",
            "roles.1580666322.role_id": "0e1699b4-6c80-43fe-978c-ad31fa80100d",
            "roles.1657338354.division_ids.#": "1",
            "roles.1657338354.division_ids.3287469570": "b630dc62-a2b4-49b7-a99f-ae1cce5c963a",
            "roles.1657338354.role_id": "7dd2421b-fed9-4965-959f-36ac44b18d20",
            "roles.1667729490.division_ids.#": "1",
            "roles.1667729490.division_ids.3287469570": "b630dc62-a2b4-49b7-a99f-ae1cce5c963a",
            "roles.1667729490.role_id": "f2196c12-8e06-458c-873d-843f3632bf1a",
            "roles.1731908840.division_ids.#": "1",
            "roles.1731908840.division_ids.3287469570": "b630dc62-a2b4-49b7-a99f-ae1cce5c963a",
            "roles.1731908840.role_id": "3daca8e8-40b0-4084-9ef5-20a8855a128c",
            "roles.1775449606.division_ids.#": "1",
            "roles.1775449606.division_ids.3287469570": "b630dc62-a2b4-49b7-a99f-ae1cce5c963a",
            "roles.1775449606.role_id": "fbbe1cb5-93d6-4c89-a565-3ee0d6a8dd54",
            "roles.1860449133.division_ids.#": "1",
            "roles.1860449133.division_ids.3287469570": "b630dc62-a2b4-49b7-a99f-ae1cce5c963a",
            "roles.1860449133.role_id": "6ac21293-c4fc-4d45-a1d6-2c3e29a48536",
            "roles.1922721065.division_ids.#": "1",
            "roles.1922721065.division_ids.3287469570": "b630dc62-a2b4-49b7-a99f-ae1cce5c963a",
            "roles.1922721065.role_id": "fc8b784a-fa6e-4b9d-854b-cba26d9f3642",
            "roles.1953820695.division_ids.#": "1",
            "roles.1953820695.division_ids.3287469570": "b630dc62-a2b4-49b7-a99f-ae1cce5c963a",
            "roles.1953820695.role_id": "e33cd79a-1880-4e49-b5fd-987b57ec9a1a",
            "roles.2028934607.division_ids.#": "1",
            "roles.2028934607.division_ids.3287469570": "b630dc62-a2b4-49b7-a99f-ae1cce5c963a",
            "roles.2028934607.role_id": "64e0808e-7faf-449f-a25f-10d4e425175f",
            "roles.2066639618.division_ids.#": "1",
            "roles.2066639618.division_ids.3287469570": "b630dc62-a2b4-49b7-a99f-ae1cce5c963a",
            "roles.2066639618.role_id": "5905d49c-0d6f-4ab3-810f-b18fc41b50e9",
            "roles.215942286.division_ids.#": "1",
            "roles.215942286.division_ids.3287469570": "b630dc62-a2b4-49b7-a99f-ae1cce5c963a",
            "roles.215942286.role_id": "a6da46a2-1bfd-442a-b2c0-8d778c6d5872",
            "roles.2166675319.division_ids.#": "1",
            "roles.2166675319.division_ids.3287469570": "b630dc62-a2b4-49b7-a99f-ae1cce5c963a",
            "roles.2166675319.role_id": "db86928a-59e9-4219-abab-7d7eeed412c4",
            "roles.2212734672.division_ids.#": "1",
            "roles.2212734672.division_ids.3287469570": "b630dc62-a2b4-49b7-a99f-ae1cce5c963a",
            "roles.2212734672.role_id": "20117e15-a509-4ad6-8fef-9248f9533e6f",
            "roles.2256211663.division_ids.#": "1",
            "roles.2256211663.division_ids.3287469570": "b630dc62-a2b4-49b7-a99f-ae1cce5c963a",
            "roles.2256211663.role_id": "3a034733-cf8f-4904-8475-c5d4c00fedce",
            "roles.2443417342.division_ids.#": "1",
            "roles.2443417342.division_ids.3287469570": "b630dc62-a2b4-49b7-a99f-ae1cce5c963a",
            "roles.2443417342.role_id": "e82b4530-7d11-4e3e-a7b7-213739bc0bda",
            "roles.2562601718.division_ids.#": "1",
            "roles.2562601718.division_ids.3287469570": "b630dc62-a2b4-49b7-a99f-ae1cce5c963a",
            "roles.2562601718.role_id": "862c38d8-26fe-4d7f-813e-07f4bbb1ca08",
            "roles.2622587137.division_ids.#": "1",
            "roles.2622587137.division_ids.3287469570": "b630dc62-a2b4-49b7-a99f-ae1cce5c963a",
            "roles.2622587137.role_id": "b6e47211-b44f-453d-8212-827007f7ee06",
            "roles.26250217.division_ids.#": "1",
            "roles.26250217.division_ids.3287469570": "b630dc62-a2b4-49b7-a99f-ae1cce5c963a",
            "roles.26250217.role_id": "566f0823-508b-4986-9012-01f2cd4e5513",
            "roles.2768323872.division_ids.#": "1",
            "roles.2768323872.division_ids.3287469570": "b630dc62-a2b4-49b7-a99f-ae1cce5c963a",
            "roles.2768323872.role_id": "13811ca6-e5df-45ee-8690-7f0982c6a179",
            "roles.2830775472.division_ids.#": "1",
            "roles.2830775472.division_ids.3287469570": "b630dc62-a2b4-49b7-a99f-ae1cce5c963a",
            "roles.2830775472.role_id": "140b6d97-2ae9-4015-b4d9-3b2fffd65a6a",
            "roles.2887581808.division_ids.#": "1",
            "roles.2887581808.division_ids.3287469570": "b630dc62-a2b4-49b7-a99f-ae1cce5c963a",
            "roles.2887581808.role_id": "e45ae909-9347-4182-a8c1-d221a9806ba6",
            "roles.2956959203.division_ids.#": "1",
            "roles.2956959203.division_ids.3287469570": "b630dc62-a2b4-49b7-a99f-ae1cce5c963a",
            "roles.2956959203.role_id": "c5cbbfcf-5a8d-4a37-a5d6-ffe8bef77fc2",
            "roles.2962762841.division_ids.#": "1",
            "roles.2962762841.division_ids.3287469570": "b630dc62-a2b4-49b7-a99f-ae1cce5c963a",
            "roles.2962762841.role_id": "9c422539-d255-4fff-983c-c68c0c69d954",
            "roles.306457832.division_ids.#": "1",
            "roles.306457832.division_ids.3287469570": "b630dc62-a2b4-49b7-a99f-ae1cce5c963a",
            "roles.306457832.role_id": "8f0168c8-f8b7-42ba-b771-1d4649115a0c",
            "roles.3065112393.division_ids.#": "1",
            "roles.3065112393.division_ids.3287469570": "b630dc62-a2b4-49b7-a99f-ae1cce5c963a",
            "roles.3065112393.role_id": "949a0e41-d92d-410e-842a-09d38546eafe",
            "roles.3065940989.division_ids.#": "1",
            "roles.3065940989.division_ids.3287469570": "b630dc62-a2b4-49b7-a99f-ae1cce5c963a",
            "roles.3065940989.role_id": "6a7cd1c2-9c1b-47e0-a589-c46029b4e460",
            "roles.3068659215.division_ids.#": "1",
            "roles.3068659215.division_ids.3287469570": "b630dc62-a2b4-49b7-a99f-ae1cce5c963a",
            "roles.3068659215.role_id": "052a3419-caa9-4fb9-a00d-4a923251eca5",
            "roles.314195557.division_ids.#": "1",
            "roles.314195557.division_ids.3287469570": "b630dc62-a2b4-49b7-a99f-ae1cce5c963a",
            "roles.314195557.role_id": "e27c15c2-4193-42e8-9e3f-cc659997ede4",
            "roles.3154145975.division_ids.#": "1",
            "roles.3154145975.division_ids.3287469570": "b630dc62-a2b4-49b7-a99f-ae1cce5c963a",
            "roles.3154145975.role_id": "e590e86e-287e-4236-a7a9-4426eccba14f",
            "roles.3256123385.division_ids.#": "1",
            "roles.3256123385.division_ids.3287469570": "b630dc62-a2b4-49b7-a99f-ae1cce5c963a",
            "roles.3256123385.role_id": "4f7c39ef-65fb-4d09-b1b3-c8bb6ed631e4",
            "roles.3269625090.division_ids.#": "1",
            "roles.3269625090.division_ids.3287469570": "b630dc62-a2b4-49b7-a99f-ae1cce5c963a",
            "roles.3269625090.role_id": "549d0161-3d4c-493c-bc67-013b48018183",
            "roles.3290530370.division_ids.#": "1",
            "roles.3290530370.division_ids.3287469570": "b630dc62-a2b4-49b7-a99f-ae1cce5c963a",
            "roles.3290530370.role_id": "44dd3db2-3b97-4f10-bcf0-89cf97cb9e30",
            "roles.3347190858.division_ids.#": "1",
            "roles.3347190858.division_ids.3287469570": "b630dc62-a2b4-49b7-a99f-ae1cce5c963a",
            "roles.3347190858.role_id": "797aedd1-ad0e-419e-a143-e5849ccc76eb",
            "roles.3520244314.division_ids.#": "1",
            "roles.3520244314.division_ids.3287469570": "b630dc62-a2b4-49b7-a99f-ae1cce5c963a",
            "roles.3520244314.role_id": "4c05c376-f323-403d-ba48-8dded517e061",
            "roles.3563742647.division_ids.#": "1",
            "roles.3563742647.division_ids.3287469570": "b630dc62-a2b4-49b7-a99f-ae1cce5c963a",
            "roles.3563742647.role_id": "bbb9c3e2-f563-4117-ac6c-e574fcb8dfe8",
            "roles.3584797514.division_ids.#": "1",
            "roles.3584797514.division_ids.3287469570": "b630dc62-a2b4-49b7-a99f-ae1cce5c963a",
            "roles.3584797514.role_id": "0d56e7f7-4703-4d91-9265-28bd9a0bc24c",
            "roles.3590372646.division_ids.#": "1",
            "roles.3590372646.division_ids.3287469570": "b630dc62-a2b4-49b7-a99f-ae1cce5c963a",
            "roles.3590372646.role_id": "ad8543d7-915b-4d94-aae6-56c67c5684f7",
            "roles.3678400907.division_ids.#": "1",
            "roles.3678400907.division_ids.3287469570": "b630dc62-a2b4-49b7-a99f-ae1cce5c963a",
            "roles.3678400907.role_id": "e734316b-3a8f-4d02-9474-44f799fe190e",
            "roles.3744049193.division_ids.#": "1",
            "roles.3744049193.division_ids.3287469570": "b630dc62-a2b4-49b7-a99f-ae1cce5c963a",
            "roles.3744049193.role_id": "425f534e-c0ab-486f-b2a7-324a7e517a94",
            "roles.3773544392.division_ids.#": "1",
            "roles.3773544392.division_ids.3287469570": "b630dc62-a2b4-49b7-a99f-ae1cce5c963a",
            "roles.3773544392.role_id": "47ac5324-86bc-4dfc-b240-2a3f93e08969",
            "roles.3801177548.division_ids.#": "1",
            "roles.3801177548.division_ids.3287469570": "b630dc62-a2b4-49b7-a99f-ae1cce5c963a",
            "roles.3801177548.role_id": "d1c0bf15-5ca3-4d80-9574-214317217edd",
            "roles.3853735321.division_ids.#": "1",
            "roles.3853735321.division_ids.3287469570": "b630dc62-a2b4-49b7-a99f-ae1cce5c963a",
            "roles.3853735321.role_id": "ce756ab6-5a32-4161-ad27-b536ab341b29",
            "roles.4004693125.division_ids.#": "1",
            "roles.4004693125.division_ids.3287469570": "b630dc62-a2b4-49b7-a99f-ae1cce5c963a",
            "roles.4004693125.role_id": "8d6c7020-252c-415a-979f-441d6b6b1029",
            "roles.4039453496.division_ids.#": "1",
            "roles.4039453496.division_ids.3287469570": "b630dc62-a2b4-49b7-a99f-ae1cce5c963a",
            "roles.4039453496.role_id": "ab5f50e6-578b-4833-a9fa-05846b662554",
            "roles.4149465583.division_ids.#": "1",
            "roles.4149465583.division_ids.3287469570": "b630dc62-a2b4-49b7-a99f-ae1cce5c963a",
            "roles.4149465583.role_id": "5a629e48-887e-46a9-928b-814ecfbc31d7",
            "roles.4149672779.division_ids.#": "1",
            "roles.4149672779.division_ids.3287469570": "b630dc62-a2b4-49b7-a99f-ae1cce5c963a",
            "roles.4149672779.role_id": "1ae0edc4-13a1-4949-a4f3-132cbf6244d3",
            "roles.418121522.division_ids.#": "1",
            "roles.418121522.division_ids.3287469570": "b630dc62-a2b4-49b7-a99f-ae1cce5c963a",
            "roles.418121522.role_id": "3a60b116-56f4-42ec-b60a-1ce4574762fd",
            "roles.4193133925.division_ids.#": "1",
            "roles.4193133925.division_ids.3287469570": "b630dc62-a2b4-49b7-a99f-ae1cce5c963a",
            "roles.4193133925.role_id": "2920a86a-2465-4b10-a09e-31942b5205e8",
            "roles.4240051219.division_ids.#": "1",
            "roles.4240051219.division_ids.3287469570": "b630dc62-a2b4-49b7-a99f-ae1cce5c963a",
            "roles.4240051219.role_id": "c4910d18-5b62-46b1-b57d-474346d2340d",
            "roles.4243288913.division_ids.#": "1",
            "roles.4243288913.division_ids.3287469570": "b630dc62-a2b4-49b7-a99f-ae1cce5c963a",
            "roles.4243288913.role_id": "16c8b3a0-6263-42ce-add1-72c700775470",
            "roles.4280496186.division_ids.#": "1",
            "roles.4280496186.division_ids.3287469570": "b630dc62-a2b4-49b7-a99f-ae1cce5c963a",
            "roles.4280496186.role_id": "ed004f43-d7f9-4556-9b5a-ee16df4afc5e",
            "roles.461424055.division_ids.#": "1",
            "roles.461424055.division_ids.3287469570": "b630dc62-a2b4-49b7-a99f-ae1cce5c963a",
            "roles.461424055.role_id": "5d777ba6-825a-44ef-b71e-c807ab01d4c6",
            "roles.483537354.division_ids.#": "1",
            "roles.483537354.division_ids.3287469570": "b630dc62-a2b4-49b7-a99f-ae1cce5c963a",
            "roles.483537354.role_id": "f78f3ba8-ea81-4570-a8bd-6db26c29de58",
            "roles.492944431.division_ids.#": "1",
            "roles.492944431.division_ids.3287469570": "b630dc62-a2b4-49b7-a99f-ae1cce5c963a",
            "roles.492944431.role_id": "561a4d1b-ebde-4591-a453-2e16541b4f6d",
            "roles.542149007.division_ids.#": "1",
            "roles.542149007.division_ids.3287469570": "b630dc62-a2b4-49b7-a99f-ae1cce5c963a",
            "roles.542149007.role_id": "5decf065-e6d2-495b-b6d8-237af142bc60",
            "roles.693780497.division_ids.#": "1",
            "roles.693780497.division_ids.3287469570": "b630dc62-a2b4-49b7-a99f-ae1cce5c963a",
            "roles.693780497.role_id": "2b254576-401a-433a-bcff-78b746bc23a3",
            "roles.707385742.division_ids.#": "1",
            "roles.707385742.division_ids.3287469570": "b630dc62-a2b4-49b7-a99f-ae1cce5c963a",
            "roles.707385742.role_id": "2d17df99-e06a-46ff-abed-bc15fe3519de",
            "roles.715237533.division_ids.#": "1",
            "roles.715237533.division_ids.3287469570": "b630dc62-a2b4-49b7-a99f-ae1cce5c963a",
            "roles.715237533.role_id": "c788a9e7-8311-4977-9b64-5976c534ee10",
            "roles.930104986.division_ids.#": "1",
            "roles.930104986.division_ids.3287469570": "b630dc62-a2b4-49b7-a99f-ae1cce5c963a",
            "roles.930104986.role_id": "4f984014-ca87-4f06-b309-b963140c3e6c",
            "roles.960915565.division_ids.#": "1",
            "roles.960915565.division_ids.3287469570": "b630dc62-a2b4-49b7-a99f-ae1cce5c963a",
            "roles.960915565.role_id": "8b93e754-cc8f-43ef-9c11-739962163f11",
            "roles.995162245.division_ids.#": "1",
            "roles.995162245.division_ids.3287469570": "b630dc62-a2b4-49b7-a99f-ae1cce5c963a",
            "roles.995162245.role_id": "ee76275e-3cbb-409c-a116-7df95b20752c",
            "user_id": "e75b37ce-cdac-4595-9b73-feeeac83a112"
          },
          "sensitive_attributes": []
        }
      ]
    },
    {
      "mode": "managed",
      "type": "genesyscloud_user_roles",
      "name": "enes_alisa_ingka_ikea_com_183938531",
      "provider": "provider[\"registry.terraform.io/-/genesyscloud\"]",
      "instances": [
        {
          "schema_version": 1,
          "attributes_flat": {
            "id": "5fb2dc6e-f2df-4f08-a687-d67acf8bc592",
            "roles.#": "3",
            "roles.1922721065.division_ids.#": "1",
            "roles.1922721065.division_ids.3287469570": "b630dc62-a2b4-49b7-a99f-ae1cce5c963a",
            "roles.1922721065.role_id": "fc8b784a-fa6e-4b9d-854b-cba26d9f3642",
            "roles.3065940989.division_ids.#": "1",
            "roles.3065940989.division_ids.3287469570": "b630dc62-a2b4-49b7-a99f-ae1cce5c963a",
            "roles.3065940989.role_id": "6a7cd1c2-9c1b-47e0-a589-c46029b4e460",
            "roles.4193133925.division_ids.#": "1",
            "roles.4193133925.division_ids.3287469570": "b630dc62-a2b4-49b7-a99f-ae1cce5c963a",
            "roles.4193133925.role_id": "2920a86a-2465-4b10-a09e-31942b5205e8",
            "user_id": "5fb2dc6e-f2df-4f08-a687-d67acf8bc592"
          },
          "sensitive_attributes": []
        }
      ]
    },
    {
      "mode": "managed",
      "type": "genesyscloud_user_roles",
      "name": "gdpr2_ikea_com_3041253859",
      "provider": "provider[\"registry.terraform.io/-/genesyscloud\"]",
      "instances": [
        {
          "schema_version": 1,
          "attributes_flat": {
            "id": "809dc802-e045-46a6-bd7a-26a3915892fa",
            "roles.#": "3",
            "roles.1488581420.division_ids.#": "1",
            "roles.1488581420.division_ids.2553673884": "a25a98d3-2974-4567-a732-8824591730b1",
            "roles.1488581420.role_id": "ad8543d7-915b-4d94-aae6-56c67c5684f7",
            "roles.1657338354.division_ids.#": "1",
            "roles.1657338354.division_ids.3287469570": "b630dc62-a2b4-49b7-a99f-ae1cce5c963a",
            "roles.1657338354.role_id": "7dd2421b-fed9-4965-959f-36ac44b18d20",
            "roles.2002217839.division_ids.#": "1",
            "roles.2002217839.division_ids.2553673884": "a25a98d3-2974-4567-a732-8824591730b1",
            "roles.2002217839.role_id": "2920a86a-2465-4b10-a09e-31942b5205e8",
            "user_id": "809dc802-e045-46a6-bd7a-26a3915892fa"
          },
          "sensitive_attributes": []
        }
      ]
    },
    {
      "mode": "managed",
      "type": "genesyscloud_user_roles",
      "name": "gdpr_test_ikea_com_262472835",
      "provider": "provider[\"registry.terraform.io/-/genesyscloud\"]",
      "instances": [
        {
          "schema_version": 1,
          "attributes_flat": {
            "id": "42a2a9f1-f66b-4df0-bd95-e8715daa97f0",
            "roles.#": "1",
            "roles.3966875640.division_ids.#": "1",
            "roles.3966875640.division_ids.2553673884": "a25a98d3-2974-4567-a732-8824591730b1",
            "roles.3966875640.role_id": "7dd2421b-fed9-4965-959f-36ac44b18d20",
            "user_id": "42a2a9f1-f66b-4df0-bd95-e8715daa97f0"
          },
          "sensitive_attributes": []
        }
      ]
    },
    {
      "mode": "managed",
      "type": "genesyscloud_user_roles",
      "name": "gdpr_test_ikea_com_4210332496",
      "provider": "provider[\"registry.terraform.io/-/genesyscloud\"]",
      "instances": [
        {
          "schema_version": 1,
          "attributes_flat": {
            "id": "c565a410-1407-4b91-b9ff-52287b988a89",
            "roles.#": "3",
            "roles.1657338354.division_ids.#": "1",
            "roles.1657338354.division_ids.3287469570": "b630dc62-a2b4-49b7-a99f-ae1cce5c963a",
            "roles.1657338354.role_id": "7dd2421b-fed9-4965-959f-36ac44b18d20",
            "roles.2002217839.division_ids.#": "1",
            "roles.2002217839.division_ids.2553673884": "a25a98d3-2974-4567-a732-8824591730b1",
            "roles.2002217839.role_id": "2920a86a-2465-4b10-a09e-31942b5205e8",
            "roles.224061658.division_ids.#": "1",
            "roles.224061658.division_ids.2553673884": "a25a98d3-2974-4567-a732-8824591730b1",
            "roles.224061658.role_id": "20117e15-a509-4ad6-8fef-9248f9533e6f",
            "user_id": "c565a410-1407-4b91-b9ff-52287b988a89"
          },
          "sensitive_attributes": []
        }
      ]
    },
    {
      "mode": "managed",
      "type": "genesyscloud_user_roles",
      "name": "gerardandre_breivik_ingka_ikea_com_1347123535",
      "provider": "provider[\"registry.terraform.io/-/genesyscloud\"]",
      "instances": [
        {
          "schema_version": 1,
          "attributes_flat": {
            "id": "a68f4e20-7aab-4750-a95f-43a34a61cd20",
            "roles.#": "2",
            "roles.2212734672.division_ids.#": "1",
            "roles.2212734672.division_ids.3287469570": "b630dc62-a2b4-49b7-a99f-ae1cce5c963a",
            "roles.2212734672.role_id": "20117e15-a509-4ad6-8fef-9248f9533e6f",
            "roles.4193133925.division_ids.#": "1",
            "roles.4193133925.division_ids.3287469570": "b630dc62-a2b4-49b7-a99f-ae1cce5c963a",
            "roles.4193133925.role_id": "2920a86a-2465-4b10-a09e-31942b5205e8",
            "user_id": "a68f4e20-7aab-4750-a95f-43a34a61cd20"
          },
          "sensitive_attributes": []
        }
      ]
    },
    {
      "mode": "managed",
      "type": "genesyscloud_user_roles",
      "name": "gero_haug_ingka_ikea_com_911041136",
      "provider": "provider[\"registry.terraform.io/-/genesyscloud\"]",
      "instances": [
        {
          "schema_version": 1,
          "attributes_flat": {
            "id": "de67f225-2c9e-4955-885c-2a29e030f7d8",
            "roles.#": "4",
            "roles.1657338354.division_ids.#": "1",
            "roles.1657338354.division_ids.3287469570": "b630dc62-a2b4-49b7-a99f-ae1cce5c963a",
            "roles.1657338354.role_id": "7dd2421b-fed9-4965-959f-36ac44b18d20",
            "roles.1922721065.division_ids.#": "1",
            "roles.1922721065.division_ids.3287469570": "b630dc62-a2b4-49b7-a99f-ae1cce5c963a",
            "roles.1922721065.role_id": "fc8b784a-fa6e-4b9d-854b-cba26d9f3642",
            "roles.3065940989.division_ids.#": "1",
            "roles.3065940989.division_ids.3287469570": "b630dc62-a2b4-49b7-a99f-ae1cce5c963a",
            "roles.3065940989.role_id": "6a7cd1c2-9c1b-47e0-a589-c46029b4e460",
            "roles.4193133925.division_ids.#": "1",
            "roles.4193133925.division_ids.3287469570": "b630dc62-a2b4-49b7-a99f-ae1cce5c963a",
            "roles.4193133925.role_id": "2920a86a-2465-4b10-a09e-31942b5205e8",
            "user_id": "de67f225-2c9e-4955-885c-2a29e030f7d8"
          },
          "sensitive_attributes": []
        }
      ]
    },
    {
      "mode": "managed",
      "type": "genesyscloud_user_roles",
      "name": "gopalreddy_pulakunta_ingka_com_99441618",
      "provider": "provider[\"registry.terraform.io/-/genesyscloud\"]",
      "instances": [
        {
          "schema_version": 1,
          "attributes_flat": {
            "id": "4a5a439d-fa10-4ba1-b0c8-37783a43d24c",
            "roles.#": "3",
            "roles.1657338354.division_ids.#": "1",
            "roles.1657338354.division_ids.3287469570": "b630dc62-a2b4-49b7-a99f-ae1cce5c963a",
            "roles.1657338354.role_id": "7dd2421b-fed9-4965-959f-36ac44b18d20",
            "roles.2212734672.division_ids.#": "1",
            "roles.2212734672.division_ids.3287469570": "b630dc62-a2b4-49b7-a99f-ae1cce5c963a",
            "roles.2212734672.role_id": "20117e15-a509-4ad6-8fef-9248f9533e6f",
            "roles.4193133925.division_ids.#": "1",
            "roles.4193133925.division_ids.3287469570": "b630dc62-a2b4-49b7-a99f-ae1cce5c963a",
            "roles.4193133925.role_id": "2920a86a-2465-4b10-a09e-31942b5205e8",
            "user_id": "4a5a439d-fa10-4ba1-b0c8-37783a43d24c"
          },
          "sensitive_attributes": []
        }
      ]
    },
    {
      "mode": "managed",
      "type": "genesyscloud_user_roles",
      "name": "harsha_belur_ashok_test_genesys_com_1341600767",
      "provider": "provider[\"registry.terraform.io/-/genesyscloud\"]",
      "instances": [
        {
          "schema_version": 1,
          "attributes_flat": {
            "id": "db02cfa0-16e0-4368-a6fa-8c881858118a",
            "roles.#": "3",
            "roles.1570778998.division_ids.#": "1",
            "roles.1570778998.division_ids.2679715827": "*",
            "roles.1570778998.role_id": "ad8543d7-915b-4d94-aae6-56c67c5684f7",
            "roles.1917761333.division_ids.#": "1",
            "roles.1917761333.division_ids.2679715827": "*",
            "roles.1917761333.role_id": "2920a86a-2465-4b10-a09e-31942b5205e8",
            "roles.623871518.division_ids.#": "12",
            "roles.623871518.division_ids.1534144880": "f023b698-ce82-46db-904e-7898c96ba1c8",
            "roles.623871518.division_ids.1713171938": "410de354-c6eb-45e1-ac20-b57e32100b65",
            "roles.623871518.division_ids.2116506081": "55b206d1-96f4-4704-8823-4afb9dbdeba5",
            "roles.623871518.division_ids.2265566741": "9d79908b-80a0-461f-b132-49dfb3713ac3",
            "roles.623871518.division_ids.2542761555": "1ceb0dcb-d018-434c-bd84-2fa9b820fa13",
            "roles.623871518.division_ids.2553673884": "a25a98d3-2974-4567-a732-8824591730b1",
            "roles.623871518.division_ids.3219124218": "7a708485-e9b2-4377-92b1-54c3097a7ac4",
            "roles.623871518.division_ids.3287469570": "b630dc62-a2b4-49b7-a99f-ae1cce5c963a",
            "roles.623871518.division_ids.3337409169": "f44b759a-16b4-4fdc-aa0a-9e694a5d6cea",
            "roles.623871518.division_ids.3823303422": "d51a12c3-2345-4fcd-9c50-7b095f088346",
            "roles.623871518.division_ids.4243745340": "2eeb239b-a48c-4e03-9f80-93a976078ceb",
            "roles.623871518.division_ids.572076421": "d6dac4c6-c65f-4062-95c6-c166417481b2",
            "roles.623871518.role_id": "e27c15c2-4193-42e8-9e3f-cc659997ede4",
            "user_id": "db02cfa0-16e0-4368-a6fa-8c881858118a"
          },
          "sensitive_attributes": []
        }
      ]
    },
    {
      "mode": "managed",
      "type": "genesyscloud_user_roles",
      "name": "himanshu_tiwari1_ingka_ikea_com_3369407284",
      "provider": "provider[\"registry.terraform.io/-/genesyscloud\"]",
      "instances": [
        {
          "schema_version": 1,
          "attributes_flat": {
            "id": "807e5887-5d37-4029-b326-13747607be78",
            "roles.#": "4",
            "roles.2212734672.division_ids.#": "1",
            "roles.2212734672.division_ids.3287469570": "b630dc62-a2b4-49b7-a99f-ae1cce5c963a",
            "roles.2212734672.role_id": "20117e15-a509-4ad6-8fef-9248f9533e6f",
            "roles.2884639711.division_ids.#": "1",
            "roles.2884639711.division_ids.2679715827": "*",
            "roles.2884639711.role_id": "5decf065-e6d2-495b-b6d8-237af142bc60",
            "roles.3269625090.division_ids.#": "1",
            "roles.3269625090.division_ids.3287469570": "b630dc62-a2b4-49b7-a99f-ae1cce5c963a",
            "roles.3269625090.role_id": "549d0161-3d4c-493c-bc67-013b48018183",
            "roles.4193133925.division_ids.#": "1",
            "roles.4193133925.division_ids.3287469570": "b630dc62-a2b4-49b7-a99f-ae1cce5c963a",
            "roles.4193133925.role_id": "2920a86a-2465-4b10-a09e-31942b5205e8",
            "user_id": "807e5887-5d37-4029-b326-13747607be78"
          },
          "sensitive_attributes": []
        }
      ]
    },
    {
      "mode": "managed",
      "type": "genesyscloud_user_roles",
      "name": "isabel_clemente_magana_ingka_ikea_com_2361385048",
      "provider": "provider[\"registry.terraform.io/-/genesyscloud\"]",
      "instances": [
        {
          "schema_version": 1,
          "attributes_flat": {
            "id": "2a86260e-ab44-41bd-82ba-9bb7fdde56b7",
            "roles.#": "6",
            "roles.2256211663.division_ids.#": "1",
            "roles.2256211663.division_ids.3287469570": "b630dc62-a2b4-49b7-a99f-ae1cce5c963a",
            "roles.2256211663.role_id": "3a034733-cf8f-4904-8475-c5d4c00fedce",
            "roles.2398679335.division_ids.#": "2",
            "roles.2398679335.division_ids.2679715827": "*",
            "roles.2398679335.division_ids.3287469570": "b630dc62-a2b4-49b7-a99f-ae1cce5c963a",
            "roles.2398679335.role_id": "7dd2421b-fed9-4965-959f-36ac44b18d20",
            "roles.2956959203.division_ids.#": "1",
            "roles.2956959203.division_ids.3287469570": "b630dc62-a2b4-49b7-a99f-ae1cce5c963a",
            "roles.2956959203.role_id": "c5cbbfcf-5a8d-4a37-a5d6-ffe8bef77fc2",
            "roles.3773544392.division_ids.#": "1",
            "roles.3773544392.division_ids.3287469570": "b630dc62-a2b4-49b7-a99f-ae1cce5c963a",
            "roles.3773544392.role_id": "47ac5324-86bc-4dfc-b240-2a3f93e08969",
            "roles.461424055.division_ids.#": "1",
            "roles.461424055.division_ids.3287469570": "b630dc62-a2b4-49b7-a99f-ae1cce5c963a",
            "roles.461424055.role_id": "5d777ba6-825a-44ef-b71e-c807ab01d4c6",
            "roles.542149007.division_ids.#": "1",
            "roles.542149007.division_ids.3287469570": "b630dc62-a2b4-49b7-a99f-ae1cce5c963a",
            "roles.542149007.role_id": "5decf065-e6d2-495b-b6d8-237af142bc60",
            "user_id": "2a86260e-ab44-41bd-82ba-9bb7fdde56b7"
          },
          "sensitive_attributes": []
        }
      ]
    },
    {
      "mode": "managed",
      "type": "genesyscloud_user_roles",
      "name": "isxautomation_gmail_com_2298643025",
      "provider": "provider[\"registry.terraform.io/-/genesyscloud\"]",
      "instances": [
        {
          "schema_version": 1,
          "attributes_flat": {
            "id": "996ca780-7022-4b2f-a2c2-974f7787898b",
            "roles.#": "4",
            "roles.3065112393.division_ids.#": "1",
            "roles.3065112393.division_ids.3287469570": "b630dc62-a2b4-49b7-a99f-ae1cce5c963a",
            "roles.3065112393.role_id": "949a0e41-d92d-410e-842a-09d38546eafe",
            "roles.314195557.division_ids.#": "1",
            "roles.314195557.division_ids.3287469570": "b630dc62-a2b4-49b7-a99f-ae1cce5c963a",
            "roles.314195557.role_id": "e27c15c2-4193-42e8-9e3f-cc659997ede4",
            "roles.3347190858.division_ids.#": "1",
            "roles.3347190858.division_ids.3287469570": "b630dc62-a2b4-49b7-a99f-ae1cce5c963a",
            "roles.3347190858.role_id": "797aedd1-ad0e-419e-a143-e5849ccc76eb",
            "roles.4193133925.division_ids.#": "1",
            "roles.4193133925.division_ids.3287469570": "b630dc62-a2b4-49b7-a99f-ae1cce5c963a",
            "roles.4193133925.role_id": "2920a86a-2465-4b10-a09e-31942b5205e8",
            "user_id": "996ca780-7022-4b2f-a2c2-974f7787898b"
          },
          "sensitive_attributes": []
        }
      ]
    },
    {
      "mode": "managed",
      "type": "genesyscloud_user_roles",
      "name": "jessica_bjermer1_ingka_ikea_com_320537554",
      "provider": "provider[\"registry.terraform.io/-/genesyscloud\"]",
      "instances": [
        {
          "schema_version": 1,
          "attributes_flat": {
            "id": "65d58c41-76b0-407e-8c60-bcff56ba73d1",
            "roles.#": "5",
            "roles.1657338354.division_ids.#": "1",
            "roles.1657338354.division_ids.3287469570": "b630dc62-a2b4-49b7-a99f-ae1cce5c963a",
            "roles.1657338354.role_id": "7dd2421b-fed9-4965-959f-36ac44b18d20",
            "roles.1922721065.division_ids.#": "1",
            "roles.1922721065.division_ids.3287469570": "b630dc62-a2b4-49b7-a99f-ae1cce5c963a",
            "roles.1922721065.role_id": "fc8b784a-fa6e-4b9d-854b-cba26d9f3642",
            "roles.2830775472.division_ids.#": "1",
            "roles.2830775472.division_ids.3287469570": "b630dc62-a2b4-49b7-a99f-ae1cce5c963a",
            "roles.2830775472.role_id": "140b6d97-2ae9-4015-b4d9-3b2fffd65a6a",
            "roles.418121522.division_ids.#": "1",
            "roles.418121522.division_ids.3287469570": "b630dc62-a2b4-49b7-a99f-ae1cce5c963a",
            "roles.418121522.role_id": "3a60b116-56f4-42ec-b60a-1ce4574762fd",
            "roles.483537354.division_ids.#": "1",
            "roles.483537354.division_ids.3287469570": "b630dc62-a2b4-49b7-a99f-ae1cce5c963a",
            "roles.483537354.role_id": "f78f3ba8-ea81-4570-a8bd-6db26c29de58",
            "user_id": "65d58c41-76b0-407e-8c60-bcff56ba73d1"
          },
          "sensitive_attributes": []
        }
      ]
    },
    {
      "mode": "managed",
      "type": "genesyscloud_user_roles",
      "name": "joakim_skalberg_genesys_com_3910624908",
      "provider": "provider[\"registry.terraform.io/-/genesyscloud\"]",
      "instances": [
        {
          "schema_version": 1,
          "attributes_flat": {
            "id": "9f7b5e34-80f6-4eaa-bb8d-5362232b6a08",
            "roles.#": "1",
            "roles.593912354.division_ids.#": "2",
            "roles.593912354.division_ids.2553673884": "a25a98d3-2974-4567-a732-8824591730b1",
            "roles.593912354.division_ids.3287469570": "b630dc62-a2b4-49b7-a99f-ae1cce5c963a",
            "roles.593912354.role_id": "2920a86a-2465-4b10-a09e-31942b5205e8",
            "user_id": "9f7b5e34-80f6-4eaa-bb8d-5362232b6a08"
          },
          "sensitive_attributes": []
        }
      ]
    },
    {
      "mode": "managed",
      "type": "genesyscloud_user_roles",
      "name": "john_stapeley_ingka_ikea_com_2504790556",
      "provider": "provider[\"registry.terraform.io/-/genesyscloud\"]",
      "instances": [
        {
          "schema_version": 1,
          "attributes_flat": {
            "id": "85d226bd-8c1c-4a56-94fc-26f30421e7e9",
            "roles.#": "4",
            "roles.1657338354.division_ids.#": "1",
            "roles.1657338354.division_ids.3287469570": "b630dc62-a2b4-49b7-a99f-ae1cce5c963a",
            "roles.1657338354.role_id": "7dd2421b-fed9-4965-959f-36ac44b18d20",
            "roles.418121522.division_ids.#": "1",
            "roles.418121522.division_ids.3287469570": "b630dc62-a2b4-49b7-a99f-ae1cce5c963a",
            "roles.418121522.role_id": "3a60b116-56f4-42ec-b60a-1ce4574762fd",
            "roles.483537354.division_ids.#": "1",
            "roles.483537354.division_ids.3287469570": "b630dc62-a2b4-49b7-a99f-ae1cce5c963a",
            "roles.483537354.role_id": "f78f3ba8-ea81-4570-a8bd-6db26c29de58",
            "roles.542149007.division_ids.#": "1",
            "roles.542149007.division_ids.3287469570": "b630dc62-a2b4-49b7-a99f-ae1cce5c963a",
            "roles.542149007.role_id": "5decf065-e6d2-495b-b6d8-237af142bc60",
            "user_id": "85d226bd-8c1c-4a56-94fc-26f30421e7e9"
          },
          "sensitive_attributes": []
        }
      ]
    },
    {
      "mode": "managed",
      "type": "genesyscloud_user_roles",
      "name": "keith_griffin1_ingka_com_1507431387",
      "provider": "provider[\"registry.terraform.io/-/genesyscloud\"]",
      "instances": [
        {
          "schema_version": 1,
          "attributes_flat": {
            "id": "1029cfd6-2e71-4c00-b9c0-be3edc7be532",
            "roles.#": "3",
            "roles.1657338354.division_ids.#": "1",
            "roles.1657338354.division_ids.3287469570": "b630dc62-a2b4-49b7-a99f-ae1cce5c963a",
            "roles.1657338354.role_id": "7dd2421b-fed9-4965-959f-36ac44b18d20",
            "roles.3065940989.division_ids.#": "1",
            "roles.3065940989.division_ids.3287469570": "b630dc62-a2b4-49b7-a99f-ae1cce5c963a",
            "roles.3065940989.role_id": "6a7cd1c2-9c1b-47e0-a589-c46029b4e460",
            "roles.4193133925.division_ids.#": "1",
            "roles.4193133925.division_ids.3287469570": "b630dc62-a2b4-49b7-a99f-ae1cce5c963a",
            "roles.4193133925.role_id": "2920a86a-2465-4b10-a09e-31942b5205e8",
            "user_id": "1029cfd6-2e71-4c00-b9c0-be3edc7be532"
          },
          "sensitive_attributes": []
        }
      ]
    },
    {
      "mode": "managed",
      "type": "genesyscloud_user_roles",
      "name": "lokeshwari_jayaraman_ingka_ikea_com_2820515905",
      "provider": "provider[\"registry.terraform.io/-/genesyscloud\"]",
      "instances": [
        {
          "schema_version": 1,
          "attributes_flat": {
            "id": "bcb1cb42-c731-4c74-ade2-276efc2b55d0",
            "roles.#": "5",
            "roles.1488581420.division_ids.#": "1",
            "roles.1488581420.division_ids.2553673884": "a25a98d3-2974-4567-a732-8824591730b1",
            "roles.1488581420.role_id": "ad8543d7-915b-4d94-aae6-56c67c5684f7",
            "roles.3603539335.division_ids.#": "1",
            "roles.3603539335.division_ids.2679715827": "*",
            "roles.3603539335.role_id": "fd369073-424e-41fa-9d3b-50109732d415",
            "roles.3915934626.division_ids.#": "1",
            "roles.3915934626.division_ids.2679715827": "*",
            "roles.3915934626.role_id": "7dd2421b-fed9-4965-959f-36ac44b18d20",
            "roles.4085888316.division_ids.#": "2",
            "roles.4085888316.division_ids.1534144880": "f023b698-ce82-46db-904e-7898c96ba1c8",
            "roles.4085888316.division_ids.2553673884": "a25a98d3-2974-4567-a732-8824591730b1",
            "roles.4085888316.role_id": "e27c15c2-4193-42e8-9e3f-cc659997ede4",
            "roles.483537354.division_ids.#": "1",
            "roles.483537354.division_ids.3287469570": "b630dc62-a2b4-49b7-a99f-ae1cce5c963a",
            "roles.483537354.role_id": "f78f3ba8-ea81-4570-a8bd-6db26c29de58",
            "user_id": "bcb1cb42-c731-4c74-ade2-276efc2b55d0"
          },
          "sensitive_attributes": []
        }
      ]
    },
    {
      "mode": "managed",
      "type": "genesyscloud_user_roles",
      "name": "magnus_angser1_ingka_ikea_com_1391179694",
      "provider": "provider[\"registry.terraform.io/-/genesyscloud\"]",
      "instances": [
        {
          "schema_version": 1,
          "attributes_flat": {
            "id": "c22db83d-3e05-476a-95cb-1a2a30d234e1",
            "roles.#": "3",
            "roles.215942286.division_ids.#": "1",
            "roles.215942286.division_ids.3287469570": "b630dc62-a2b4-49b7-a99f-ae1cce5c963a",
            "roles.215942286.role_id": "a6da46a2-1bfd-442a-b2c0-8d778c6d5872",
            "roles.3590372646.division_ids.#": "1",
            "roles.3590372646.division_ids.3287469570": "b630dc62-a2b4-49b7-a99f-ae1cce5c963a",
            "roles.3590372646.role_id": "ad8543d7-915b-4d94-aae6-56c67c5684f7",
            "roles.693780497.division_ids.#": "1",
            "roles.693780497.division_ids.3287469570": "b630dc62-a2b4-49b7-a99f-ae1cce5c963a",
            "roles.693780497.role_id": "2b254576-401a-433a-bcff-78b746bc23a3",
            "user_id": "c22db83d-3e05-476a-95cb-1a2a30d234e1"
          },
          "sensitive_attributes": []
        }
      ]
    },
    {
      "mode": "managed",
      "type": "genesyscloud_user_roles",
      "name": "marcel_urrutia_nilsson_ingka_com_3687014012",
      "provider": "provider[\"registry.terraform.io/-/genesyscloud\"]",
      "instances": [
        {
          "schema_version": 1,
          "attributes_flat": {
            "id": "bca52ba1-05b7-4e07-8547-5fedbead869b",
            "roles.#": "4",
            "roles.1657338354.division_ids.#": "1",
            "roles.1657338354.division_ids.3287469570": "b630dc62-a2b4-49b7-a99f-ae1cce5c963a",
            "roles.1657338354.role_id": "7dd2421b-fed9-4965-959f-36ac44b18d20",
            "roles.1922721065.division_ids.#": "1",
            "roles.1922721065.division_ids.3287469570": "b630dc62-a2b4-49b7-a99f-ae1cce5c963a",
            "roles.1922721065.role_id": "fc8b784a-fa6e-4b9d-854b-cba26d9f3642",
            "roles.3065940989.division_ids.#": "1",
            "roles.3065940989.division_ids.3287469570": "b630dc62-a2b4-49b7-a99f-ae1cce5c963a",
            "roles.3065940989.role_id": "6a7cd1c2-9c1b-47e0-a589-c46029b4e460",
            "roles.4193133925.division_ids.#": "1",
            "roles.4193133925.division_ids.3287469570": "b630dc62-a2b4-49b7-a99f-ae1cce5c963a",
            "roles.4193133925.role_id": "2920a86a-2465-4b10-a09e-31942b5205e8",
            "user_id": "bca52ba1-05b7-4e07-8547-5fedbead869b"
          },
          "sensitive_attributes": []
        }
      ]
    },
    {
      "mode": "managed",
      "type": "genesyscloud_user_roles",
      "name": "martin_hultman_ingka_ikea_com_1979478014",
      "provider": "provider[\"registry.terraform.io/-/genesyscloud\"]",
      "instances": [
        {
          "schema_version": 1,
          "attributes_flat": {
            "id": "b9ef0b99-9c34-44cc-b2f1-96b5338b5d6f",
            "roles.#": "0",
            "user_id": "b9ef0b99-9c34-44cc-b2f1-96b5338b5d6f"
          },
          "sensitive_attributes": []
        }
      ]
    },
    {
      "mode": "managed",
      "type": "genesyscloud_user_roles",
      "name": "martin_notodden_ingka_ikea_com_2964734638",
      "provider": "provider[\"registry.terraform.io/-/genesyscloud\"]",
      "instances": [
        {
          "schema_version": 1,
          "attributes_flat": {
            "id": "52ae6227-3691-4c56-aed9-4b2e3f7ecdbe",
            "roles.#": "5",
            "roles.1657338354.division_ids.#": "1",
            "roles.1657338354.division_ids.3287469570": "b630dc62-a2b4-49b7-a99f-ae1cce5c963a",
            "roles.1657338354.role_id": "7dd2421b-fed9-4965-959f-36ac44b18d20",
            "roles.2212734672.division_ids.#": "1",
            "roles.2212734672.division_ids.3287469570": "b630dc62-a2b4-49b7-a99f-ae1cce5c963a",
            "roles.2212734672.role_id": "20117e15-a509-4ad6-8fef-9248f9533e6f",
            "roles.3269625090.division_ids.#": "1",
            "roles.3269625090.division_ids.3287469570": "b630dc62-a2b4-49b7-a99f-ae1cce5c963a",
            "roles.3269625090.role_id": "549d0161-3d4c-493c-bc67-013b48018183",
            "roles.4193133925.division_ids.#": "1",
            "roles.4193133925.division_ids.3287469570": "b630dc62-a2b4-49b7-a99f-ae1cce5c963a",
            "roles.4193133925.role_id": "2920a86a-2465-4b10-a09e-31942b5205e8",
            "roles.461424055.division_ids.#": "1",
            "roles.461424055.division_ids.3287469570": "b630dc62-a2b4-49b7-a99f-ae1cce5c963a",
            "roles.461424055.role_id": "5d777ba6-825a-44ef-b71e-c807ab01d4c6",
            "user_id": "52ae6227-3691-4c56-aed9-4b2e3f7ecdbe"
          },
          "sensitive_attributes": []
        }
      ]
    },
    {
      "mode": "managed",
      "type": "genesyscloud_user_roles",
      "name": "mazen_saeed1_ingka_ikea_com_882845012",
      "provider": "provider[\"registry.terraform.io/-/genesyscloud\"]",
      "instances": [
        {
          "schema_version": 1,
          "attributes_flat": {
            "id": "52d89480-d984-44d1-b0ee-8d2139e8e12d",
            "roles.#": "5",
            "roles.1922721065.division_ids.#": "1",
            "roles.1922721065.division_ids.3287469570": "b630dc62-a2b4-49b7-a99f-ae1cce5c963a",
            "roles.1922721065.role_id": "fc8b784a-fa6e-4b9d-854b-cba26d9f3642",
            "roles.2471269730.division_ids.#": "1",
            "roles.2471269730.division_ids.2679715827": "*",
            "roles.2471269730.role_id": "3a60b116-56f4-42ec-b60a-1ce4574762fd",
            "roles.2540872602.division_ids.#": "1",
            "roles.2540872602.division_ids.2679715827": "*",
            "roles.2540872602.role_id": "f78f3ba8-ea81-4570-a8bd-6db26c29de58",
            "roles.2830775472.division_ids.#": "1",
            "roles.2830775472.division_ids.3287469570": "b630dc62-a2b4-49b7-a99f-ae1cce5c963a",
            "roles.2830775472.role_id": "140b6d97-2ae9-4015-b4d9-3b2fffd65a6a",
            "roles.3915934626.division_ids.#": "1",
            "roles.3915934626.division_ids.2679715827": "*",
            "roles.3915934626.role_id": "7dd2421b-fed9-4965-959f-36ac44b18d20",
            "user_id": "52d89480-d984-44d1-b0ee-8d2139e8e12d"
          },
          "sensitive_attributes": []
        }
      ]
    },
    {
      "mode": "managed",
      "type": "genesyscloud_user_roles",
      "name": "michael_daly_ingka_com_134670787",
      "provider": "provider[\"registry.terraform.io/-/genesyscloud\"]",
      "instances": [
        {
          "schema_version": 1,
          "attributes_flat": {
            "id": "2ff54e1d-bacd-4cf2-bf2e-100c9c7a35a1",
            "roles.#": "4",
            "roles.1657338354.division_ids.#": "1",
            "roles.1657338354.division_ids.3287469570": "b630dc62-a2b4-49b7-a99f-ae1cce5c963a",
            "roles.1657338354.role_id": "7dd2421b-fed9-4965-959f-36ac44b18d20",
            "roles.1922721065.division_ids.#": "1",
            "roles.1922721065.division_ids.3287469570": "b630dc62-a2b4-49b7-a99f-ae1cce5c963a",
            "roles.1922721065.role_id": "fc8b784a-fa6e-4b9d-854b-cba26d9f3642",
            "roles.3065940989.division_ids.#": "1",
            "roles.3065940989.division_ids.3287469570": "b630dc62-a2b4-49b7-a99f-ae1cce5c963a",
            "roles.3065940989.role_id": "6a7cd1c2-9c1b-47e0-a589-c46029b4e460",
            "roles.4193133925.division_ids.#": "1",
            "roles.4193133925.division_ids.3287469570": "b630dc62-a2b4-49b7-a99f-ae1cce5c963a",
            "roles.4193133925.role_id": "2920a86a-2465-4b10-a09e-31942b5205e8",
            "user_id": "2ff54e1d-bacd-4cf2-bf2e-100c9c7a35a1"
          },
          "sensitive_attributes": []
        }
      ]
    },
    {
      "mode": "managed",
      "type": "genesyscloud_user_roles",
      "name": "minli_xu_andersson_ingka_ikea_com_835250505",
      "provider": "provider[\"registry.terraform.io/-/genesyscloud\"]",
      "instances": [
        {
          "schema_version": 1,
          "attributes_flat": {
            "id": "f2c02b4a-0a4e-4fef-9cac-4557795fad56",
            "roles.#": "4",
            "roles.1657338354.division_ids.#": "1",
            "roles.1657338354.division_ids.3287469570": "b630dc62-a2b4-49b7-a99f-ae1cce5c963a",
            "roles.1657338354.role_id": "7dd2421b-fed9-4965-959f-36ac44b18d20",
            "roles.1860449133.division_ids.#": "1",
            "roles.1860449133.division_ids.3287469570": "b630dc62-a2b4-49b7-a99f-ae1cce5c963a",
            "roles.1860449133.role_id": "6ac21293-c4fc-4d45-a1d6-2c3e29a48536",
            "roles.3065940989.division_ids.#": "1",
            "roles.3065940989.division_ids.3287469570": "b630dc62-a2b4-49b7-a99f-ae1cce5c963a",
            "roles.3065940989.role_id": "6a7cd1c2-9c1b-47e0-a589-c46029b4e460",
            "roles.4193133925.division_ids.#": "1",
            "roles.4193133925.division_ids.3287469570": "b630dc62-a2b4-49b7-a99f-ae1cce5c963a",
            "roles.4193133925.role_id": "2920a86a-2465-4b10-a09e-31942b5205e8",
            "user_id": "f2c02b4a-0a4e-4fef-9cac-4557795fad56"
          },
          "sensitive_attributes": []
        }
      ]
    },
    {
      "mode": "managed",
      "type": "genesyscloud_user_roles",
      "name": "mohamed_nabil_hafez_ingka_ikea_com_2154619583",
      "provider": "provider[\"registry.terraform.io/-/genesyscloud\"]",
      "instances": [
        {
          "schema_version": 1,
          "attributes_flat": {
            "id": "e1929fca-ebf4-468f-a61a-0f7c83e8d928",
            "roles.#": "1",
            "roles.542149007.division_ids.#": "1",
            "roles.542149007.division_ids.3287469570": "b630dc62-a2b4-49b7-a99f-ae1cce5c963a",
            "roles.542149007.role_id": "5decf065-e6d2-495b-b6d8-237af142bc60",
            "user_id": "e1929fca-ebf4-468f-a61a-0f7c83e8d928"
          },
          "sensitive_attributes": []
        }
      ]
    },
    {
      "mode": "managed",
      "type": "genesyscloud_user_roles",
      "name": "mohammad_kashif1_ingka_ikea_com_3518056687",
      "provider": "provider[\"registry.terraform.io/-/genesyscloud\"]",
      "instances": [
        {
          "schema_version": 1,
          "attributes_flat": {
            "id": "c64b3ed0-9ee5-469e-9aaa-99703a00fb3d",
            "roles.#": "4",
            "roles.1657338354.division_ids.#": "1",
            "roles.1657338354.division_ids.3287469570": "b630dc62-a2b4-49b7-a99f-ae1cce5c963a",
            "roles.1657338354.role_id": "7dd2421b-fed9-4965-959f-36ac44b18d20",
            "roles.1922721065.division_ids.#": "1",
            "roles.1922721065.division_ids.3287469570": "b630dc62-a2b4-49b7-a99f-ae1cce5c963a",
            "roles.1922721065.role_id": "fc8b784a-fa6e-4b9d-854b-cba26d9f3642",
            "roles.3065940989.division_ids.#": "1",
            "roles.3065940989.division_ids.3287469570": "b630dc62-a2b4-49b7-a99f-ae1cce5c963a",
            "roles.3065940989.role_id": "6a7cd1c2-9c1b-47e0-a589-c46029b4e460",
            "roles.4193133925.division_ids.#": "1",
            "roles.4193133925.division_ids.3287469570": "b630dc62-a2b4-49b7-a99f-ae1cce5c963a",
            "roles.4193133925.role_id": "2920a86a-2465-4b10-a09e-31942b5205e8",
            "user_id": "c64b3ed0-9ee5-469e-9aaa-99703a00fb3d"
          },
          "sensitive_attributes": []
        }
      ]
    },
    {
      "mode": "managed",
      "type": "genesyscloud_user_roles",
      "name": "mrtest_ikea_com_3389180835",
      "provider": "provider[\"registry.terraform.io/-/genesyscloud\"]",
      "instances": [
        {
          "schema_version": 1,
          "attributes_flat": {
            "id": "a4f6979f-af50-48fd-b71a-916f7519c310",
            "roles.#": "2",
            "roles.1905950256.division_ids.#": "1",
            "roles.1905950256.division_ids.2553673884": "a25a98d3-2974-4567-a732-8824591730b1",
            "roles.1905950256.role_id": "ed004f43-d7f9-4556-9b5a-ee16df4afc5e",
            "roles.2002217839.division_ids.#": "1",
            "roles.2002217839.division_ids.2553673884": "a25a98d3-2974-4567-a732-8824591730b1",
            "roles.2002217839.role_id": "2920a86a-2465-4b10-a09e-31942b5205e8",
            "user_id": "a4f6979f-af50-48fd-b71a-916f7519c310"
          },
          "sensitive_attributes": []
        }
      ]
    },
    {
      "mode": "managed",
      "type": "genesyscloud_user_roles",
      "name": "natalia_shumakova1_ingka_com_3772982904",
      "provider": "provider[\"registry.terraform.io/-/genesyscloud\"]",
      "instances": [
        {
          "schema_version": 1,
          "attributes_flat": {
            "id": "2d632882-a11c-4db7-97bc-22502366e4f5",
            "roles.#": "4",
            "roles.1657338354.division_ids.#": "1",
            "roles.1657338354.division_ids.3287469570": "b630dc62-a2b4-49b7-a99f-ae1cce5c963a",
            "roles.1657338354.role_id": "7dd2421b-fed9-4965-959f-36ac44b18d20",
            "roles.1922721065.division_ids.#": "1",
            "roles.1922721065.division_ids.3287469570": "b630dc62-a2b4-49b7-a99f-ae1cce5c963a",
            "roles.1922721065.role_id": "fc8b784a-fa6e-4b9d-854b-cba26d9f3642",
            "roles.2212734672.division_ids.#": "1",
            "roles.2212734672.division_ids.3287469570": "b630dc62-a2b4-49b7-a99f-ae1cce5c963a",
            "roles.2212734672.role_id": "20117e15-a509-4ad6-8fef-9248f9533e6f",
            "roles.4193133925.division_ids.#": "1",
            "roles.4193133925.division_ids.3287469570": "b630dc62-a2b4-49b7-a99f-ae1cce5c963a",
            "roles.4193133925.role_id": "2920a86a-2465-4b10-a09e-31942b5205e8",
            "user_id": "2d632882-a11c-4db7-97bc-22502366e4f5"
          },
          "sensitive_attributes": []
        }
      ]
    },
    {
      "mode": "managed",
      "type": "genesyscloud_user_roles",
      "name": "neil_syndeo_cx_2051929816",
      "provider": "provider[\"registry.terraform.io/-/genesyscloud\"]",
      "instances": [
        {
          "schema_version": 1,
          "attributes_flat": {
            "id": "6ac74ca0-e5f0-4965-b4ff-5a537f22546b",
            "roles.#": "4",
            "roles.1657338354.division_ids.#": "1",
            "roles.1657338354.division_ids.3287469570": "b630dc62-a2b4-49b7-a99f-ae1cce5c963a",
            "roles.1657338354.role_id": "7dd2421b-fed9-4965-959f-36ac44b18d20",
            "roles.1922721065.division_ids.#": "1",
            "roles.1922721065.division_ids.3287469570": "b630dc62-a2b4-49b7-a99f-ae1cce5c963a",
            "roles.1922721065.role_id": "fc8b784a-fa6e-4b9d-854b-cba26d9f3642",
            "roles.3065940989.division_ids.#": "1",
            "roles.3065940989.division_ids.3287469570": "b630dc62-a2b4-49b7-a99f-ae1cce5c963a",
            "roles.3065940989.role_id": "6a7cd1c2-9c1b-47e0-a589-c46029b4e460",
            "roles.483537354.division_ids.#": "1",
            "roles.483537354.division_ids.3287469570": "b630dc62-a2b4-49b7-a99f-ae1cce5c963a",
            "roles.483537354.role_id": "f78f3ba8-ea81-4570-a8bd-6db26c29de58",
            "user_id": "6ac74ca0-e5f0-4965-b4ff-5a537f22546b"
          },
          "sensitive_attributes": []
        }
      ]
    },
    {
      "mode": "managed",
      "type": "genesyscloud_user_roles",
      "name": "niklas_leidzen_ingka_ikea_com_2053285601",
      "provider": "provider[\"registry.terraform.io/-/genesyscloud\"]",
      "instances": [
        {
          "schema_version": 1,
          "attributes_flat": {
            "id": "4e575f88-8a54-4cd2-8fdb-c0fb812bffd4",
            "roles.#": "3",
            "roles.215942286.division_ids.#": "1",
            "roles.215942286.division_ids.3287469570": "b630dc62-a2b4-49b7-a99f-ae1cce5c963a",
            "roles.215942286.role_id": "a6da46a2-1bfd-442a-b2c0-8d778c6d5872",
            "roles.3590372646.division_ids.#": "1",
            "roles.3590372646.division_ids.3287469570": "b630dc62-a2b4-49b7-a99f-ae1cce5c963a",
            "roles.3590372646.role_id": "ad8543d7-915b-4d94-aae6-56c67c5684f7",
            "roles.693780497.division_ids.#": "1",
            "roles.693780497.division_ids.3287469570": "b630dc62-a2b4-49b7-a99f-ae1cce5c963a",
            "roles.693780497.role_id": "2b254576-401a-433a-bcff-78b746bc23a3",
            "user_id": "4e575f88-8a54-4cd2-8fdb-c0fb812bffd4"
          },
          "sensitive_attributes": []
        }
      ]
    },
    {
      "mode": "managed",
      "type": "genesyscloud_user_roles",
      "name": "nser_katerji_ingka_ikea_com_3274852138",
      "provider": "provider[\"registry.terraform.io/-/genesyscloud\"]",
      "instances": [
        {
          "schema_version": 1,
          "attributes_flat": {
            "id": "ce84a668-6b7e-4914-a8ea-d400831ba095",
            "roles.#": "19",
            "roles.1024554265.division_ids.#": "1",
            "roles.1024554265.division_ids.2679715827": "*",
            "roles.1024554265.role_id": "949a0e41-d92d-410e-842a-09d38546eafe",
            "roles.1028166751.division_ids.#": "1",
            "roles.1028166751.division_ids.2679715827": "*",
            "roles.1028166751.role_id": "052a3419-caa9-4fb9-a00d-4a923251eca5",
            "roles.1570778998.division_ids.#": "1",
            "roles.1570778998.division_ids.2679715827": "*",
            "roles.1570778998.role_id": "ad8543d7-915b-4d94-aae6-56c67c5684f7",
            "roles.176440615.division_ids.#": "1",
            "roles.176440615.division_ids.2679715827": "*",
            "roles.176440615.role_id": "db86928a-59e9-4219-abab-7d7eeed412c4",
            "roles.1954783850.division_ids.#": "1",
            "roles.1954783850.division_ids.2679715827": "*",
            "roles.1954783850.role_id": "ed004f43-d7f9-4556-9b5a-ee16df4afc5e",
            "roles.2096523547.division_ids.#": "1",
            "roles.2096523547.division_ids.2679715827": "*",
            "roles.2096523547.role_id": "1ae0edc4-13a1-4949-a4f3-132cbf6244d3",
            "roles.232496287.division_ids.#": "1",
            "roles.232496287.division_ids.2679715827": "*",
            "roles.232496287.role_id": "3a034733-cf8f-4904-8475-c5d4c00fedce",
            "roles.2471269730.division_ids.#": "1",
            "roles.2471269730.division_ids.2679715827": "*",
            "roles.2471269730.role_id": "3a60b116-56f4-42ec-b60a-1ce4574762fd",
            "roles.2540872602.division_ids.#": "1",
            "roles.2540872602.division_ids.2679715827": "*",
            "roles.2540872602.role_id": "f78f3ba8-ea81-4570-a8bd-6db26c29de58",
            "roles.2568662069.division_ids.#": "1",
            "roles.2568662069.division_ids.2679715827": "*",
            "roles.2568662069.role_id": "e27c15c2-4193-42e8-9e3f-cc659997ede4",
            "roles.2734346817.division_ids.#": "1",
            "roles.2734346817.division_ids.2679715827": "*",
            "roles.2734346817.role_id": "2b254576-401a-433a-bcff-78b746bc23a3",
            "roles.2956959203.division_ids.#": "1",
            "roles.2956959203.division_ids.3287469570": "b630dc62-a2b4-49b7-a99f-ae1cce5c963a",
            "roles.2956959203.role_id": "c5cbbfcf-5a8d-4a37-a5d6-ffe8bef77fc2",
            "roles.3603539335.division_ids.#": "1",
            "roles.3603539335.division_ids.2679715827": "*",
            "roles.3603539335.role_id": "fd369073-424e-41fa-9d3b-50109732d415",
            "roles.3773544392.division_ids.#": "1",
            "roles.3773544392.division_ids.3287469570": "b630dc62-a2b4-49b7-a99f-ae1cce5c963a",
            "roles.3773544392.role_id": "47ac5324-86bc-4dfc-b240-2a3f93e08969",
            "roles.3846480189.division_ids.#": "1",
            "roles.3846480189.division_ids.2679715827": "*",
            "roles.3846480189.role_id": "6ac21293-c4fc-4d45-a1d6-2c3e29a48536",
            "roles.3853735321.division_ids.#": "1",
            "roles.3853735321.division_ids.3287469570": "b630dc62-a2b4-49b7-a99f-ae1cce5c963a",
            "roles.3853735321.role_id": "ce756ab6-5a32-4161-ad27-b536ab341b29",
            "roles.3915934626.division_ids.#": "1",
            "roles.3915934626.division_ids.2679715827": "*",
            "roles.3915934626.role_id": "7dd2421b-fed9-4965-959f-36ac44b18d20",
            "roles.461424055.division_ids.#": "1",
            "roles.461424055.division_ids.3287469570": "b630dc62-a2b4-49b7-a99f-ae1cce5c963a",
            "roles.461424055.role_id": "5d777ba6-825a-44ef-b71e-c807ab01d4c6",
            "roles.588949216.division_ids.#": "1",
            "roles.588949216.division_ids.2679715827": "*",
            "roles.588949216.role_id": "140b6d97-2ae9-4015-b4d9-3b2fffd65a6a",
            "user_id": "ce84a668-6b7e-4914-a8ea-d400831ba095"
          },
          "sensitive_attributes": []
        }
      ]
    },
    {
      "mode": "managed",
      "type": "genesyscloud_user_roles",
      "name": "nuno_rodrigues2_ingka_com_741182740",
      "provider": "provider[\"registry.terraform.io/-/genesyscloud\"]",
      "instances": [
        {
          "schema_version": 1,
          "attributes_flat": {
            "id": "83be7da1-f269-424f-b9c8-fc6e0e25578f",
            "roles.#": "4",
            "roles.1567176663.division_ids.#": "1",
            "roles.1567176663.division_ids.3287469570": "b630dc62-a2b4-49b7-a99f-ae1cce5c963a",
            "roles.1567176663.role_id": "fd369073-424e-41fa-9d3b-50109732d415",
            "roles.1570778998.division_ids.#": "1",
            "roles.1570778998.division_ids.2679715827": "*",
            "roles.1570778998.role_id": "ad8543d7-915b-4d94-aae6-56c67c5684f7",
            "roles.1657338354.division_ids.#": "1",
            "roles.1657338354.division_ids.3287469570": "b630dc62-a2b4-49b7-a99f-ae1cce5c963a",
            "roles.1657338354.role_id": "7dd2421b-fed9-4965-959f-36ac44b18d20",
            "roles.4193133925.division_ids.#": "1",
            "roles.4193133925.division_ids.3287469570": "b630dc62-a2b4-49b7-a99f-ae1cce5c963a",
            "roles.4193133925.role_id": "2920a86a-2465-4b10-a09e-31942b5205e8",
            "user_id": "83be7da1-f269-424f-b9c8-fc6e0e25578f"
          },
          "sensitive_attributes": []
        }
      ]
    },
    {
      "mode": "managed",
      "type": "genesyscloud_user_roles",
      "name": "ozlem_yakar_ingka_ikea_com_489125379",
      "provider": "provider[\"registry.terraform.io/-/genesyscloud\"]",
      "instances": [
        {
          "schema_version": 1,
          "attributes_flat": {
            "id": "c7a47ad2-01f5-4f4a-8b9c-76beae0f310b",
            "roles.#": "3",
            "roles.215942286.division_ids.#": "1",
            "roles.215942286.division_ids.3287469570": "b630dc62-a2b4-49b7-a99f-ae1cce5c963a",
            "roles.215942286.role_id": "a6da46a2-1bfd-442a-b2c0-8d778c6d5872",
            "roles.3590372646.division_ids.#": "1",
            "roles.3590372646.division_ids.3287469570": "b630dc62-a2b4-49b7-a99f-ae1cce5c963a",
            "roles.3590372646.role_id": "ad8543d7-915b-4d94-aae6-56c67c5684f7",
            "roles.693780497.division_ids.#": "1",
            "roles.693780497.division_ids.3287469570": "b630dc62-a2b4-49b7-a99f-ae1cce5c963a",
            "roles.693780497.role_id": "2b254576-401a-433a-bcff-78b746bc23a3",
            "user_id": "c7a47ad2-01f5-4f4a-8b9c-76beae0f310b"
          },
          "sensitive_attributes": []
        }
      ]
    },
    {
      "mode": "managed",
      "type": "genesyscloud_user_roles",
      "name": "pete_hoyle1_gmail_com_1745268380",
      "provider": "provider[\"registry.terraform.io/-/genesyscloud\"]",
      "instances": [
        {
          "schema_version": 1,
          "attributes_flat": {
            "id": "fcb48a61-6a2a-4dcd-b396-35098a94a9f3",
            "roles.#": "4",
            "roles.1657338354.division_ids.#": "1",
            "roles.1657338354.division_ids.3287469570": "b630dc62-a2b4-49b7-a99f-ae1cce5c963a",
            "roles.1657338354.role_id": "7dd2421b-fed9-4965-959f-36ac44b18d20",
            "roles.2146549186.division_ids.#": "1",
            "roles.2146549186.division_ids.572076421": "d6dac4c6-c65f-4062-95c6-c166417481b2",
            "roles.2146549186.role_id": "f78f3ba8-ea81-4570-a8bd-6db26c29de58",
            "roles.2597169517.division_ids.#": "1",
            "roles.2597169517.division_ids.572076421": "d6dac4c6-c65f-4062-95c6-c166417481b2",
            "roles.2597169517.role_id": "2920a86a-2465-4b10-a09e-31942b5205e8",
            "roles.3770690264.division_ids.#": "1",
            "roles.3770690264.division_ids.572076421": "d6dac4c6-c65f-4062-95c6-c166417481b2",
            "roles.3770690264.role_id": "20117e15-a509-4ad6-8fef-9248f9533e6f",
            "user_id": "fcb48a61-6a2a-4dcd-b396-35098a94a9f3"
          },
          "sensitive_attributes": []
        }
      ]
    },
    {
      "mode": "managed",
      "type": "genesyscloud_user_roles",
      "name": "pete_hoyle_genesys_com_1089448153",
      "provider": "provider[\"registry.terraform.io/-/genesyscloud\"]",
      "instances": [
        {
          "schema_version": 1,
          "attributes_flat": {
            "id": "88688fa3-760a-4777-bbd4-6ae2177a86bc",
            "roles.#": "27",
            "roles.1000279987.division_ids.#": "1",
            "roles.1000279987.division_ids.2679715827": "*",
            "roles.1000279987.role_id": "c5cbbfcf-5a8d-4a37-a5d6-ffe8bef77fc2",
            "roles.1517434890.division_ids.#": "1",
            "roles.1517434890.division_ids.2679715827": "*",
            "roles.1517434890.role_id": "4c05c376-f323-403d-ba48-8dded517e061",
            "roles.1570778998.division_ids.#": "1",
            "roles.1570778998.division_ids.2679715827": "*",
            "roles.1570778998.role_id": "ad8543d7-915b-4d94-aae6-56c67c5684f7",
            "roles.1577793818.division_ids.#": "1",
            "roles.1577793818.division_ids.2679715827": "*",
            "roles.1577793818.role_id": "0d56e7f7-4703-4d91-9265-28bd9a0bc24c",
            "roles.1607137255.division_ids.#": "1",
            "roles.1607137255.division_ids.2679715827": "*",
            "roles.1607137255.role_id": "bbb9c3e2-f563-4117-ac6c-e574fcb8dfe8",
            "roles.1695700693.division_ids.#": "1",
            "roles.1695700693.division_ids.2679715827": "*",
            "roles.1695700693.role_id": "8d6c7020-252c-415a-979f-441d6b6b1029",
            "roles.176440615.division_ids.#": "1",
            "roles.176440615.division_ids.2679715827": "*",
            "roles.176440615.role_id": "db86928a-59e9-4219-abab-7d7eeed412c4",
            "roles.1800086936.division_ids.#": "1",
            "roles.1800086936.division_ids.2679715827": "*",
            "roles.1800086936.role_id": "47ac5324-86bc-4dfc-b240-2a3f93e08969",
            "roles.1846790089.division_ids.#": "1",
            "roles.1846790089.division_ids.2679715827": "*",
            "roles.1846790089.role_id": "ce756ab6-5a32-4161-ad27-b536ab341b29",
            "roles.2206934942.division_ids.#": "1",
            "roles.2206934942.division_ids.2679715827": "*",
            "roles.2206934942.role_id": "5ea2715b-b50f-429e-8394-1a3579457f1f",
            "roles.2273285854.division_ids.#": "1",
            "roles.2273285854.division_ids.2679715827": "*",
            "roles.2273285854.role_id": "a6da46a2-1bfd-442a-b2c0-8d778c6d5872",
            "roles.232496287.division_ids.#": "1",
            "roles.232496287.division_ids.2679715827": "*",
            "roles.232496287.role_id": "3a034733-cf8f-4904-8475-c5d4c00fedce",
            "roles.2471269730.division_ids.#": "1",
            "roles.2471269730.division_ids.2679715827": "*",
            "roles.2471269730.role_id": "3a60b116-56f4-42ec-b60a-1ce4574762fd",
            "roles.2529242751.division_ids.#": "1",
            "roles.2529242751.division_ids.2679715827": "*",
            "roles.2529242751.role_id": "561a4d1b-ebde-4591-a453-2e16541b4f6d",
            "roles.2540872602.division_ids.#": "1",
            "roles.2540872602.division_ids.2679715827": "*",
            "roles.2540872602.role_id": "f78f3ba8-ea81-4570-a8bd-6db26c29de58",
            "roles.2581905080.division_ids.#": "1",
            "roles.2581905080.division_ids.2679715827": "*",
            "roles.2581905080.role_id": "8f0168c8-f8b7-42ba-b771-1d4649115a0c",
            "roles.2734346817.division_ids.#": "1",
            "roles.2734346817.division_ids.2679715827": "*",
            "roles.2734346817.role_id": "2b254576-401a-433a-bcff-78b746bc23a3",
            "roles.3001481789.division_ids.#": "1",
            "roles.3001481789.division_ids.2679715827": "*",
            "roles.3001481789.role_id": "8b93e754-cc8f-43ef-9c11-739962163f11",
            "roles.3394753612.division_ids.#": "1",
            "roles.3394753612.division_ids.2679715827": "*",
            "roles.3394753612.role_id": "227e3de8-8d2a-4d2e-bdc2-8adc8f594c39",
            "roles.3397597804.division_ids.#": "1",
            "roles.3397597804.division_ids.2679715827": "*",
            "roles.3397597804.role_id": "1b01d7dd-cad6-469c-bcac-cd0e30037d65",
            "roles.3654566581.division_ids.#": "1",
            "roles.3654566581.division_ids.2679715827": "*",
            "roles.3654566581.role_id": "b070d6ed-0c3b-4b49-90d2-e46f11812798",
            "roles.3799229526.division_ids.#": "1",
            "roles.3799229526.division_ids.2679715827": "*",
            "roles.3799229526.role_id": "fbbe1cb5-93d6-4c89-a565-3ee0d6a8dd54",
            "roles.3915934626.division_ids.#": "1",
            "roles.3915934626.division_ids.2679715827": "*",
            "roles.3915934626.role_id": "7dd2421b-fed9-4965-959f-36ac44b18d20",
            "roles.4181391225.division_ids.#": "1",
            "roles.4181391225.division_ids.2679715827": "*",
            "roles.4181391225.role_id": "fc8b784a-fa6e-4b9d-854b-cba26d9f3642",
            "roles.4292108871.division_ids.#": "1",
            "roles.4292108871.division_ids.2679715827": "*",
            "roles.4292108871.role_id": "e33cd79a-1880-4e49-b5fd-987b57ec9a1a",
            "roles.666735136.division_ids.#": "1",
            "roles.666735136.division_ids.2679715827": "*",
            "roles.666735136.role_id": "e45ae909-9347-4182-a8c1-d221a9806ba6",
            "roles.782358384.division_ids.#": "1",
            "roles.782358384.division_ids.2679715827": "*",
            "roles.782358384.role_id": "13811ca6-e5df-45ee-8690-7f0982c6a179",
            "user_id": "88688fa3-760a-4777-bbd4-6ae2177a86bc"
          },
          "sensitive_attributes": []
        }
      ]
    },
    {
      "mode": "managed",
      "type": "genesyscloud_user_roles",
      "name": "phelim_lennon_ingka_com_702027585",
      "provider": "provider[\"registry.terraform.io/-/genesyscloud\"]",
      "instances": [
        {
          "schema_version": 1,
          "attributes_flat": {
            "id": "14e1cbf0-0667-457e-8079-9ca44f02200c",
            "roles.#": "4",
            "roles.1922721065.division_ids.#": "1",
            "roles.1922721065.division_ids.3287469570": "b630dc62-a2b4-49b7-a99f-ae1cce5c963a",
            "roles.1922721065.role_id": "fc8b784a-fa6e-4b9d-854b-cba26d9f3642",
            "roles.3065940989.division_ids.#": "1",
            "roles.3065940989.division_ids.3287469570": "b630dc62-a2b4-49b7-a99f-ae1cce5c963a",
            "roles.3065940989.role_id": "6a7cd1c2-9c1b-47e0-a589-c46029b4e460",
            "roles.3269625090.division_ids.#": "1",
            "roles.3269625090.division_ids.3287469570": "b630dc62-a2b4-49b7-a99f-ae1cce5c963a",
            "roles.3269625090.role_id": "549d0161-3d4c-493c-bc67-013b48018183",
            "roles.4193133925.division_ids.#": "1",
            "roles.4193133925.division_ids.3287469570": "b630dc62-a2b4-49b7-a99f-ae1cce5c963a",
            "roles.4193133925.role_id": "2920a86a-2465-4b10-a09e-31942b5205e8",
            "user_id": "14e1cbf0-0667-457e-8079-9ca44f02200c"
          },
          "sensitive_attributes": []
        }
      ]
    },
    {
      "mode": "managed",
      "type": "genesyscloud_user_roles",
      "name": "prasad_sawant1_ingka_com_2304854140",
      "provider": "provider[\"registry.terraform.io/-/genesyscloud\"]",
      "instances": [
        {
          "schema_version": 1,
          "attributes_flat": {
            "id": "396ed46e-ff16-4a8f-ad40-ec77b631c3cd",
            "roles.#": "5",
            "roles.1229068114.division_ids.#": "1",
            "roles.1229068114.division_ids.2679715827": "*",
            "roles.1229068114.role_id": "549d0161-3d4c-493c-bc67-013b48018183",
            "roles.138622080.division_ids.#": "1",
            "roles.138622080.division_ids.2679715827": "*",
            "roles.138622080.role_id": "20117e15-a509-4ad6-8fef-9248f9533e6f",
            "roles.1764872092.division_ids.#": "1",
            "roles.1764872092.division_ids.2679715827": "*",
            "roles.1764872092.role_id": "d1c0bf15-5ca3-4d80-9574-214317217edd",
            "roles.1917761333.division_ids.#": "1",
            "roles.1917761333.division_ids.2679715827": "*",
            "roles.1917761333.role_id": "2920a86a-2465-4b10-a09e-31942b5205e8",
            "roles.2884639711.division_ids.#": "1",
            "roles.2884639711.division_ids.2679715827": "*",
            "roles.2884639711.role_id": "5decf065-e6d2-495b-b6d8-237af142bc60",
            "user_id": "396ed46e-ff16-4a8f-ad40-ec77b631c3cd"
          },
          "sensitive_attributes": []
        }
      ]
    },
    {
      "mode": "managed",
      "type": "genesyscloud_user_roles",
      "name": "pratibha_bevinamatti_ingka_ikea_com_1904776481",
      "provider": "provider[\"registry.terraform.io/-/genesyscloud\"]",
      "instances": [
        {
          "schema_version": 1,
          "attributes_flat": {
            "id": "add25066-91e9-49ac-9f39-b45cfb115d85",
            "roles.#": "4",
            "roles.1229068114.division_ids.#": "1",
            "roles.1229068114.division_ids.2679715827": "*",
            "roles.1229068114.role_id": "549d0161-3d4c-493c-bc67-013b48018183",
            "roles.138622080.division_ids.#": "1",
            "roles.138622080.division_ids.2679715827": "*",
            "roles.138622080.role_id": "20117e15-a509-4ad6-8fef-9248f9533e6f",
            "roles.1917761333.division_ids.#": "1",
            "roles.1917761333.division_ids.2679715827": "*",
            "roles.1917761333.role_id": "2920a86a-2465-4b10-a09e-31942b5205e8",
            "roles.2884639711.division_ids.#": "1",
            "roles.2884639711.division_ids.2679715827": "*",
            "roles.2884639711.role_id": "5decf065-e6d2-495b-b6d8-237af142bc60",
            "user_id": "add25066-91e9-49ac-9f39-b45cfb115d85"
          },
          "sensitive_attributes": []
        }
      ]
    },
    {
      "mode": "managed",
      "type": "genesyscloud_user_roles",
      "name": "radhika_saravgi_ingka_ikea_com_189342971",
      "provider": "provider[\"registry.terraform.io/-/genesyscloud\"]",
      "instances": [
        {
          "schema_version": 1,
          "attributes_flat": {
            "id": "90f35274-941b-456a-b706-ddb3bf9756ed",
            "roles.#": "5",
            "roles.1229068114.division_ids.#": "1",
            "roles.1229068114.division_ids.2679715827": "*",
            "roles.1229068114.role_id": "549d0161-3d4c-493c-bc67-013b48018183",
            "roles.138622080.division_ids.#": "1",
            "roles.138622080.division_ids.2679715827": "*",
            "roles.138622080.role_id": "20117e15-a509-4ad6-8fef-9248f9533e6f",
            "roles.1917761333.division_ids.#": "1",
            "roles.1917761333.division_ids.2679715827": "*",
            "roles.1917761333.role_id": "2920a86a-2465-4b10-a09e-31942b5205e8",
            "roles.2884639711.division_ids.#": "1",
            "roles.2884639711.division_ids.2679715827": "*",
            "roles.2884639711.role_id": "5decf065-e6d2-495b-b6d8-237af142bc60",
            "roles.3603539335.division_ids.#": "1",
            "roles.3603539335.division_ids.2679715827": "*",
            "roles.3603539335.role_id": "fd369073-424e-41fa-9d3b-50109732d415",
            "user_id": "90f35274-941b-456a-b706-ddb3bf9756ed"
          },
          "sensitive_attributes": []
        }
      ]
    },
    {
      "mode": "managed",
      "type": "genesyscloud_user_roles",
      "name": "rene_guillot_genesys_com_1258304352",
      "provider": "provider[\"registry.terraform.io/-/genesyscloud\"]",
      "instances": [
        {
          "schema_version": 1,
          "attributes_flat": {
            "id": "46a5c69d-b8ee-4d09-a630-c03d93a941bc",
            "roles.#": "24",
            "roles.1000279987.division_ids.#": "1",
            "roles.1000279987.division_ids.2679715827": "*",
            "roles.1000279987.role_id": "c5cbbfcf-5a8d-4a37-a5d6-ffe8bef77fc2",
            "roles.1570778998.division_ids.#": "1",
            "roles.1570778998.division_ids.2679715827": "*",
            "roles.1570778998.role_id": "ad8543d7-915b-4d94-aae6-56c67c5684f7",
            "roles.1577793818.division_ids.#": "1",
            "roles.1577793818.division_ids.2679715827": "*",
            "roles.1577793818.role_id": "0d56e7f7-4703-4d91-9265-28bd9a0bc24c",
            "roles.1607137255.division_ids.#": "1",
            "roles.1607137255.division_ids.2679715827": "*",
            "roles.1607137255.role_id": "bbb9c3e2-f563-4117-ac6c-e574fcb8dfe8",
            "roles.1695700693.division_ids.#": "1",
            "roles.1695700693.division_ids.2679715827": "*",
            "roles.1695700693.role_id": "8d6c7020-252c-415a-979f-441d6b6b1029",
            "roles.176440615.division_ids.#": "1",
            "roles.176440615.division_ids.2679715827": "*",
            "roles.176440615.role_id": "db86928a-59e9-4219-abab-7d7eeed412c4",
            "roles.1800086936.division_ids.#": "1",
            "roles.1800086936.division_ids.2679715827": "*",
            "roles.1800086936.role_id": "47ac5324-86bc-4dfc-b240-2a3f93e08969",
            "roles.1846790089.division_ids.#": "1",
            "roles.1846790089.division_ids.2679715827": "*",
            "roles.1846790089.role_id": "ce756ab6-5a32-4161-ad27-b536ab341b29",
            "roles.2273285854.division_ids.#": "1",
            "roles.2273285854.division_ids.2679715827": "*",
            "roles.2273285854.role_id": "a6da46a2-1bfd-442a-b2c0-8d778c6d5872",
            "roles.232496287.division_ids.#": "1",
            "roles.232496287.division_ids.2679715827": "*",
            "roles.232496287.role_id": "3a034733-cf8f-4904-8475-c5d4c00fedce",
            "roles.2471269730.division_ids.#": "1",
            "roles.2471269730.division_ids.2679715827": "*",
            "roles.2471269730.role_id": "3a60b116-56f4-42ec-b60a-1ce4574762fd",
            "roles.2529242751.division_ids.#": "1",
            "roles.2529242751.division_ids.2679715827": "*",
            "roles.2529242751.role_id": "561a4d1b-ebde-4591-a453-2e16541b4f6d",
            "roles.2540872602.division_ids.#": "1",
            "roles.2540872602.division_ids.2679715827": "*",
            "roles.2540872602.role_id": "f78f3ba8-ea81-4570-a8bd-6db26c29de58",
            "roles.2734346817.division_ids.#": "1",
            "roles.2734346817.division_ids.2679715827": "*",
            "roles.2734346817.role_id": "2b254576-401a-433a-bcff-78b746bc23a3",
            "roles.3001481789.division_ids.#": "1",
            "roles.3001481789.division_ids.2679715827": "*",
            "roles.3001481789.role_id": "8b93e754-cc8f-43ef-9c11-739962163f11",
            "roles.3394753612.division_ids.#": "1",
            "roles.3394753612.division_ids.2679715827": "*",
            "roles.3394753612.role_id": "227e3de8-8d2a-4d2e-bdc2-8adc8f594c39",
            "roles.3397597804.division_ids.#": "1",
            "roles.3397597804.division_ids.2679715827": "*",
            "roles.3397597804.role_id": "1b01d7dd-cad6-469c-bcac-cd0e30037d65",
            "roles.3654566581.division_ids.#": "1",
            "roles.3654566581.division_ids.2679715827": "*",
            "roles.3654566581.role_id": "b070d6ed-0c3b-4b49-90d2-e46f11812798",
            "roles.3799229526.division_ids.#": "1",
            "roles.3799229526.division_ids.2679715827": "*",
            "roles.3799229526.role_id": "fbbe1cb5-93d6-4c89-a565-3ee0d6a8dd54",
            "roles.3915934626.division_ids.#": "1",
            "roles.3915934626.division_ids.2679715827": "*",
            "roles.3915934626.role_id": "7dd2421b-fed9-4965-959f-36ac44b18d20",
            "roles.4181391225.division_ids.#": "1",
            "roles.4181391225.division_ids.2679715827": "*",
            "roles.4181391225.role_id": "fc8b784a-fa6e-4b9d-854b-cba26d9f3642",
            "roles.4292108871.division_ids.#": "1",
            "roles.4292108871.division_ids.2679715827": "*",
            "roles.4292108871.role_id": "e33cd79a-1880-4e49-b5fd-987b57ec9a1a",
            "roles.666735136.division_ids.#": "1",
            "roles.666735136.division_ids.2679715827": "*",
            "roles.666735136.role_id": "e45ae909-9347-4182-a8c1-d221a9806ba6",
            "roles.782358384.division_ids.#": "1",
            "roles.782358384.division_ids.2679715827": "*",
            "roles.782358384.role_id": "13811ca6-e5df-45ee-8690-7f0982c6a179",
            "user_id": "46a5c69d-b8ee-4d09-a630-c03d93a941bc"
          },
          "sensitive_attributes": []
        }
      ]
    },
    {
      "mode": "managed",
      "type": "genesyscloud_user_roles",
      "name": "richa_gupta3_ingka_ikea_com_785115919",
      "provider": "provider[\"registry.terraform.io/-/genesyscloud\"]",
      "instances": [
        {
          "schema_version": 1,
          "attributes_flat": {
            "id": "3ef886b0-4c5c-4ebb-88f7-47785803ac94",
            "roles.#": "4",
            "roles.1657338354.division_ids.#": "1",
            "roles.1657338354.division_ids.3287469570": "b630dc62-a2b4-49b7-a99f-ae1cce5c963a",
            "roles.1657338354.role_id": "7dd2421b-fed9-4965-959f-36ac44b18d20",
            "roles.3065940989.division_ids.#": "1",
            "roles.3065940989.division_ids.3287469570": "b630dc62-a2b4-49b7-a99f-ae1cce5c963a",
            "roles.3065940989.role_id": "6a7cd1c2-9c1b-47e0-a589-c46029b4e460",
            "roles.418121522.division_ids.#": "1",
            "roles.418121522.division_ids.3287469570": "b630dc62-a2b4-49b7-a99f-ae1cce5c963a",
            "roles.418121522.role_id": "3a60b116-56f4-42ec-b60a-1ce4574762fd",
            "roles.483537354.division_ids.#": "1",
            "roles.483537354.division_ids.3287469570": "b630dc62-a2b4-49b7-a99f-ae1cce5c963a",
            "roles.483537354.role_id": "f78f3ba8-ea81-4570-a8bd-6db26c29de58",
            "user_id": "3ef886b0-4c5c-4ebb-88f7-47785803ac94"
          },
          "sensitive_attributes": []
        }
      ]
    },
    {
      "mode": "managed",
      "type": "genesyscloud_user_roles",
      "name": "rjv_genesys_com_1416001142",
      "provider": "provider[\"registry.terraform.io/-/genesyscloud\"]",
      "instances": [
        {
          "schema_version": 1,
          "attributes_flat": {
            "id": "237e3ca4-9c2a-4c74-a6cc-108609640ac0",
            "roles.#": "39",
            "roles.1000279987.division_ids.#": "1",
            "roles.1000279987.division_ids.2679715827": "*",
            "roles.1000279987.role_id": "c5cbbfcf-5a8d-4a37-a5d6-ffe8bef77fc2",
            "roles.1466647786.division_ids.#": "1",
            "roles.1466647786.division_ids.3287469570": "b630dc62-a2b4-49b7-a99f-ae1cce5c963a",
            "roles.1466647786.role_id": "2ce0ca03-2f75-4dcb-a3c7-b954e373e2a4",
            "roles.1570778998.division_ids.#": "1",
            "roles.1570778998.division_ids.2679715827": "*",
            "roles.1570778998.role_id": "ad8543d7-915b-4d94-aae6-56c67c5684f7",
            "roles.1577793818.division_ids.#": "1",
            "roles.1577793818.division_ids.2679715827": "*",
            "roles.1577793818.role_id": "0d56e7f7-4703-4d91-9265-28bd9a0bc24c",
            "roles.1607137255.division_ids.#": "1",
            "roles.1607137255.division_ids.2679715827": "*",
            "roles.1607137255.role_id": "bbb9c3e2-f563-4117-ac6c-e574fcb8dfe8",
            "roles.1695700693.division_ids.#": "1",
            "roles.1695700693.division_ids.2679715827": "*",
            "roles.1695700693.role_id": "8d6c7020-252c-415a-979f-441d6b6b1029",
            "roles.176440615.division_ids.#": "1",
            "roles.176440615.division_ids.2679715827": "*",
            "roles.176440615.role_id": "db86928a-59e9-4219-abab-7d7eeed412c4",
            "roles.1800086936.division_ids.#": "1",
            "roles.1800086936.division_ids.2679715827": "*",
            "roles.1800086936.role_id": "47ac5324-86bc-4dfc-b240-2a3f93e08969",
            "roles.1846790089.division_ids.#": "1",
            "roles.1846790089.division_ids.2679715827": "*",
            "roles.1846790089.role_id": "ce756ab6-5a32-4161-ad27-b536ab341b29",
            "roles.2028934607.division_ids.#": "1",
            "roles.2028934607.division_ids.3287469570": "b630dc62-a2b4-49b7-a99f-ae1cce5c963a",
            "roles.2028934607.role_id": "64e0808e-7faf-449f-a25f-10d4e425175f",
            "roles.2273285854.division_ids.#": "1",
            "roles.2273285854.division_ids.2679715827": "*",
            "roles.2273285854.role_id": "a6da46a2-1bfd-442a-b2c0-8d778c6d5872",
            "roles.232496287.division_ids.#": "1",
            "roles.232496287.division_ids.2679715827": "*",
            "roles.232496287.role_id": "3a034733-cf8f-4904-8475-c5d4c00fedce",
            "roles.2471269730.division_ids.#": "1",
            "roles.2471269730.division_ids.2679715827": "*",
            "roles.2471269730.role_id": "3a60b116-56f4-42ec-b60a-1ce4574762fd",
            "roles.2529242751.division_ids.#": "1",
            "roles.2529242751.division_ids.2679715827": "*",
            "roles.2529242751.role_id": "561a4d1b-ebde-4591-a453-2e16541b4f6d",
            "roles.2540872602.division_ids.#": "1",
            "roles.2540872602.division_ids.2679715827": "*",
            "roles.2540872602.role_id": "f78f3ba8-ea81-4570-a8bd-6db26c29de58",
            "roles.2562601718.division_ids.#": "1",
            "roles.2562601718.division_ids.3287469570": "b630dc62-a2b4-49b7-a99f-ae1cce5c963a",
            "roles.2562601718.role_id": "862c38d8-26fe-4d7f-813e-07f4bbb1ca08",
            "roles.26250217.division_ids.#": "1",
            "roles.26250217.division_ids.3287469570": "b630dc62-a2b4-49b7-a99f-ae1cce5c963a",
            "roles.26250217.role_id": "566f0823-508b-4986-9012-01f2cd4e5513",
            "roles.2734346817.division_ids.#": "1",
            "roles.2734346817.division_ids.2679715827": "*",
            "roles.2734346817.role_id": "2b254576-401a-433a-bcff-78b746bc23a3",
            "roles.2962762841.division_ids.#": "1",
            "roles.2962762841.division_ids.3287469570": "b630dc62-a2b4-49b7-a99f-ae1cce5c963a",
            "roles.2962762841.role_id": "9c422539-d255-4fff-983c-c68c0c69d954",
            "roles.3001481789.division_ids.#": "1",
            "roles.3001481789.division_ids.2679715827": "*",
            "roles.3001481789.role_id": "8b93e754-cc8f-43ef-9c11-739962163f11",
            "roles.3065940989.division_ids.#": "1",
            "roles.3065940989.division_ids.3287469570": "b630dc62-a2b4-49b7-a99f-ae1cce5c963a",
            "roles.3065940989.role_id": "6a7cd1c2-9c1b-47e0-a589-c46029b4e460",
            "roles.3068659215.division_ids.#": "1",
            "roles.3068659215.division_ids.3287469570": "b630dc62-a2b4-49b7-a99f-ae1cce5c963a",
            "roles.3068659215.role_id": "052a3419-caa9-4fb9-a00d-4a923251eca5",
            "roles.3256123385.division_ids.#": "1",
            "roles.3256123385.division_ids.3287469570": "b630dc62-a2b4-49b7-a99f-ae1cce5c963a",
            "roles.3256123385.role_id": "4f7c39ef-65fb-4d09-b1b3-c8bb6ed631e4",
            "roles.3290530370.division_ids.#": "1",
            "roles.3290530370.division_ids.3287469570": "b630dc62-a2b4-49b7-a99f-ae1cce5c963a",
            "roles.3290530370.role_id": "44dd3db2-3b97-4f10-bcf0-89cf97cb9e30",
            "roles.3394753612.division_ids.#": "1",
            "roles.3394753612.division_ids.2679715827": "*",
            "roles.3394753612.role_id": "227e3de8-8d2a-4d2e-bdc2-8adc8f594c39",
            "roles.3397597804.division_ids.#": "1",
            "roles.3397597804.division_ids.2679715827": "*",
            "roles.3397597804.role_id": "1b01d7dd-cad6-469c-bcac-cd0e30037d65",
            "roles.3603539335.division_ids.#": "1",
            "roles.3603539335.division_ids.2679715827": "*",
            "roles.3603539335.role_id": "fd369073-424e-41fa-9d3b-50109732d415",
            "roles.3744049193.division_ids.#": "1",
            "roles.3744049193.division_ids.3287469570": "b630dc62-a2b4-49b7-a99f-ae1cce5c963a",
            "roles.3744049193.role_id": "425f534e-c0ab-486f-b2a7-324a7e517a94",
            "roles.3799229526.division_ids.#": "1",
            "roles.3799229526.division_ids.2679715827": "*",
            "roles.3799229526.role_id": "fbbe1cb5-93d6-4c89-a565-3ee0d6a8dd54",
            "roles.3915934626.division_ids.#": "1",
            "roles.3915934626.division_ids.2679715827": "*",
            "roles.3915934626.role_id": "7dd2421b-fed9-4965-959f-36ac44b18d20",
            "roles.4149465583.division_ids.#": "1",
            "roles.4149465583.division_ids.3287469570": "b630dc62-a2b4-49b7-a99f-ae1cce5c963a",
            "roles.4149465583.role_id": "5a629e48-887e-46a9-928b-814ecfbc31d7",
            "roles.4149672779.division_ids.#": "1",
            "roles.4149672779.division_ids.3287469570": "b630dc62-a2b4-49b7-a99f-ae1cce5c963a",
            "roles.4149672779.role_id": "1ae0edc4-13a1-4949-a4f3-132cbf6244d3",
            "roles.4181391225.division_ids.#": "1",
            "roles.4181391225.division_ids.2679715827": "*",
            "roles.4181391225.role_id": "fc8b784a-fa6e-4b9d-854b-cba26d9f3642",
            "roles.4292108871.division_ids.#": "1",
            "roles.4292108871.division_ids.2679715827": "*",
            "roles.4292108871.role_id": "e33cd79a-1880-4e49-b5fd-987b57ec9a1a",
            "roles.542149007.division_ids.#": "1",
            "roles.542149007.division_ids.3287469570": "b630dc62-a2b4-49b7-a99f-ae1cce5c963a",
            "roles.542149007.role_id": "5decf065-e6d2-495b-b6d8-237af142bc60",
            "roles.666735136.division_ids.#": "1",
            "roles.666735136.division_ids.2679715827": "*",
            "roles.666735136.role_id": "e45ae909-9347-4182-a8c1-d221a9806ba6",
            "roles.715237533.division_ids.#": "1",
            "roles.715237533.division_ids.3287469570": "b630dc62-a2b4-49b7-a99f-ae1cce5c963a",
            "roles.715237533.role_id": "c788a9e7-8311-4977-9b64-5976c534ee10",
            "roles.782358384.division_ids.#": "1",
            "roles.782358384.division_ids.2679715827": "*",
            "roles.782358384.role_id": "13811ca6-e5df-45ee-8690-7f0982c6a179",
            "roles.995162245.division_ids.#": "1",
            "roles.995162245.division_ids.3287469570": "b630dc62-a2b4-49b7-a99f-ae1cce5c963a",
            "roles.995162245.role_id": "ee76275e-3cbb-409c-a116-7df95b20752c",
            "user_id": "237e3ca4-9c2a-4c74-a6cc-108609640ac0"
          },
          "sensitive_attributes": []
        }
      ]
    },
    {
      "mode": "managed",
      "type": "genesyscloud_user_roles",
      "name": "robert_tonyka_genesys_com_1739414718",
      "provider": "provider[\"registry.terraform.io/-/genesyscloud\"]",
      "instances": [
        {
          "schema_version": 1,
          "attributes_flat": {
            "id": "bfb4d0db-2c68-40f1-aaa6-f409326f1db3",
            "roles.#": "1",
            "roles.1657338354.division_ids.#": "1",
            "roles.1657338354.division_ids.3287469570": "b630dc62-a2b4-49b7-a99f-ae1cce5c963a",
            "roles.1657338354.role_id": "7dd2421b-fed9-4965-959f-36ac44b18d20",
            "user_id": "bfb4d0db-2c68-40f1-aaa6-f409326f1db3"
          },
          "sensitive_attributes": []
        }
      ]
    },
    {
      "mode": "managed",
      "type": "genesyscloud_user_roles",
      "name": "robert_veenendaal_genesys_com_2660596675",
      "provider": "provider[\"registry.terraform.io/-/genesyscloud\"]",
      "instances": [
        {
          "schema_version": 1,
          "attributes_flat": {
            "id": "c41285cd-49cd-4e22-af0d-e689e8ff480c",
            "roles.#": "25",
            "roles.1000279987.division_ids.#": "1",
            "roles.1000279987.division_ids.2679715827": "*",
            "roles.1000279987.role_id": "c5cbbfcf-5a8d-4a37-a5d6-ffe8bef77fc2",
            "roles.1570778998.division_ids.#": "1",
            "roles.1570778998.division_ids.2679715827": "*",
            "roles.1570778998.role_id": "ad8543d7-915b-4d94-aae6-56c67c5684f7",
            "roles.1577793818.division_ids.#": "1",
            "roles.1577793818.division_ids.2679715827": "*",
            "roles.1577793818.role_id": "0d56e7f7-4703-4d91-9265-28bd9a0bc24c",
            "roles.1607137255.division_ids.#": "1",
            "roles.1607137255.division_ids.2679715827": "*",
            "roles.1607137255.role_id": "bbb9c3e2-f563-4117-ac6c-e574fcb8dfe8",
            "roles.1695700693.division_ids.#": "1",
            "roles.1695700693.division_ids.2679715827": "*",
            "roles.1695700693.role_id": "8d6c7020-252c-415a-979f-441d6b6b1029",
            "roles.176440615.division_ids.#": "1",
            "roles.176440615.division_ids.2679715827": "*",
            "roles.176440615.role_id": "db86928a-59e9-4219-abab-7d7eeed412c4",
            "roles.1800086936.division_ids.#": "1",
            "roles.1800086936.division_ids.2679715827": "*",
            "roles.1800086936.role_id": "47ac5324-86bc-4dfc-b240-2a3f93e08969",
            "roles.1846790089.division_ids.#": "1",
            "roles.1846790089.division_ids.2679715827": "*",
            "roles.1846790089.role_id": "ce756ab6-5a32-4161-ad27-b536ab341b29",
            "roles.2273285854.division_ids.#": "1",
            "roles.2273285854.division_ids.2679715827": "*",
            "roles.2273285854.role_id": "a6da46a2-1bfd-442a-b2c0-8d778c6d5872",
            "roles.232496287.division_ids.#": "1",
            "roles.232496287.division_ids.2679715827": "*",
            "roles.232496287.role_id": "3a034733-cf8f-4904-8475-c5d4c00fedce",
            "roles.2471269730.division_ids.#": "1",
            "roles.2471269730.division_ids.2679715827": "*",
            "roles.2471269730.role_id": "3a60b116-56f4-42ec-b60a-1ce4574762fd",
            "roles.2529242751.division_ids.#": "1",
            "roles.2529242751.division_ids.2679715827": "*",
            "roles.2529242751.role_id": "561a4d1b-ebde-4591-a453-2e16541b4f6d",
            "roles.2540872602.division_ids.#": "1",
            "roles.2540872602.division_ids.2679715827": "*",
            "roles.2540872602.role_id": "f78f3ba8-ea81-4570-a8bd-6db26c29de58",
            "roles.2734346817.division_ids.#": "1",
            "roles.2734346817.division_ids.2679715827": "*",
            "roles.2734346817.role_id": "2b254576-401a-433a-bcff-78b746bc23a3",
            "roles.3001481789.division_ids.#": "1",
            "roles.3001481789.division_ids.2679715827": "*",
            "roles.3001481789.role_id": "8b93e754-cc8f-43ef-9c11-739962163f11",
            "roles.3394753612.division_ids.#": "1",
            "roles.3394753612.division_ids.2679715827": "*",
            "roles.3394753612.role_id": "227e3de8-8d2a-4d2e-bdc2-8adc8f594c39",
            "roles.3397597804.division_ids.#": "1",
            "roles.3397597804.division_ids.2679715827": "*",
            "roles.3397597804.role_id": "1b01d7dd-cad6-469c-bcac-cd0e30037d65",
            "roles.3603539335.division_ids.#": "1",
            "roles.3603539335.division_ids.2679715827": "*",
            "roles.3603539335.role_id": "fd369073-424e-41fa-9d3b-50109732d415",
            "roles.3654566581.division_ids.#": "1",
            "roles.3654566581.division_ids.2679715827": "*",
            "roles.3654566581.role_id": "b070d6ed-0c3b-4b49-90d2-e46f11812798",
            "roles.3799229526.division_ids.#": "1",
            "roles.3799229526.division_ids.2679715827": "*",
            "roles.3799229526.role_id": "fbbe1cb5-93d6-4c89-a565-3ee0d6a8dd54",
            "roles.3915934626.division_ids.#": "1",
            "roles.3915934626.division_ids.2679715827": "*",
            "roles.3915934626.role_id": "7dd2421b-fed9-4965-959f-36ac44b18d20",
            "roles.4181391225.division_ids.#": "1",
            "roles.4181391225.division_ids.2679715827": "*",
            "roles.4181391225.role_id": "fc8b784a-fa6e-4b9d-854b-cba26d9f3642",
            "roles.4292108871.division_ids.#": "1",
            "roles.4292108871.division_ids.2679715827": "*",
            "roles.4292108871.role_id": "e33cd79a-1880-4e49-b5fd-987b57ec9a1a",
            "roles.666735136.division_ids.#": "1",
            "roles.666735136.division_ids.2679715827": "*",
            "roles.666735136.role_id": "e45ae909-9347-4182-a8c1-d221a9806ba6",
            "roles.782358384.division_ids.#": "1",
            "roles.782358384.division_ids.2679715827": "*",
            "roles.782358384.role_id": "13811ca6-e5df-45ee-8690-7f0982c6a179",
            "user_id": "c41285cd-49cd-4e22-af0d-e689e8ff480c"
          },
          "sensitive_attributes": []
        }
      ]
    },
    {
      "mode": "managed",
      "type": "genesyscloud_user_roles",
      "name": "robin_sachdeva1_ingka_com_974881552",
      "provider": "provider[\"registry.terraform.io/-/genesyscloud\"]",
      "instances": [
        {
          "schema_version": 1,
          "attributes_flat": {
            "id": "3a4cee59-5fcf-490a-8b60-dd483bb822ce",
            "roles.#": "6",
            "roles.1657338354.division_ids.#": "1",
            "roles.1657338354.division_ids.3287469570": "b630dc62-a2b4-49b7-a99f-ae1cce5c963a",
            "roles.1657338354.role_id": "7dd2421b-fed9-4965-959f-36ac44b18d20",
            "roles.1922721065.division_ids.#": "1",
            "roles.1922721065.division_ids.3287469570": "b630dc62-a2b4-49b7-a99f-ae1cce5c963a",
            "roles.1922721065.role_id": "fc8b784a-fa6e-4b9d-854b-cba26d9f3642",
            "roles.3065940989.division_ids.#": "1",
            "roles.3065940989.division_ids.3287469570": "b630dc62-a2b4-49b7-a99f-ae1cce5c963a",
            "roles.3065940989.role_id": "6a7cd1c2-9c1b-47e0-a589-c46029b4e460",
            "roles.418121522.division_ids.#": "1",
            "roles.418121522.division_ids.3287469570": "b630dc62-a2b4-49b7-a99f-ae1cce5c963a",
            "roles.418121522.role_id": "3a60b116-56f4-42ec-b60a-1ce4574762fd",
            "roles.4193133925.division_ids.#": "1",
            "roles.4193133925.division_ids.3287469570": "b630dc62-a2b4-49b7-a99f-ae1cce5c963a",
            "roles.4193133925.role_id": "2920a86a-2465-4b10-a09e-31942b5205e8",
            "roles.483537354.division_ids.#": "1",
            "roles.483537354.division_ids.3287469570": "b630dc62-a2b4-49b7-a99f-ae1cce5c963a",
            "roles.483537354.role_id": "f78f3ba8-ea81-4570-a8bd-6db26c29de58",
            "user_id": "3a4cee59-5fcf-490a-8b60-dd483bb822ce"
          },
          "sensitive_attributes": []
        }
      ]
    },
    {
      "mode": "managed",
      "type": "genesyscloud_user_roles",
      "name": "sandbox-user_ikea_ocm_692101565",
      "provider": "provider[\"registry.terraform.io/-/genesyscloud\"]",
      "instances": [
        {
          "schema_version": 1,
          "attributes_flat": {
            "id": "b1de32ca-caa0-4508-8786-7de6e8091690",
            "roles.#": "1",
            "roles.1657338354.division_ids.#": "1",
            "roles.1657338354.division_ids.3287469570": "b630dc62-a2b4-49b7-a99f-ae1cce5c963a",
            "roles.1657338354.role_id": "7dd2421b-fed9-4965-959f-36ac44b18d20",
            "user_id": "b1de32ca-caa0-4508-8786-7de6e8091690"
          },
          "sensitive_attributes": []
        }
      ]
    },
    {
      "mode": "managed",
      "type": "genesyscloud_user_roles",
      "name": "sean_davids_ingka_ikea_com_705728052",
      "provider": "provider[\"registry.terraform.io/-/genesyscloud\"]",
      "instances": [
        {
          "schema_version": 1,
          "attributes_flat": {
            "id": "4c75f81e-2641-4e6a-ac03-c39268cf676b",
            "roles.#": "3",
            "roles.215942286.division_ids.#": "1",
            "roles.215942286.division_ids.3287469570": "b630dc62-a2b4-49b7-a99f-ae1cce5c963a",
            "roles.215942286.role_id": "a6da46a2-1bfd-442a-b2c0-8d778c6d5872",
            "roles.3590372646.division_ids.#": "1",
            "roles.3590372646.division_ids.3287469570": "b630dc62-a2b4-49b7-a99f-ae1cce5c963a",
            "roles.3590372646.role_id": "ad8543d7-915b-4d94-aae6-56c67c5684f7",
            "roles.693780497.division_ids.#": "1",
            "roles.693780497.division_ids.3287469570": "b630dc62-a2b4-49b7-a99f-ae1cce5c963a",
            "roles.693780497.role_id": "2b254576-401a-433a-bcff-78b746bc23a3",
            "user_id": "4c75f81e-2641-4e6a-ac03-c39268cf676b"
          },
          "sensitive_attributes": []
        }
      ]
    },
    {
      "mode": "managed",
      "type": "genesyscloud_user_roles",
      "name": "seif_tabaja_ingka_ikea_com_1060838408",
      "provider": "provider[\"registry.terraform.io/-/genesyscloud\"]",
      "instances": [
        {
          "schema_version": 1,
          "attributes_flat": {
            "id": "d9101e8c-70df-40fe-9fce-230be42d0946",
            "roles.#": "0",
            "user_id": "d9101e8c-70df-40fe-9fce-230be42d0946"
          },
          "sensitive_attributes": []
        }
      ]
    },
    {
      "mode": "managed",
      "type": "genesyscloud_user_roles",
      "name": "shazia_shafique_genesys_com_1153840280",
      "provider": "provider[\"registry.terraform.io/-/genesyscloud\"]",
      "instances": [
        {
          "schema_version": 1,
          "attributes_flat": {
            "id": "e92d2f99-3945-472d-96ae-493dc52fa53d",
            "roles.#": "24",
            "roles.1000279987.division_ids.#": "1",
            "roles.1000279987.division_ids.2679715827": "*",
            "roles.1000279987.role_id": "c5cbbfcf-5a8d-4a37-a5d6-ffe8bef77fc2",
            "roles.1570778998.division_ids.#": "1",
            "roles.1570778998.division_ids.2679715827": "*",
            "roles.1570778998.role_id": "ad8543d7-915b-4d94-aae6-56c67c5684f7",
            "roles.1577793818.division_ids.#": "1",
            "roles.1577793818.division_ids.2679715827": "*",
            "roles.1577793818.role_id": "0d56e7f7-4703-4d91-9265-28bd9a0bc24c",
            "roles.1607137255.division_ids.#": "1",
            "roles.1607137255.division_ids.2679715827": "*",
            "roles.1607137255.role_id": "bbb9c3e2-f563-4117-ac6c-e574fcb8dfe8",
            "roles.1695700693.division_ids.#": "1",
            "roles.1695700693.division_ids.2679715827": "*",
            "roles.1695700693.role_id": "8d6c7020-252c-415a-979f-441d6b6b1029",
            "roles.176440615.division_ids.#": "1",
            "roles.176440615.division_ids.2679715827": "*",
            "roles.176440615.role_id": "db86928a-59e9-4219-abab-7d7eeed412c4",
            "roles.1800086936.division_ids.#": "1",
            "roles.1800086936.division_ids.2679715827": "*",
            "roles.1800086936.role_id": "47ac5324-86bc-4dfc-b240-2a3f93e08969",
            "roles.1846790089.division_ids.#": "1",
            "roles.1846790089.division_ids.2679715827": "*",
            "roles.1846790089.role_id": "ce756ab6-5a32-4161-ad27-b536ab341b29",
            "roles.2273285854.division_ids.#": "1",
            "roles.2273285854.division_ids.2679715827": "*",
            "roles.2273285854.role_id": "a6da46a2-1bfd-442a-b2c0-8d778c6d5872",
            "roles.232496287.division_ids.#": "1",
            "roles.232496287.division_ids.2679715827": "*",
            "roles.232496287.role_id": "3a034733-cf8f-4904-8475-c5d4c00fedce",
            "roles.2471269730.division_ids.#": "1",
            "roles.2471269730.division_ids.2679715827": "*",
            "roles.2471269730.role_id": "3a60b116-56f4-42ec-b60a-1ce4574762fd",
            "roles.2529242751.division_ids.#": "1",
            "roles.2529242751.division_ids.2679715827": "*",
            "roles.2529242751.role_id": "561a4d1b-ebde-4591-a453-2e16541b4f6d",
            "roles.2540872602.division_ids.#": "1",
            "roles.2540872602.division_ids.2679715827": "*",
            "roles.2540872602.role_id": "f78f3ba8-ea81-4570-a8bd-6db26c29de58",
            "roles.2734346817.division_ids.#": "1",
            "roles.2734346817.division_ids.2679715827": "*",
            "roles.2734346817.role_id": "2b254576-401a-433a-bcff-78b746bc23a3",
            "roles.3001481789.division_ids.#": "1",
            "roles.3001481789.division_ids.2679715827": "*",
            "roles.3001481789.role_id": "8b93e754-cc8f-43ef-9c11-739962163f11",
            "roles.3394753612.division_ids.#": "1",
            "roles.3394753612.division_ids.2679715827": "*",
            "roles.3394753612.role_id": "227e3de8-8d2a-4d2e-bdc2-8adc8f594c39",
            "roles.3397597804.division_ids.#": "1",
            "roles.3397597804.division_ids.2679715827": "*",
            "roles.3397597804.role_id": "1b01d7dd-cad6-469c-bcac-cd0e30037d65",
            "roles.3654566581.division_ids.#": "1",
            "roles.3654566581.division_ids.2679715827": "*",
            "roles.3654566581.role_id": "b070d6ed-0c3b-4b49-90d2-e46f11812798",
            "roles.3799229526.division_ids.#": "1",
            "roles.3799229526.division_ids.2679715827": "*",
            "roles.3799229526.role_id": "fbbe1cb5-93d6-4c89-a565-3ee0d6a8dd54",
            "roles.3915934626.division_ids.#": "1",
            "roles.3915934626.division_ids.2679715827": "*",
            "roles.3915934626.role_id": "7dd2421b-fed9-4965-959f-36ac44b18d20",
            "roles.4181391225.division_ids.#": "1",
            "roles.4181391225.division_ids.2679715827": "*",
            "roles.4181391225.role_id": "fc8b784a-fa6e-4b9d-854b-cba26d9f3642",
            "roles.4292108871.division_ids.#": "1",
            "roles.4292108871.division_ids.2679715827": "*",
            "roles.4292108871.role_id": "e33cd79a-1880-4e49-b5fd-987b57ec9a1a",
            "roles.666735136.division_ids.#": "1",
            "roles.666735136.division_ids.2679715827": "*",
            "roles.666735136.role_id": "e45ae909-9347-4182-a8c1-d221a9806ba6",
            "roles.782358384.division_ids.#": "1",
            "roles.782358384.division_ids.2679715827": "*",
            "roles.782358384.role_id": "13811ca6-e5df-45ee-8690-7f0982c6a179",
            "user_id": "e92d2f99-3945-472d-96ae-493dc52fa53d"
          },
          "sensitive_attributes": []
        }
      ]
    },
    {
      "mode": "managed",
      "type": "genesyscloud_user_roles",
      "name": "srboljub_stojadinovic_ingka_ikea_com_4047216642",
      "provider": "provider[\"registry.terraform.io/-/genesyscloud\"]",
      "instances": [
        {
          "schema_version": 1,
          "attributes_flat": {
            "id": "8bb0a1f5-410b-43d3-8556-d0b533651dee",
            "roles.#": "12",
            "roles.1229068114.division_ids.#": "1",
            "roles.1229068114.division_ids.2679715827": "*",
            "roles.1229068114.role_id": "549d0161-3d4c-493c-bc67-013b48018183",
            "roles.138622080.division_ids.#": "1",
            "roles.138622080.division_ids.2679715827": "*",
            "roles.138622080.role_id": "20117e15-a509-4ad6-8fef-9248f9533e6f",
            "roles.1570778998.division_ids.#": "1",
            "roles.1570778998.division_ids.2679715827": "*",
            "roles.1570778998.role_id": "ad8543d7-915b-4d94-aae6-56c67c5684f7",
            "roles.1917761333.division_ids.#": "1",
            "roles.1917761333.division_ids.2679715827": "*",
            "roles.1917761333.role_id": "2920a86a-2465-4b10-a09e-31942b5205e8",
            "roles.1935209625.division_ids.#": "2",
            "roles.1935209625.division_ids.1534144880": "f023b698-ce82-46db-904e-7898c96ba1c8",
            "roles.1935209625.division_ids.3287469570": "b630dc62-a2b4-49b7-a99f-ae1cce5c963a",
            "roles.1935209625.role_id": "f78f3ba8-ea81-4570-a8bd-6db26c29de58",
            "roles.2070264168.division_ids.#": "1",
            "roles.2070264168.division_ids.2679715827": "*",
            "roles.2070264168.role_id": "ab5f50e6-578b-4833-a9fa-05846b662554",
            "roles.2398679335.division_ids.#": "2",
            "roles.2398679335.division_ids.2679715827": "*",
            "roles.2398679335.division_ids.3287469570": "b630dc62-a2b4-49b7-a99f-ae1cce5c963a",
            "roles.2398679335.role_id": "7dd2421b-fed9-4965-959f-36ac44b18d20",
            "roles.3310813643.division_ids.#": "1",
            "roles.3310813643.division_ids.2679715827": "*",
            "roles.3310813643.role_id": "94170e9f-8c34-48d9-be22-cc31a05f475e",
            "roles.3428641884.division_ids.#": "11",
            "roles.3428641884.division_ids.1534144880": "f023b698-ce82-46db-904e-7898c96ba1c8",
            "roles.3428641884.division_ids.1713171938": "410de354-c6eb-45e1-ac20-b57e32100b65",
            "roles.3428641884.division_ids.2116506081": "55b206d1-96f4-4704-8823-4afb9dbdeba5",
            "roles.3428641884.division_ids.2265566741": "9d79908b-80a0-461f-b132-49dfb3713ac3",
            "roles.3428641884.division_ids.2553673884": "a25a98d3-2974-4567-a732-8824591730b1",
            "roles.3428641884.division_ids.3219124218": "7a708485-e9b2-4377-92b1-54c3097a7ac4",
            "roles.3428641884.division_ids.3287469570": "b630dc62-a2b4-49b7-a99f-ae1cce5c963a",
            "roles.3428641884.division_ids.3337409169": "f44b759a-16b4-4fdc-aa0a-9e694a5d6cea",
            "roles.3428641884.division_ids.3823303422": "d51a12c3-2345-4fcd-9c50-7b095f088346",
            "roles.3428641884.division_ids.4243745340": "2eeb239b-a48c-4e03-9f80-93a976078ceb",
            "roles.3428641884.division_ids.572076421": "d6dac4c6-c65f-4062-95c6-c166417481b2",
            "roles.3428641884.role_id": "44dd3db2-3b97-4f10-bcf0-89cf97cb9e30",
            "roles.3603539335.division_ids.#": "1",
            "roles.3603539335.division_ids.2679715827": "*",
            "roles.3603539335.role_id": "fd369073-424e-41fa-9d3b-50109732d415",
            "roles.3905362434.division_ids.#": "1",
            "roles.3905362434.division_ids.2679715827": "*",
            "roles.3905362434.role_id": "f2196c12-8e06-458c-873d-843f3632bf1a",
            "roles.623871518.division_ids.#": "12",
            "roles.623871518.division_ids.1534144880": "f023b698-ce82-46db-904e-7898c96ba1c8",
            "roles.623871518.division_ids.1713171938": "410de354-c6eb-45e1-ac20-b57e32100b65",
            "roles.623871518.division_ids.2116506081": "55b206d1-96f4-4704-8823-4afb9dbdeba5",
            "roles.623871518.division_ids.2265566741": "9d79908b-80a0-461f-b132-49dfb3713ac3",
            "roles.623871518.division_ids.2542761555": "1ceb0dcb-d018-434c-bd84-2fa9b820fa13",
            "roles.623871518.division_ids.2553673884": "a25a98d3-2974-4567-a732-8824591730b1",
            "roles.623871518.division_ids.3219124218": "7a708485-e9b2-4377-92b1-54c3097a7ac4",
            "roles.623871518.division_ids.3287469570": "b630dc62-a2b4-49b7-a99f-ae1cce5c963a",
            "roles.623871518.division_ids.3337409169": "f44b759a-16b4-4fdc-aa0a-9e694a5d6cea",
            "roles.623871518.division_ids.3823303422": "d51a12c3-2345-4fcd-9c50-7b095f088346",
            "roles.623871518.division_ids.4243745340": "2eeb239b-a48c-4e03-9f80-93a976078ceb",
            "roles.623871518.division_ids.572076421": "d6dac4c6-c65f-4062-95c6-c166417481b2",
            "roles.623871518.role_id": "e27c15c2-4193-42e8-9e3f-cc659997ede4",
            "user_id": "8bb0a1f5-410b-43d3-8556-d0b533651dee"
          },
          "sensitive_attributes": []
        }
      ]
    },
    {
      "mode": "managed",
      "type": "genesyscloud_user_roles",
      "name": "t_t_com_874548262",
      "provider": "provider[\"registry.terraform.io/-/genesyscloud\"]",
      "instances": [
        {
          "schema_version": 1,
          "attributes_flat": {
            "id": "8f122e54-7cd1-4bec-8b93-38713d51df65",
            "roles.#": "3",
            "roles.1657338354.division_ids.#": "1",
            "roles.1657338354.division_ids.3287469570": "b630dc62-a2b4-49b7-a99f-ae1cce5c963a",
            "roles.1657338354.role_id": "7dd2421b-fed9-4965-959f-36ac44b18d20",
            "roles.2622587137.division_ids.#": "1",
            "roles.2622587137.division_ids.3287469570": "b630dc62-a2b4-49b7-a99f-ae1cce5c963a",
            "roles.2622587137.role_id": "b6e47211-b44f-453d-8212-827007f7ee06",
            "roles.3590372646.division_ids.#": "1",
            "roles.3590372646.division_ids.3287469570": "b630dc62-a2b4-49b7-a99f-ae1cce5c963a",
            "roles.3590372646.role_id": "ad8543d7-915b-4d94-aae6-56c67c5684f7",
            "user_id": "8f122e54-7cd1-4bec-8b93-38713d51df65"
          },
          "sensitive_attributes": []
        }
      ]
    },
    {
      "mode": "managed",
      "type": "genesyscloud_user_roles",
      "name": "temp_admin_com_787148651",
      "provider": "provider[\"registry.terraform.io/-/genesyscloud\"]",
      "instances": [
        {
          "schema_version": 1,
          "attributes_flat": {
            "id": "f4215742-fe8b-48f0-ba8b-62588c3eaac2",
            "roles.#": "0",
            "user_id": "f4215742-fe8b-48f0-ba8b-62588c3eaac2"
          },
          "sensitive_attributes": []
        }
      ]
    },
    {
      "mode": "managed",
      "type": "genesyscloud_user_roles",
      "name": "test_test_com_4019464682",
      "provider": "provider[\"registry.terraform.io/-/genesyscloud\"]",
      "instances": [
        {
          "schema_version": 1,
          "attributes_flat": {
            "id": "88b50998-c662-4534-b6de-904a88f586c7",
            "roles.#": "1",
            "roles.1657338354.division_ids.#": "1",
            "roles.1657338354.division_ids.3287469570": "b630dc62-a2b4-49b7-a99f-ae1cce5c963a",
            "roles.1657338354.role_id": "7dd2421b-fed9-4965-959f-36ac44b18d20",
            "user_id": "88b50998-c662-4534-b6de-904a88f586c7"
          },
          "sensitive_attributes": []
        }
      ]
    },
    {
      "mode": "managed",
      "type": "genesyscloud_user_roles",
      "name": "vardhraj_savalgi_ingka_ikea_com_1404368425",
      "provider": "provider[\"registry.terraform.io/-/genesyscloud\"]",
      "instances": [
        {
          "schema_version": 1,
          "attributes_flat": {
            "id": "473779e6-0e63-4ab2-bdd6-b213a80416b4",
            "roles.#": "9",
            "roles.1369789018.division_ids.#": "1",
            "roles.1369789018.division_ids.2679715827": "*",
            "roles.1369789018.role_id": "49ff5bb5-7416-46f3-87c1-1c4d7a668e29",
            "roles.1657338354.division_ids.#": "1",
            "roles.1657338354.division_ids.3287469570": "b630dc62-a2b4-49b7-a99f-ae1cce5c963a",
            "roles.1657338354.role_id": "7dd2421b-fed9-4965-959f-36ac44b18d20",
            "roles.2568662069.division_ids.#": "1",
            "roles.2568662069.division_ids.2679715827": "*",
            "roles.2568662069.role_id": "e27c15c2-4193-42e8-9e3f-cc659997ede4",
            "roles.3590372646.division_ids.#": "1",
            "roles.3590372646.division_ids.3287469570": "b630dc62-a2b4-49b7-a99f-ae1cce5c963a",
            "roles.3590372646.role_id": "ad8543d7-915b-4d94-aae6-56c67c5684f7",
            "roles.3603539335.division_ids.#": "1",
            "roles.3603539335.division_ids.2679715827": "*",
            "roles.3603539335.role_id": "fd369073-424e-41fa-9d3b-50109732d415",
            "roles.4133909323.division_ids.#": "1",
            "roles.4133909323.division_ids.2679715827": "*",
            "roles.4133909323.role_id": "322cd789-11c7-4768-9da3-866c58a15294",
            "roles.4240051219.division_ids.#": "1",
            "roles.4240051219.division_ids.3287469570": "b630dc62-a2b4-49b7-a99f-ae1cce5c963a",
            "roles.4240051219.role_id": "c4910d18-5b62-46b1-b57d-474346d2340d",
            "roles.4292108871.division_ids.#": "1",
            "roles.4292108871.division_ids.2679715827": "*",
            "roles.4292108871.role_id": "e33cd79a-1880-4e49-b5fd-987b57ec9a1a",
            "roles.483537354.division_ids.#": "1",
            "roles.483537354.division_ids.3287469570": "b630dc62-a2b4-49b7-a99f-ae1cce5c963a",
            "roles.483537354.role_id": "f78f3ba8-ea81-4570-a8bd-6db26c29de58",
            "user_id": "473779e6-0e63-4ab2-bdd6-b213a80416b4"
          },
          "sensitive_attributes": []
        }
      ]
    },
    {
      "mode": "managed",
      "type": "genesyscloud_user_roles",
      "name": "viktor_palmkvist2_ingka_ikea_com_2308160288",
      "provider": "provider[\"registry.terraform.io/-/genesyscloud\"]",
      "instances": [
        {
          "schema_version": 1,
          "attributes_flat": {
            "id": "58422a52-2161-47fc-980c-f4e2b4928af9",
            "roles.#": "0",
            "user_id": "58422a52-2161-47fc-980c-f4e2b4928af9"
          },
          "sensitive_attributes": []
        }
      ]
    },
    {
      "mode": "managed",
      "type": "genesyscloud_user_roles",
      "name": "webrtc_ingka_com_245341667",
      "provider": "provider[\"registry.terraform.io/-/genesyscloud\"]",
      "instances": [
        {
          "schema_version": 1,
          "attributes_flat": {
            "id": "f2e5025f-567d-47b6-bbbf-8b9a80e28282",
            "roles.#": "0",
            "user_id": "f2e5025f-567d-47b6-bbbf-8b9a80e28282"
          },
          "sensitive_attributes": []
        }
      ]
    },
    {
      "mode": "managed",
      "type": "genesyscloud_user_roles",
      "name": "wildtest_ikea_com_3247757380",
      "provider": "provider[\"registry.terraform.io/-/genesyscloud\"]",
      "instances": [
        {
          "schema_version": 1,
          "attributes_flat": {
            "id": "75fe5f1f-871e-452a-a958-5b034dcdb5c4",
            "roles.#": "6",
            "roles.1369789018.division_ids.#": "1",
            "roles.1369789018.division_ids.2679715827": "*",
            "roles.1369789018.role_id": "49ff5bb5-7416-46f3-87c1-1c4d7a668e29",
            "roles.138622080.division_ids.#": "1",
            "roles.138622080.division_ids.2679715827": "*",
            "roles.138622080.role_id": "20117e15-a509-4ad6-8fef-9248f9533e6f",
            "roles.1657338354.division_ids.#": "1",
            "roles.1657338354.division_ids.3287469570": "b630dc62-a2b4-49b7-a99f-ae1cce5c963a",
            "roles.1657338354.role_id": "7dd2421b-fed9-4965-959f-36ac44b18d20",
            "roles.1917761333.division_ids.#": "1",
            "roles.1917761333.division_ids.2679715827": "*",
            "roles.1917761333.role_id": "2920a86a-2465-4b10-a09e-31942b5205e8",
            "roles.3310813643.division_ids.#": "1",
            "roles.3310813643.division_ids.2679715827": "*",
            "roles.3310813643.role_id": "94170e9f-8c34-48d9-be22-cc31a05f475e",
            "roles.4133909323.division_ids.#": "1",
            "roles.4133909323.division_ids.2679715827": "*",
            "roles.4133909323.role_id": "322cd789-11c7-4768-9da3-866c58a15294",
            "user_id": "75fe5f1f-871e-452a-a958-5b034dcdb5c4"
          },
          "sensitive_attributes": []
        }
      ]
    },
    {
      "mode": "managed",
      "type": "genesyscloud_user_roles",
      "name": "yasir_saddiq_ingka_com_3041214908",
      "provider": "provider[\"registry.terraform.io/-/genesyscloud\"]",
      "instances": [
        {
          "schema_version": 1,
          "attributes_flat": {
            "id": "844f81f4-0f69-4b73-8344-039efde515ce",
            "roles.#": "6",
            "roles.1657338354.division_ids.#": "1",
            "roles.1657338354.division_ids.3287469570": "b630dc62-a2b4-49b7-a99f-ae1cce5c963a",
            "roles.1657338354.role_id": "7dd2421b-fed9-4965-959f-36ac44b18d20",
            "roles.1667729490.division_ids.#": "1",
            "roles.1667729490.division_ids.3287469570": "b630dc62-a2b4-49b7-a99f-ae1cce5c963a",
            "roles.1667729490.role_id": "f2196c12-8e06-458c-873d-843f3632bf1a",
            "roles.1922721065.division_ids.#": "1",
            "roles.1922721065.division_ids.3287469570": "b630dc62-a2b4-49b7-a99f-ae1cce5c963a",
            "roles.1922721065.role_id": "fc8b784a-fa6e-4b9d-854b-cba26d9f3642",
            "roles.3065940989.division_ids.#": "1",
            "roles.3065940989.division_ids.3287469570": "b630dc62-a2b4-49b7-a99f-ae1cce5c963a",
            "roles.3065940989.role_id": "6a7cd1c2-9c1b-47e0-a589-c46029b4e460",
            "roles.418121522.division_ids.#": "1",
            "roles.418121522.division_ids.3287469570": "b630dc62-a2b4-49b7-a99f-ae1cce5c963a",
            "roles.418121522.role_id": "3a60b116-56f4-42ec-b60a-1ce4574762fd",
            "roles.483537354.division_ids.#": "1",
            "roles.483537354.division_ids.3287469570": "b630dc62-a2b4-49b7-a99f-ae1cce5c963a",
            "roles.483537354.role_id": "f78f3ba8-ea81-4570-a8bd-6db26c29de58",
            "user_id": "844f81f4-0f69-4b73-8344-039efde515ce"
          },
          "sensitive_attributes": []
        }
      ]
    },
    {
      "mode": "managed",
      "type": "genesyscloud_user_roles",
      "name": "zoltan_czifra_ingka_ikea_com_1738269257",
      "provider": "provider[\"registry.terraform.io/-/genesyscloud\"]",
      "instances": [
        {
          "schema_version": 1,
          "attributes_flat": {
            "id": "b94c1098-211b-469f-a80e-4ce45988f131",
            "roles.#": "2",
            "roles.2212734672.division_ids.#": "1",
            "roles.2212734672.division_ids.3287469570": "b630dc62-a2b4-49b7-a99f-ae1cce5c963a",
            "roles.2212734672.role_id": "20117e15-a509-4ad6-8fef-9248f9533e6f",
            "roles.4193133925.division_ids.#": "1",
            "roles.4193133925.division_ids.3287469570": "b630dc62-a2b4-49b7-a99f-ae1cce5c963a",
            "roles.4193133925.role_id": "2920a86a-2465-4b10-a09e-31942b5205e8",
            "user_id": "b94c1098-211b-469f-a80e-4ce45988f131"
          },
          "sensitive_attributes": []
        }
      ]
    }
  ],
  "check_results": null
}
